{
  "version": 4,
  "terraform_version": "1.13.1",
  "serial": 192,
  "lineage": "9c3cf5b6-12bf-4d0a-d180-d8ffcf2a106b",
  "outputs": {
    "lambda_execution_role_arn": {
      "value": "arn:aws:iam::488678936715:role/flight-data-pipeline/flight-data-pipeline-dev-lambda-execution-role",
      "type": "string"
    },
    "monitoring": {
      "value": {
        "alarm_counts": {
          "total_critical": 4,
          "total_warning": 6
        },
        "alarm_summary": {
          "anomaly_alarms": {},
          "critical_alarms": {
            "high_error_rate": "flight-data-pipeline-dev-high-error-rate",
            "no_data_ingested": "flight-data-pipeline-dev-no-data-ingested",
            "pipeline_availability": "flight-data-pipeline-dev-pipeline-availability",
            "validation_throttles": "flight-data-pipeline-dev-validation-throttles"
          },
          "dlq_alarms": {
            "ingestion": "flight-data-pipeline-dev-ingestion-dlq-messages",
            "processing": "flight-data-pipeline-dev-processing-dlq-messages",
            "validation": "flight-data-pipeline-dev-validation-dlq-messages"
          },
          "dynamodb_alarms": {
            "read_throttles": "flight-data-pipeline-dev-dynamodb-read-throttles",
            "write_throttles": "flight-data-pipeline-dev-dynamodb-write-throttles"
          },
          "s3_storage_alarms": {
            "athena_results": "flight-data-pipeline-dev-athena_results-storage-growth",
            "processed_data": "flight-data-pipeline-dev-processed_data-storage-growth",
            "raw_data": "flight-data-pipeline-dev-raw_data-storage-growth"
          },
          "warning_alarms": {
            "data_completeness": "flight-data-pipeline-dev-data-completeness",
            "data_validity": "flight-data-pipeline-dev-data-validity",
            "high_processing_latency": "flight-data-pipeline-dev-high-processing-latency",
            "ingestion_duration": "flight-data-pipeline-dev-ingestion-duration",
            "low_data_quality": "flight-data-pipeline-dev-low-data-quality",
            "processing_memory": "flight-data-pipeline-dev-processing-memory"
          }
        },
        "billing_alarms": {
          "account_billing": "flight-data-pipeline-dev-account-billing",
          "service_alarms": {}
        },
        "budgets": {
          "cost_anomaly_detector": {},
          "monthly_budget": {
            "limit": 50,
            "name": "flight-data-pipeline-dev-monthly-budget",
            "unit": "USD"
          },
          "service_budgets": null
        },
        "capabilities": {
          "anomaly_detection_enabled": true,
          "budget_monitoring_enabled": true,
          "cost_optimization_enabled": true,
          "dashboards_enabled": true,
          "email_alerts_enabled": true,
          "slack_enabled": false,
          "sms_alerts_enabled": false,
          "synthetic_monitoring_enabled": false
        },
        "cost_optimization_alarms": {
          "dynamodb_throttling": "flight-data-pipeline-dev-dynamodb-throttling-cost",
          "lambda_cold_starts": "flight-data-pipeline-dev-lambda-cold-starts",
          "s3_storage_optimization": {
            "athena_results": "flight-data-pipeline-dev-athena_results-storage-optimization",
            "processed_data": "flight-data-pipeline-dev-processed_data-storage-optimization",
            "raw_data": "flight-data-pipeline-dev-raw_data-storage-optimization"
          }
        },
        "dashboard_names": {
          "executive_summary": null,
          "pipeline_monitoring": "flight-data-pipeline-dev-pipeline-dashboard"
        },
        "dashboard_urls": {
          "executive_summary": null,
          "pipeline_monitoring": "https://us-east-1.console.aws.amazon.com/cloudwatch/home?region=us-east-1#dashboards:name=flight-data-pipeline-dev-pipeline-dashboard"
        },
        "environment_config": {
          "availability_threshold": 0.99,
          "data_quality_threshold": 0.8,
          "error_rate_threshold": 0.05,
          "monthly_budget_limit": 50
        },
        "notification_endpoints": {
          "budget_email_subscribers": 1,
          "critical_email_subscribers": 1,
          "email_subscribers": 1,
          "slack_enabled": false,
          "sms_subscribers": 0
        },
        "pipeline_tracking_table": {
          "arn": "arn:aws:dynamodb:us-east-1:488678936715:table/flight-data-pipeline-dev-pipeline-tracking",
          "encryption_enabled": true,
          "global_secondary_indexes": {
            "execution_date_index": "ExecutionDateIndex",
            "status_index": "StatusIndex"
          },
          "kms_key_arn": null,
          "name": "flight-data-pipeline-dev-pipeline-tracking",
          "ttl_attribute_name": "expires_at",
          "ttl_enabled": true
        },
        "slack_integration": null,
        "sns_topics": {
          "budget_alerts": {
            "arn": "arn:aws:sns:us-east-1:488678936715:flight-data-pipeline-dev-budget-alerts",
            "name": "flight-data-pipeline-dev-budget-alerts"
          },
          "critical_alerts": {
            "arn": "arn:aws:sns:us-east-1:488678936715:flight-data-pipeline-dev-critical-alerts",
            "name": "flight-data-pipeline-dev-critical-alerts"
          },
          "email_alerts": {
            "arn": "arn:aws:sns:us-east-1:488678936715:flight-data-pipeline-dev-email-alerts",
            "name": "flight-data-pipeline-dev-email-alerts"
          },
          "slack_alerts": null
        }
      },
      "type": [
        "object",
        {
          "alarm_counts": [
            "object",
            {
              "total_critical": "number",
              "total_warning": "number"
            }
          ],
          "alarm_summary": [
            "object",
            {
              "anomaly_alarms": [
                "object",
                {}
              ],
              "critical_alarms": [
                "object",
                {
                  "high_error_rate": "string",
                  "no_data_ingested": "string",
                  "pipeline_availability": "string",
                  "validation_throttles": "string"
                }
              ],
              "dlq_alarms": [
                "object",
                {
                  "ingestion": "string",
                  "processing": "string",
                  "validation": "string"
                }
              ],
              "dynamodb_alarms": [
                "object",
                {
                  "read_throttles": "string",
                  "write_throttles": "string"
                }
              ],
              "s3_storage_alarms": [
                "object",
                {
                  "athena_results": "string",
                  "processed_data": "string",
                  "raw_data": "string"
                }
              ],
              "warning_alarms": [
                "object",
                {
                  "data_completeness": "string",
                  "data_validity": "string",
                  "high_processing_latency": "string",
                  "ingestion_duration": "string",
                  "low_data_quality": "string",
                  "processing_memory": "string"
                }
              ]
            }
          ],
          "billing_alarms": [
            "object",
            {
              "account_billing": "string",
              "service_alarms": [
                "object",
                {}
              ]
            }
          ],
          "budgets": [
            "object",
            {
              "cost_anomaly_detector": [
                "object",
                {}
              ],
              "monthly_budget": [
                "object",
                {
                  "limit": "number",
                  "name": "string",
                  "unit": "string"
                }
              ],
              "service_budgets": "dynamic"
            }
          ],
          "capabilities": [
            "object",
            {
              "anomaly_detection_enabled": "bool",
              "budget_monitoring_enabled": "bool",
              "cost_optimization_enabled": "bool",
              "dashboards_enabled": "bool",
              "email_alerts_enabled": "bool",
              "slack_enabled": "bool",
              "sms_alerts_enabled": "bool",
              "synthetic_monitoring_enabled": "bool"
            }
          ],
          "cost_optimization_alarms": [
            "object",
            {
              "dynamodb_throttling": "string",
              "lambda_cold_starts": "string",
              "s3_storage_optimization": [
                "object",
                {
                  "athena_results": "string",
                  "processed_data": "string",
                  "raw_data": "string"
                }
              ]
            }
          ],
          "dashboard_names": [
            "object",
            {
              "executive_summary": "dynamic",
              "pipeline_monitoring": "string"
            }
          ],
          "dashboard_urls": [
            "object",
            {
              "executive_summary": "string",
              "pipeline_monitoring": "string"
            }
          ],
          "environment_config": [
            "object",
            {
              "availability_threshold": "number",
              "data_quality_threshold": "number",
              "error_rate_threshold": "number",
              "monthly_budget_limit": "number"
            }
          ],
          "notification_endpoints": [
            "object",
            {
              "budget_email_subscribers": "number",
              "critical_email_subscribers": "number",
              "email_subscribers": "number",
              "slack_enabled": "bool",
              "sms_subscribers": "number"
            }
          ],
          "pipeline_tracking_table": [
            "object",
            {
              "arn": "string",
              "encryption_enabled": "bool",
              "global_secondary_indexes": [
                "object",
                {
                  "execution_date_index": "string",
                  "status_index": "string"
                }
              ],
              "kms_key_arn": "string",
              "name": "string",
              "ttl_attribute_name": "string",
              "ttl_enabled": "bool"
            }
          ],
          "slack_integration": [
            "object",
            {
              "lambda_function": [
                "object",
                {
                  "arn": "dynamic",
                  "name": "dynamic"
                }
              ],
              "sns_topic": [
                "object",
                {
                  "arn": "dynamic",
                  "name": "dynamic"
                }
              ],
              "webhook_configured": "bool"
            }
          ],
          "sns_topics": [
            "object",
            {
              "budget_alerts": [
                "object",
                {
                  "arn": "string",
                  "name": "string"
                }
              ],
              "critical_alerts": [
                "object",
                {
                  "arn": "string",
                  "name": "string"
                }
              ],
              "email_alerts": [
                "object",
                {
                  "arn": "string",
                  "name": "string"
                }
              ],
              "slack_alerts": [
                "object",
                {
                  "arn": "dynamic",
                  "name": "dynamic"
                }
              ]
            }
          ]
        }
      ]
    },
    "s3_data_lake": {
      "value": {
        "access_logging_enabled": false,
        "architecture": "Three-tier (Bronze-Silver-Gold)",
        "athena_results_bucket_arn": "arn:aws:s3:::flight-data-pipeline-dev-athena-results-y10swyy3",
        "athena_results_bucket_name": "flight-data-pipeline-dev-athena-results-y10swyy3",
        "cross_region_replication": false,
        "intelligent_tiering_enabled": true,
        "kms_key_arn": null,
        "kms_key_id": null,
        "processed_data_bucket_arn": "arn:aws:s3:::flight-data-pipeline-dev-processed-data-y10swyy3",
        "processed_data_bucket_name": "flight-data-pipeline-dev-processed-data-y10swyy3",
        "raw_data_bucket_arn": "arn:aws:s3:::flight-data-pipeline-dev-raw-data-y10swyy3",
        "raw_data_bucket_name": "flight-data-pipeline-dev-raw-data-y10swyy3",
        "total_buckets": 3,
        "versioning_enabled": true
      },
      "type": [
        "object",
        {
          "access_logging_enabled": "bool",
          "architecture": "string",
          "athena_results_bucket_arn": "string",
          "athena_results_bucket_name": "string",
          "cross_region_replication": "bool",
          "intelligent_tiering_enabled": "bool",
          "kms_key_arn": "dynamic",
          "kms_key_id": "dynamic",
          "processed_data_bucket_arn": "string",
          "processed_data_bucket_name": "string",
          "raw_data_bucket_arn": "string",
          "raw_data_bucket_name": "string",
          "total_buckets": "number",
          "versioning_enabled": "bool"
        }
      ]
    },
    "s3_lambda_access_policy_arn": {
      "value": "arn:aws:iam::488678936715:policy/flight-data-pipeline/flight-data-pipeline-dev-s3-data-lake-lambda-access",
      "type": "string"
    }
  },
  "resources": [
    {
      "mode": "data",
      "type": "aws_availability_zones",
      "name": "available",
      "provider": "provider[\"registry.terraform.io/hashicorp/aws\"]",
      "instances": [
        {
          "schema_version": 0,
          "attributes": {
            "all_availability_zones": null,
            "exclude_names": null,
            "exclude_zone_ids": null,
            "filter": [
              {
                "name": "zone-type",
                "values": [
                  "availability-zone"
                ]
              }
            ],
            "group_names": [
              "us-east-1-zg-1"
            ],
            "id": "us-east-1",
            "names": [
              "us-east-1a",
              "us-east-1b",
              "us-east-1c",
              "us-east-1d",
              "us-east-1e",
              "us-east-1f"
            ],
            "state": "available",
            "timeouts": null,
            "zone_ids": [
              "use1-az1",
              "use1-az2",
              "use1-az4",
              "use1-az6",
              "use1-az3",
              "use1-az5"
            ]
          },
          "sensitive_attributes": [],
          "identity_schema_version": 0
        }
      ]
    },
    {
      "mode": "data",
      "type": "aws_caller_identity",
      "name": "current",
      "provider": "provider[\"registry.terraform.io/hashicorp/aws\"]",
      "instances": [
        {
          "schema_version": 0,
          "attributes": {
            "account_id": "488678936715",
            "arn": "arn:aws:iam::488678936715:user/User1",
            "id": "488678936715",
            "user_id": "AIDAXDR4I2CF3XY5T5TLD"
          },
          "sensitive_attributes": [],
          "identity_schema_version": 0
        }
      ]
    },
    {
      "mode": "data",
      "type": "aws_ec2_instance_types",
      "name": "available",
      "provider": "provider[\"registry.terraform.io/hashicorp/aws\"]",
      "instances": [
        {
          "schema_version": 0,
          "attributes": {
            "filter": [
              {
                "name": "instance-type",
                "values": [
                  "t3.medium",
                  "t3.micro",
                  "t3.small"
                ]
              }
            ],
            "id": "us-east-1",
            "instance_types": [
              "t3.medium",
              "t3.micro",
              "t3.small"
            ],
            "timeouts": null
          },
          "sensitive_attributes": [],
          "identity_schema_version": 0
        }
      ]
    },
    {
      "mode": "data",
      "type": "aws_partition",
      "name": "current",
      "provider": "provider[\"registry.terraform.io/hashicorp/aws\"]",
      "instances": [
        {
          "schema_version": 0,
          "attributes": {
            "dns_suffix": "amazonaws.com",
            "id": "aws",
            "partition": "aws",
            "reverse_dns_prefix": "com.amazonaws"
          },
          "sensitive_attributes": [],
          "identity_schema_version": 0
        }
      ]
    },
    {
      "mode": "data",
      "type": "aws_region",
      "name": "current",
      "provider": "provider[\"registry.terraform.io/hashicorp/aws\"]",
      "instances": [
        {
          "schema_version": 0,
          "attributes": {
            "description": "US East (N. Virginia)",
            "endpoint": "ec2.us-east-1.amazonaws.com",
            "id": "us-east-1",
            "name": "us-east-1"
          },
          "sensitive_attributes": [],
          "identity_schema_version": 0
        }
      ]
    },
    {
      "mode": "managed",
      "type": "aws_cloudwatch_metric_alarm",
      "name": "s3_high_error_rate",
      "provider": "provider[\"registry.terraform.io/hashicorp/aws\"]",
      "instances": []
    },
    {
      "mode": "managed",
      "type": "aws_cloudwatch_metric_alarm",
      "name": "s3_high_storage_cost",
      "provider": "provider[\"registry.terraform.io/hashicorp/aws\"]",
      "instances": [
        {
          "index_key": 0,
          "schema_version": 1,
          "attributes": {
            "actions_enabled": true,
            "alarm_actions": [
              "arn:aws:sns:us-east-1:488678936715:flight-data-pipeline-dev-email-alerts"
            ],
            "alarm_description": "S3 storage cost is approaching threshold",
            "alarm_name": "flight-data-pipeline-dev-s3-high-storage-cost",
            "arn": "arn:aws:cloudwatch:us-east-1:488678936715:alarm:flight-data-pipeline-dev-s3-high-storage-cost",
            "comparison_operator": "GreaterThanThreshold",
            "datapoints_to_alarm": 0,
            "dimensions": {
              "BucketName": "flight-data-pipeline-dev-raw-data-y10swyy3",
              "StorageType": "StandardStorage"
            },
            "evaluate_low_sample_count_percentiles": "",
            "evaluation_periods": 2,
            "extended_statistic": "",
            "id": "flight-data-pipeline-dev-s3-high-storage-cost",
            "insufficient_data_actions": [],
            "metric_name": "BucketSizeBytes",
            "metric_query": [],
            "namespace": "AWS/S3",
            "ok_actions": [],
            "period": 86400,
            "statistic": "Average",
            "tags": {
              "AutoShutdown": "disabled",
              "BackupSchedule": "weekly",
              "CostCenter": "data-infrastructure",
              "CreatedDate": "2025-09-03",
              "DataClassification": "internal",
              "EncryptionRequired": "true",
              "Environment": "dev",
              "LastModified": "2025-09-03T00:59:39Z",
              "ManagedBy": "Terraform",
              "MonitoringEnabled": "false",
              "Owner": "DataEngineering",
              "Project": "flight-data-pipeline",
              "TerraformWorkspace": "default"
            },
            "tags_all": {
              "AutoShutdown": "disabled",
              "BackupSchedule": "weekly",
              "CostCenter": "data-infrastructure",
              "CreatedDate": "2025-09-03",
              "DataClassification": "internal",
              "EncryptionRequired": "true",
              "Environment": "dev",
              "LastModified": "2025-09-03T00:59:39Z",
              "ManagedBy": "Terraform",
              "MonitoringEnabled": "false",
              "Owner": "DataEngineering",
              "Project": "flight-data-pipeline",
              "TerraformWorkspace": "default"
            },
            "threshold": 50000000000,
            "threshold_metric_id": "",
            "treat_missing_data": "missing",
            "unit": ""
          },
          "sensitive_attributes": [],
          "identity_schema_version": 0,
          "private": "eyJzY2hlbWFfdmVyc2lvbiI6IjEifQ==",
          "dependencies": [
            "module.monitoring.aws_sns_topic.budget_alerts",
            "module.monitoring.aws_sns_topic.critical_alerts",
            "module.monitoring.aws_sns_topic.email_alerts",
            "module.monitoring.aws_sns_topic.slack_alerts",
            "module.s3_data_lake.aws_kms_alias.s3_data_lake_key_alias",
            "module.s3_data_lake.aws_kms_key.s3_data_lake_key",
            "module.s3_data_lake.aws_s3_bucket.access_logs",
            "module.s3_data_lake.aws_s3_bucket.athena_results",
            "module.s3_data_lake.aws_s3_bucket.processed_data",
            "module.s3_data_lake.aws_s3_bucket.raw_data",
            "module.s3_data_lake.data.aws_caller_identity.current",
            "module.s3_data_lake.data.aws_partition.current",
            "random_string.suffix"
          ]
        }
      ]
    },
    {
      "mode": "managed",
      "type": "aws_iam_policy",
      "name": "lambda_eventbridge_access",
      "provider": "provider[\"registry.terraform.io/hashicorp/aws\"]",
      "instances": [
        {
          "index_key": 0,
          "schema_version": 0,
          "attributes": {
            "arn": "arn:aws:iam::488678936715:policy/flight-data-pipeline/flight-data-pipeline-dev-lambda-eventbridge-access",
            "attachment_count": 1,
            "description": "IAM policy for Lambda functions to interact with EventBridge",
            "id": "arn:aws:iam::488678936715:policy/flight-data-pipeline/flight-data-pipeline-dev-lambda-eventbridge-access",
            "name": "flight-data-pipeline-dev-lambda-eventbridge-access",
            "name_prefix": "",
            "path": "/flight-data-pipeline/",
            "policy": "{\"Statement\":[{\"Action\":[\"events:PutEvents\",\"events:DescribeRule\",\"events:ListTargetsByRule\"],\"Effect\":\"Allow\",\"Resource\":[\"arn:aws:events:us-east-1:488678936715:rule/flight-data-pipeline-dev-*\",\"arn:aws:events:us-east-1:488678936715:event-bus/default\"]}],\"Version\":\"2012-10-17\"}",
            "policy_id": "ANPAXDR4I2CFZDKEOVVKP",
            "tags": {
              "AccessLevel": "restricted",
              "AutoShutdown": "disabled",
              "BackupSchedule": "weekly",
              "ComplianceRequired": "false",
              "CostCenter": "data-infrastructure",
              "CreatedDate": "2025-09-03",
              "DataClassification": "internal",
              "EncryptionRequired": "true",
              "Environment": "dev",
              "LastModified": "2025-09-03T00:59:39Z",
              "ManagedBy": "Terraform",
              "MonitoringEnabled": "false",
              "Owner": "DataEngineering",
              "Project": "flight-data-pipeline",
              "ResourceType": "security",
              "TerraformWorkspace": "default"
            },
            "tags_all": {
              "AccessLevel": "restricted",
              "AutoShutdown": "disabled",
              "BackupSchedule": "weekly",
              "ComplianceRequired": "false",
              "CostCenter": "data-infrastructure",
              "CreatedDate": "2025-09-03",
              "DataClassification": "internal",
              "EncryptionRequired": "true",
              "Environment": "dev",
              "LastModified": "2025-09-03T00:59:39Z",
              "ManagedBy": "Terraform",
              "MonitoringEnabled": "false",
              "Owner": "DataEngineering",
              "Project": "flight-data-pipeline",
              "ResourceType": "security",
              "TerraformWorkspace": "default"
            }
          },
          "sensitive_attributes": [],
          "identity_schema_version": 0,
          "private": "bnVsbA==",
          "dependencies": [
            "data.aws_caller_identity.current",
            "data.aws_partition.current",
            "data.aws_region.current"
          ]
        }
      ]
    },
    {
      "mode": "managed",
      "type": "aws_iam_policy",
      "name": "s3_data_lake_lambda_access",
      "provider": "provider[\"registry.terraform.io/hashicorp/aws\"]",
      "instances": [
        {
          "schema_version": 0,
          "attributes": {
            "arn": "arn:aws:iam::488678936715:policy/flight-data-pipeline/flight-data-pipeline-dev-s3-data-lake-lambda-access",
            "attachment_count": 0,
            "description": "IAM policy for Lambda functions to access S3 data lake",
            "id": "arn:aws:iam::488678936715:policy/flight-data-pipeline/flight-data-pipeline-dev-s3-data-lake-lambda-access",
            "name": "flight-data-pipeline-dev-s3-data-lake-lambda-access",
            "name_prefix": "",
            "path": "/flight-data-pipeline/",
            "policy": "{\"Statement\":[{\"Action\":[\"s3:GetObject\",\"s3:GetObjectVersion\",\"s3:PutObject\",\"s3:PutObjectAcl\",\"s3:DeleteObject\"],\"Effect\":\"Allow\",\"Resource\":\"arn:aws:s3:::flight-data-pipeline-dev-raw-data-y10swyy3/*\"},{\"Action\":[\"s3:GetObject\",\"s3:GetObjectVersion\",\"s3:PutObject\",\"s3:PutObjectAcl\",\"s3:DeleteObject\"],\"Effect\":\"Allow\",\"Resource\":\"arn:aws:s3:::flight-data-pipeline-dev-processed-data-y10swyy3/*\"},{\"Action\":[\"s3:GetObject\",\"s3:PutObject\",\"s3:DeleteObject\"],\"Effect\":\"Allow\",\"Resource\":\"arn:aws:s3:::flight-data-pipeline-dev-athena-results-y10swyy3/*\"},{\"Action\":[\"s3:ListBucket\",\"s3:GetBucketLocation\",\"s3:GetBucketVersioning\"],\"Effect\":\"Allow\",\"Resource\":[\"arn:aws:s3:::flight-data-pipeline-dev-raw-data-y10swyy3\",\"arn:aws:s3:::flight-data-pipeline-dev-processed-data-y10swyy3\",\"arn:aws:s3:::flight-data-pipeline-dev-athena-results-y10swyy3\"]},{\"Action\":[\"kms:Encrypt\",\"kms:Decrypt\",\"kms:ReEncrypt*\",\"kms:GenerateDataKey*\",\"kms:DescribeKey\"],\"Effect\":\"Allow\",\"Resource\":\"arn:aws:kms:*:*:alias/aws/s3\"}],\"Version\":\"2012-10-17\"}",
            "policy_id": "ANPAXDR4I2CFWRFVNSAVF",
            "tags": {
              "AccessLevel": "restricted",
              "AutoShutdown": "disabled",
              "BackupSchedule": "weekly",
              "ComplianceRequired": "false",
              "CostCenter": "data-infrastructure",
              "CreatedDate": "2025-09-03",
              "DataClassification": "internal",
              "EncryptionRequired": "true",
              "Environment": "dev",
              "LastModified": "2025-09-03T00:59:39Z",
              "ManagedBy": "Terraform",
              "MonitoringEnabled": "false",
              "Owner": "DataEngineering",
              "Project": "flight-data-pipeline",
              "ResourceType": "security",
              "TerraformWorkspace": "default"
            },
            "tags_all": {
              "AccessLevel": "restricted",
              "AutoShutdown": "disabled",
              "BackupSchedule": "weekly",
              "ComplianceRequired": "false",
              "CostCenter": "data-infrastructure",
              "CreatedDate": "2025-09-03",
              "DataClassification": "internal",
              "EncryptionRequired": "true",
              "Environment": "dev",
              "LastModified": "2025-09-03T00:59:39Z",
              "ManagedBy": "Terraform",
              "MonitoringEnabled": "false",
              "Owner": "DataEngineering",
              "Project": "flight-data-pipeline",
              "ResourceType": "security",
              "TerraformWorkspace": "default"
            }
          },
          "sensitive_attributes": [],
          "identity_schema_version": 0,
          "private": "bnVsbA==",
          "dependencies": [
            "module.s3_data_lake.aws_kms_alias.s3_data_lake_key_alias",
            "module.s3_data_lake.aws_kms_key.s3_data_lake_key",
            "module.s3_data_lake.aws_s3_bucket.access_logs",
            "module.s3_data_lake.aws_s3_bucket.athena_results",
            "module.s3_data_lake.aws_s3_bucket.processed_data",
            "module.s3_data_lake.aws_s3_bucket.raw_data",
            "module.s3_data_lake.data.aws_caller_identity.current",
            "module.s3_data_lake.data.aws_partition.current",
            "random_string.suffix"
          ]
        }
      ]
    },
    {
      "mode": "managed",
      "type": "aws_iam_role",
      "name": "synthetics_role",
      "provider": "provider[\"registry.terraform.io/hashicorp/aws\"]",
      "instances": []
    },
    {
      "mode": "managed",
      "type": "aws_iam_role_policy_attachment",
      "name": "lambda_eventbridge_access",
      "provider": "provider[\"registry.terraform.io/hashicorp/aws\"]",
      "instances": [
        {
          "index_key": 0,
          "schema_version": 0,
          "attributes": {
            "id": "flight-data-pipeline-dev-lambda-execution-role-20250903002858451300000004",
            "policy_arn": "arn:aws:iam::488678936715:policy/flight-data-pipeline/flight-data-pipeline-dev-lambda-eventbridge-access",
            "role": "flight-data-pipeline-dev-lambda-execution-role"
          },
          "sensitive_attributes": [],
          "identity_schema_version": 0,
          "private": "bnVsbA==",
          "dependencies": [
            "aws_iam_policy.lambda_eventbridge_access",
            "data.aws_caller_identity.current",
            "data.aws_partition.current",
            "data.aws_region.current",
            "module.lambda_functions.aws_iam_policy.lambda_cloudwatch_sns_access",
            "module.lambda_functions.aws_iam_policy.lambda_s3_access",
            "module.lambda_functions.aws_iam_role.lambda_execution_role",
            "module.lambda_functions.aws_sqs_queue.ingestion_dlq",
            "module.lambda_functions.aws_sqs_queue.processing_dlq",
            "module.lambda_functions.aws_sqs_queue.validation_dlq",
            "module.lambda_functions.data.aws_caller_identity.current",
            "module.lambda_functions.data.aws_partition.current",
            "module.lambda_functions.data.aws_region.current",
            "module.s3_data_lake.aws_kms_alias.s3_data_lake_key_alias",
            "module.s3_data_lake.aws_kms_key.s3_data_lake_key",
            "module.s3_data_lake.aws_s3_bucket.access_logs",
            "module.s3_data_lake.aws_s3_bucket.athena_results",
            "module.s3_data_lake.aws_s3_bucket.processed_data",
            "module.s3_data_lake.aws_s3_bucket.raw_data",
            "module.s3_data_lake.data.aws_caller_identity.current",
            "module.s3_data_lake.data.aws_partition.current",
            "random_string.suffix"
          ]
        }
      ]
    },
    {
      "mode": "managed",
      "type": "aws_iam_role_policy_attachment",
      "name": "synthetics_policy",
      "provider": "provider[\"registry.terraform.io/hashicorp/aws\"]",
      "instances": []
    },
    {
      "mode": "managed",
      "type": "aws_synthetics_canary",
      "name": "pipeline_health_check",
      "provider": "provider[\"registry.terraform.io/hashicorp/aws\"]",
      "instances": []
    },
    {
      "mode": "managed",
      "type": "local_file",
      "name": "terraform_outputs",
      "provider": "provider[\"registry.terraform.io/hashicorp/local\"]",
      "instances": []
    },
    {
      "mode": "managed",
      "type": "random_password",
      "name": "db_password",
      "provider": "provider[\"registry.terraform.io/hashicorp/random\"]",
      "instances": []
    },
    {
      "mode": "managed",
      "type": "random_string",
      "name": "suffix",
      "provider": "provider[\"registry.terraform.io/hashicorp/random\"]",
      "instances": [
        {
          "schema_version": 2,
          "attributes": {
            "id": "y10swyy3",
            "keepers": null,
            "length": 8,
            "lower": true,
            "min_lower": 0,
            "min_numeric": 0,
            "min_special": 0,
            "min_upper": 0,
            "number": true,
            "numeric": true,
            "override_special": null,
            "result": "y10swyy3",
            "special": false,
            "upper": false
          },
          "sensitive_attributes": [],
          "identity_schema_version": 0
        }
      ]
    },
    {
      "module": "module.lambda_functions",
      "mode": "data",
      "type": "aws_caller_identity",
      "name": "current",
      "provider": "provider[\"registry.terraform.io/hashicorp/aws\"]",
      "instances": [
        {
          "schema_version": 0,
          "attributes": {
            "account_id": "488678936715",
            "arn": "arn:aws:iam::488678936715:user/User1",
            "id": "488678936715",
            "user_id": "AIDAXDR4I2CF3XY5T5TLD"
          },
          "sensitive_attributes": [],
          "identity_schema_version": 0
        }
      ]
    },
    {
      "module": "module.lambda_functions",
      "mode": "data",
      "type": "aws_partition",
      "name": "current",
      "provider": "provider[\"registry.terraform.io/hashicorp/aws\"]",
      "instances": [
        {
          "schema_version": 0,
          "attributes": {
            "dns_suffix": "amazonaws.com",
            "id": "aws",
            "partition": "aws",
            "reverse_dns_prefix": "com.amazonaws"
          },
          "sensitive_attributes": [],
          "identity_schema_version": 0
        }
      ]
    },
    {
      "module": "module.lambda_functions",
      "mode": "data",
      "type": "aws_region",
      "name": "current",
      "provider": "provider[\"registry.terraform.io/hashicorp/aws\"]",
      "instances": [
        {
          "schema_version": 0,
          "attributes": {
            "description": "US East (N. Virginia)",
            "endpoint": "ec2.us-east-1.amazonaws.com",
            "id": "us-east-1",
            "name": "us-east-1"
          },
          "sensitive_attributes": [],
          "identity_schema_version": 0
        }
      ]
    },
    {
      "module": "module.lambda_functions",
      "mode": "managed",
      "type": "aws_cloudwatch_event_rule",
      "name": "scheduled_ingestion",
      "provider": "provider[\"registry.terraform.io/hashicorp/aws\"]",
      "instances": [
        {
          "schema_version": 1,
          "attributes": {
            "arn": "arn:aws:events:us-east-1:488678936715:rule/flight-data-pipeline-dev-scheduled-ingestion",
            "description": "Trigger flight data ingestion every 5 minutes",
            "event_bus_name": "default",
            "event_pattern": null,
            "force_destroy": false,
            "id": "flight-data-pipeline-dev-scheduled-ingestion",
            "is_enabled": true,
            "name": "flight-data-pipeline-dev-scheduled-ingestion",
            "name_prefix": "",
            "role_arn": "",
            "schedule_expression": "rate(10 minutes)",
            "state": "ENABLED",
            "tags": {
              "AutoShutdown": "disabled",
              "BackupSchedule": "weekly",
              "CostCenter": "data-infrastructure",
              "CreatedDate": "2025-09-03",
              "DataClassification": "internal",
              "EncryptionRequired": "true",
              "Environment": "dev",
              "LastModified": "2025-09-03T00:59:39Z",
              "ManagedBy": "Terraform",
              "Monitoring": "basic",
              "MonitoringEnabled": "false",
              "Name": "flight-data-pipeline-dev-scheduled-ingestion",
              "Owner": "DataEngineering",
              "Project": "flight-data-pipeline",
              "Purpose": "Scheduled flight data ingestion",
              "ResourceType": "compute",
              "TerraformWorkspace": "default"
            },
            "tags_all": {
              "AutoShutdown": "disabled",
              "BackupSchedule": "weekly",
              "CostCenter": "data-infrastructure",
              "CreatedDate": "2025-09-03",
              "DataClassification": "internal",
              "EncryptionRequired": "true",
              "Environment": "dev",
              "LastModified": "2025-09-03T00:59:39Z",
              "ManagedBy": "Terraform",
              "Monitoring": "basic",
              "MonitoringEnabled": "false",
              "Name": "flight-data-pipeline-dev-scheduled-ingestion",
              "Owner": "DataEngineering",
              "Project": "flight-data-pipeline",
              "Purpose": "Scheduled flight data ingestion",
              "ResourceType": "compute",
              "TerraformWorkspace": "default"
            }
          },
          "sensitive_attributes": [],
          "identity_schema_version": 0,
          "private": "eyJzY2hlbWFfdmVyc2lvbiI6IjEifQ=="
        }
      ]
    },
    {
      "module": "module.lambda_functions",
      "mode": "managed",
      "type": "aws_cloudwatch_log_group",
      "name": "ingestion_logs",
      "provider": "provider[\"registry.terraform.io/hashicorp/aws\"]",
      "instances": [
        {
          "schema_version": 0,
          "attributes": {
            "arn": "arn:aws:logs:us-east-1:488678936715:log-group:/aws/lambda/flight-data-pipeline-dev-flight-ingestion",
            "id": "/aws/lambda/flight-data-pipeline-dev-flight-ingestion",
            "kms_key_id": "",
            "log_group_class": "STANDARD",
            "name": "/aws/lambda/flight-data-pipeline-dev-flight-ingestion",
            "name_prefix": "",
            "retention_in_days": 7,
            "skip_destroy": false,
            "tags": {
              "AutoShutdown": "disabled",
              "BackupSchedule": "weekly",
              "CostCenter": "data-infrastructure",
              "CreatedDate": "2025-09-03",
              "DataClassification": "internal",
              "EncryptionRequired": "true",
              "Environment": "dev",
              "LambdaFunction": "flight-data-pipeline-dev-flight-ingestion",
              "LastModified": "2025-09-03T00:59:39Z",
              "ManagedBy": "Terraform",
              "Monitoring": "basic",
              "MonitoringEnabled": "false",
              "Name": "flight-data-pipeline-dev-ingestion-logs",
              "Owner": "DataEngineering",
              "Project": "flight-data-pipeline",
              "ResourceType": "compute",
              "TerraformWorkspace": "default"
            },
            "tags_all": {
              "AutoShutdown": "disabled",
              "BackupSchedule": "weekly",
              "CostCenter": "data-infrastructure",
              "CreatedDate": "2025-09-03",
              "DataClassification": "internal",
              "EncryptionRequired": "true",
              "Environment": "dev",
              "LambdaFunction": "flight-data-pipeline-dev-flight-ingestion",
              "LastModified": "2025-09-03T00:59:39Z",
              "ManagedBy": "Terraform",
              "Monitoring": "basic",
              "MonitoringEnabled": "false",
              "Name": "flight-data-pipeline-dev-ingestion-logs",
              "Owner": "DataEngineering",
              "Project": "flight-data-pipeline",
              "ResourceType": "compute",
              "TerraformWorkspace": "default"
            }
          },
          "sensitive_attributes": [],
          "identity_schema_version": 0,
          "private": "bnVsbA==",
          "dependencies": [
            "module.s3_data_lake.aws_kms_alias.s3_data_lake_key_alias",
            "module.s3_data_lake.aws_kms_key.s3_data_lake_key",
            "module.s3_data_lake.data.aws_caller_identity.current",
            "module.s3_data_lake.data.aws_partition.current"
          ]
        }
      ]
    },
    {
      "module": "module.lambda_functions",
      "mode": "managed",
      "type": "aws_cloudwatch_log_group",
      "name": "processing_logs",
      "provider": "provider[\"registry.terraform.io/hashicorp/aws\"]",
      "instances": [
        {
          "schema_version": 0,
          "attributes": {
            "arn": "arn:aws:logs:us-east-1:488678936715:log-group:/aws/lambda/flight-data-pipeline-dev-flight-processing",
            "id": "/aws/lambda/flight-data-pipeline-dev-flight-processing",
            "kms_key_id": "",
            "log_group_class": "STANDARD",
            "name": "/aws/lambda/flight-data-pipeline-dev-flight-processing",
            "name_prefix": "",
            "retention_in_days": 7,
            "skip_destroy": false,
            "tags": {
              "AutoShutdown": "disabled",
              "BackupSchedule": "weekly",
              "CostCenter": "data-infrastructure",
              "CreatedDate": "2025-09-03",
              "DataClassification": "internal",
              "EncryptionRequired": "true",
              "Environment": "dev",
              "LambdaFunction": "flight-data-pipeline-dev-flight-processing",
              "LastModified": "2025-09-03T00:59:39Z",
              "ManagedBy": "Terraform",
              "Monitoring": "basic",
              "MonitoringEnabled": "false",
              "Name": "flight-data-pipeline-dev-processing-logs",
              "Owner": "DataEngineering",
              "Project": "flight-data-pipeline",
              "ResourceType": "compute",
              "TerraformWorkspace": "default"
            },
            "tags_all": {
              "AutoShutdown": "disabled",
              "BackupSchedule": "weekly",
              "CostCenter": "data-infrastructure",
              "CreatedDate": "2025-09-03",
              "DataClassification": "internal",
              "EncryptionRequired": "true",
              "Environment": "dev",
              "LambdaFunction": "flight-data-pipeline-dev-flight-processing",
              "LastModified": "2025-09-03T00:59:39Z",
              "ManagedBy": "Terraform",
              "Monitoring": "basic",
              "MonitoringEnabled": "false",
              "Name": "flight-data-pipeline-dev-processing-logs",
              "Owner": "DataEngineering",
              "Project": "flight-data-pipeline",
              "ResourceType": "compute",
              "TerraformWorkspace": "default"
            }
          },
          "sensitive_attributes": [],
          "identity_schema_version": 0,
          "private": "bnVsbA==",
          "dependencies": [
            "module.s3_data_lake.aws_kms_alias.s3_data_lake_key_alias",
            "module.s3_data_lake.aws_kms_key.s3_data_lake_key",
            "module.s3_data_lake.data.aws_caller_identity.current",
            "module.s3_data_lake.data.aws_partition.current"
          ]
        }
      ]
    },
    {
      "module": "module.lambda_functions",
      "mode": "managed",
      "type": "aws_cloudwatch_log_group",
      "name": "validation_logs",
      "provider": "provider[\"registry.terraform.io/hashicorp/aws\"]",
      "instances": [
        {
          "schema_version": 0,
          "attributes": {
            "arn": "arn:aws:logs:us-east-1:488678936715:log-group:/aws/lambda/flight-data-pipeline-dev-data-validation",
            "id": "/aws/lambda/flight-data-pipeline-dev-data-validation",
            "kms_key_id": "",
            "log_group_class": "STANDARD",
            "name": "/aws/lambda/flight-data-pipeline-dev-data-validation",
            "name_prefix": "",
            "retention_in_days": 7,
            "skip_destroy": false,
            "tags": {
              "AutoShutdown": "disabled",
              "BackupSchedule": "weekly",
              "CostCenter": "data-infrastructure",
              "CreatedDate": "2025-09-03",
              "DataClassification": "internal",
              "EncryptionRequired": "true",
              "Environment": "dev",
              "LambdaFunction": "flight-data-pipeline-dev-data-validation",
              "LastModified": "2025-09-03T00:59:39Z",
              "ManagedBy": "Terraform",
              "Monitoring": "basic",
              "MonitoringEnabled": "false",
              "Name": "flight-data-pipeline-dev-validation-logs",
              "Owner": "DataEngineering",
              "Project": "flight-data-pipeline",
              "ResourceType": "compute",
              "TerraformWorkspace": "default"
            },
            "tags_all": {
              "AutoShutdown": "disabled",
              "BackupSchedule": "weekly",
              "CostCenter": "data-infrastructure",
              "CreatedDate": "2025-09-03",
              "DataClassification": "internal",
              "EncryptionRequired": "true",
              "Environment": "dev",
              "LambdaFunction": "flight-data-pipeline-dev-data-validation",
              "LastModified": "2025-09-03T00:59:39Z",
              "ManagedBy": "Terraform",
              "Monitoring": "basic",
              "MonitoringEnabled": "false",
              "Name": "flight-data-pipeline-dev-validation-logs",
              "Owner": "DataEngineering",
              "Project": "flight-data-pipeline",
              "ResourceType": "compute",
              "TerraformWorkspace": "default"
            }
          },
          "sensitive_attributes": [],
          "identity_schema_version": 0,
          "private": "bnVsbA==",
          "dependencies": [
            "module.s3_data_lake.aws_kms_alias.s3_data_lake_key_alias",
            "module.s3_data_lake.aws_kms_key.s3_data_lake_key",
            "module.s3_data_lake.data.aws_caller_identity.current",
            "module.s3_data_lake.data.aws_partition.current"
          ]
        }
      ]
    },
    {
      "module": "module.lambda_functions",
      "mode": "managed",
      "type": "aws_cloudwatch_metric_alarm",
      "name": "dlq_message_alarm",
      "provider": "provider[\"registry.terraform.io/hashicorp/aws\"]",
      "instances": []
    },
    {
      "module": "module.lambda_functions",
      "mode": "managed",
      "type": "aws_iam_policy",
      "name": "lambda_cloudwatch_sns_access",
      "provider": "provider[\"registry.terraform.io/hashicorp/aws\"]",
      "instances": [
        {
          "schema_version": 0,
          "attributes": {
            "arn": "arn:aws:iam::488678936715:policy/flight-data-pipeline/flight-data-pipeline-dev-lambda-cloudwatch-sns-access",
            "attachment_count": 1,
            "description": "IAM policy for Lambda CloudWatch and SNS access",
            "id": "arn:aws:iam::488678936715:policy/flight-data-pipeline/flight-data-pipeline-dev-lambda-cloudwatch-sns-access",
            "name": "flight-data-pipeline-dev-lambda-cloudwatch-sns-access",
            "name_prefix": "",
            "path": "/flight-data-pipeline/",
            "policy": "{\"Statement\":[{\"Action\":[\"logs:CreateLogStream\",\"logs:PutLogEvents\",\"logs:DescribeLogGroups\",\"logs:DescribeLogStreams\"],\"Effect\":\"Allow\",\"Resource\":\"arn:aws:logs:us-east-1:488678936715:log-group:/aws/lambda/flight-data-pipeline-dev-*\"},{\"Action\":[\"cloudwatch:PutMetricData\",\"cloudwatch:GetMetricStatistics\",\"cloudwatch:ListMetrics\"],\"Effect\":\"Allow\",\"Resource\":\"*\"},{\"Action\":[\"sns:Publish\"],\"Effect\":\"Allow\",\"Resource\":[\"arn:aws:sns:us-east-1:488678936715:flight-data-pipeline-dev-data-quality-alerts\"]},{\"Action\":[\"sqs:SendMessage\",\"sqs:GetQueueAttributes\"],\"Effect\":\"Allow\",\"Resource\":[\"arn:aws:sqs:us-east-1:488678936715:flight-data-pipeline-dev-ingestion-dlq\",\"arn:aws:sqs:us-east-1:488678936715:flight-data-pipeline-dev-processing-dlq\",\"arn:aws:sqs:us-east-1:488678936715:flight-data-pipeline-dev-validation-dlq\"]}],\"Version\":\"2012-10-17\"}",
            "policy_id": "ANPAXDR4I2CFSOGHEUQS7",
            "tags": {
              "AutoShutdown": "disabled",
              "BackupSchedule": "weekly",
              "CostCenter": "data-infrastructure",
              "CreatedDate": "2025-09-03",
              "DataClassification": "internal",
              "EncryptionRequired": "true",
              "Environment": "dev",
              "LastModified": "2025-09-03T00:59:39Z",
              "ManagedBy": "Terraform",
              "Monitoring": "basic",
              "MonitoringEnabled": "false",
              "Owner": "DataEngineering",
              "Project": "flight-data-pipeline",
              "ResourceType": "compute",
              "TerraformWorkspace": "default"
            },
            "tags_all": {
              "AutoShutdown": "disabled",
              "BackupSchedule": "weekly",
              "CostCenter": "data-infrastructure",
              "CreatedDate": "2025-09-03",
              "DataClassification": "internal",
              "EncryptionRequired": "true",
              "Environment": "dev",
              "LastModified": "2025-09-03T00:59:39Z",
              "ManagedBy": "Terraform",
              "Monitoring": "basic",
              "MonitoringEnabled": "false",
              "Owner": "DataEngineering",
              "Project": "flight-data-pipeline",
              "ResourceType": "compute",
              "TerraformWorkspace": "default"
            }
          },
          "sensitive_attributes": [],
          "identity_schema_version": 0,
          "private": "bnVsbA==",
          "dependencies": [
            "data.aws_caller_identity.current",
            "data.aws_partition.current",
            "data.aws_region.current",
            "module.lambda_functions.aws_sqs_queue.ingestion_dlq",
            "module.lambda_functions.aws_sqs_queue.processing_dlq",
            "module.lambda_functions.aws_sqs_queue.validation_dlq",
            "module.lambda_functions.data.aws_caller_identity.current",
            "module.lambda_functions.data.aws_partition.current",
            "module.lambda_functions.data.aws_region.current",
            "random_string.suffix"
          ]
        }
      ]
    },
    {
      "module": "module.lambda_functions",
      "mode": "managed",
      "type": "aws_iam_policy",
      "name": "lambda_dynamodb_access",
      "provider": "provider[\"registry.terraform.io/hashicorp/aws\"]",
      "instances": [
        {
          "schema_version": 0,
          "attributes": {
            "arn": "arn:aws:iam::488678936715:policy/flight-data-pipeline/flight-data-pipeline-dev-lambda-dynamodb-access",
            "attachment_count": 1,
            "description": "IAM policy for Lambda DynamoDB access",
            "id": "arn:aws:iam::488678936715:policy/flight-data-pipeline/flight-data-pipeline-dev-lambda-dynamodb-access",
            "name": "flight-data-pipeline-dev-lambda-dynamodb-access",
            "name_prefix": "",
            "path": "/flight-data-pipeline/",
            "policy": "{\"Statement\":[{\"Action\":[\"dynamodb:GetItem\",\"dynamodb:PutItem\",\"dynamodb:UpdateItem\",\"dynamodb:DeleteItem\",\"dynamodb:Query\",\"dynamodb:Scan\"],\"Effect\":\"Allow\",\"Resource\":[\"arn:aws:dynamodb:us-east-1:488678936715:table/flight-data-pipeline-dev-execution-tracking\"]}],\"Version\":\"2012-10-17\"}",
            "policy_id": "ANPAXDR4I2CFQGZHL6AOX",
            "tags": {
              "AutoShutdown": "disabled",
              "BackupSchedule": "weekly",
              "CostCenter": "data-infrastructure",
              "CreatedDate": "2025-09-03",
              "DataClassification": "internal",
              "EncryptionRequired": "true",
              "Environment": "dev",
              "LastModified": "2025-09-03T00:59:39Z",
              "ManagedBy": "Terraform",
              "Monitoring": "basic",
              "MonitoringEnabled": "false",
              "Owner": "DataEngineering",
              "Project": "flight-data-pipeline",
              "ResourceType": "compute",
              "TerraformWorkspace": "default"
            },
            "tags_all": {
              "AutoShutdown": "disabled",
              "BackupSchedule": "weekly",
              "CostCenter": "data-infrastructure",
              "CreatedDate": "2025-09-03",
              "DataClassification": "internal",
              "EncryptionRequired": "true",
              "Environment": "dev",
              "LastModified": "2025-09-03T00:59:39Z",
              "ManagedBy": "Terraform",
              "Monitoring": "basic",
              "MonitoringEnabled": "false",
              "Owner": "DataEngineering",
              "Project": "flight-data-pipeline",
              "ResourceType": "compute",
              "TerraformWorkspace": "default"
            }
          },
          "sensitive_attributes": [],
          "identity_schema_version": 0,
          "private": "bnVsbA==",
          "dependencies": [
            "data.aws_caller_identity.current",
            "data.aws_partition.current",
            "data.aws_region.current",
            "random_string.suffix"
          ]
        }
      ]
    },
    {
      "module": "module.lambda_functions",
      "mode": "managed",
      "type": "aws_iam_policy",
      "name": "lambda_insights_policy",
      "provider": "provider[\"registry.terraform.io/hashicorp/aws\"]",
      "instances": []
    },
    {
      "module": "module.lambda_functions",
      "mode": "managed",
      "type": "aws_iam_policy",
      "name": "lambda_s3_access",
      "provider": "provider[\"registry.terraform.io/hashicorp/aws\"]",
      "instances": [
        {
          "schema_version": 0,
          "attributes": {
            "arn": "arn:aws:iam::488678936715:policy/flight-data-pipeline/flight-data-pipeline-dev-lambda-s3-access",
            "attachment_count": 1,
            "description": "IAM policy for Lambda S3 access with least privilege",
            "id": "arn:aws:iam::488678936715:policy/flight-data-pipeline/flight-data-pipeline-dev-lambda-s3-access",
            "name": "flight-data-pipeline-dev-lambda-s3-access",
            "name_prefix": "",
            "path": "/flight-data-pipeline/",
            "policy": "{\"Statement\":[{\"Action\":[\"s3:GetObject\",\"s3:GetObjectVersion\",\"s3:PutObject\",\"s3:PutObjectAcl\",\"s3:DeleteObject\"],\"Effect\":\"Allow\",\"Resource\":[\"arn:aws:s3:::flight-data-pipeline-dev-raw-data-y10swyy3/*\",\"arn:aws:s3:::flight-data-pipeline-dev-processed-data-y10swyy3/*\",\"arn:aws:s3:::flight-data-pipeline-dev-athena-results-y10swyy3/*\"]},{\"Action\":[\"s3:ListBucket\",\"s3:GetBucketLocation\",\"s3:GetBucketNotification\"],\"Effect\":\"Allow\",\"Resource\":[\"arn:aws:s3:::flight-data-pipeline-dev-raw-data-y10swyy3\",\"arn:aws:s3:::flight-data-pipeline-dev-processed-data-y10swyy3\",\"arn:aws:s3:::flight-data-pipeline-dev-athena-results-y10swyy3\"]},{\"Action\":[\"kms:Encrypt\",\"kms:Decrypt\",\"kms:ReEncrypt*\",\"kms:GenerateDataKey*\",\"kms:DescribeKey\"],\"Effect\":\"Allow\",\"Resource\":[\"arn:aws:kms:us-east-1:488678936715:key/*\"]}],\"Version\":\"2012-10-17\"}",
            "policy_id": "ANPAXDR4I2CF7IIL3MMVC",
            "tags": {
              "AutoShutdown": "disabled",
              "BackupSchedule": "weekly",
              "CostCenter": "data-infrastructure",
              "CreatedDate": "2025-09-03",
              "DataClassification": "internal",
              "EncryptionRequired": "true",
              "Environment": "dev",
              "LastModified": "2025-09-03T00:59:39Z",
              "ManagedBy": "Terraform",
              "Monitoring": "basic",
              "MonitoringEnabled": "false",
              "Owner": "DataEngineering",
              "Project": "flight-data-pipeline",
              "ResourceType": "compute",
              "TerraformWorkspace": "default"
            },
            "tags_all": {
              "AutoShutdown": "disabled",
              "BackupSchedule": "weekly",
              "CostCenter": "data-infrastructure",
              "CreatedDate": "2025-09-03",
              "DataClassification": "internal",
              "EncryptionRequired": "true",
              "Environment": "dev",
              "LastModified": "2025-09-03T00:59:39Z",
              "ManagedBy": "Terraform",
              "Monitoring": "basic",
              "MonitoringEnabled": "false",
              "Owner": "DataEngineering",
              "Project": "flight-data-pipeline",
              "ResourceType": "compute",
              "TerraformWorkspace": "default"
            }
          },
          "sensitive_attributes": [],
          "identity_schema_version": 0,
          "private": "bnVsbA==",
          "dependencies": [
            "module.lambda_functions.data.aws_caller_identity.current",
            "module.lambda_functions.data.aws_partition.current",
            "module.lambda_functions.data.aws_region.current",
            "module.s3_data_lake.aws_kms_alias.s3_data_lake_key_alias",
            "module.s3_data_lake.aws_kms_key.s3_data_lake_key",
            "module.s3_data_lake.aws_s3_bucket.access_logs",
            "module.s3_data_lake.aws_s3_bucket.athena_results",
            "module.s3_data_lake.aws_s3_bucket.processed_data",
            "module.s3_data_lake.aws_s3_bucket.raw_data",
            "module.s3_data_lake.data.aws_caller_identity.current",
            "module.s3_data_lake.data.aws_partition.current",
            "random_string.suffix"
          ]
        }
      ]
    },
    {
      "module": "module.lambda_functions",
      "mode": "managed",
      "type": "aws_iam_role",
      "name": "lambda_execution_role",
      "provider": "provider[\"registry.terraform.io/hashicorp/aws\"]",
      "instances": [
        {
          "schema_version": 0,
          "attributes": {
            "arn": "arn:aws:iam::488678936715:role/flight-data-pipeline/flight-data-pipeline-dev-lambda-execution-role",
            "assume_role_policy": "{\"Statement\":[{\"Action\":\"sts:AssumeRole\",\"Effect\":\"Allow\",\"Principal\":{\"Service\":\"lambda.amazonaws.com\"},\"Sid\":\"\"}],\"Version\":\"2012-10-17\"}",
            "create_date": "2025-09-03T00:28:32Z",
            "description": "",
            "force_detach_policies": false,
            "id": "flight-data-pipeline-dev-lambda-execution-role",
            "inline_policy": [],
            "managed_policy_arns": [
              "arn:aws:iam::488678936715:policy/flight-data-pipeline/flight-data-pipeline-dev-lambda-cloudwatch-sns-access",
              "arn:aws:iam::488678936715:policy/flight-data-pipeline/flight-data-pipeline-dev-lambda-dynamodb-access",
              "arn:aws:iam::488678936715:policy/flight-data-pipeline/flight-data-pipeline-dev-lambda-eventbridge-access",
              "arn:aws:iam::488678936715:policy/flight-data-pipeline/flight-data-pipeline-dev-lambda-s3-access",
              "arn:aws:iam::aws:policy/service-role/AWSLambdaBasicExecutionRole"
            ],
            "max_session_duration": 3600,
            "name": "flight-data-pipeline-dev-lambda-execution-role",
            "name_prefix": "",
            "path": "/flight-data-pipeline/",
            "permissions_boundary": "",
            "tags": {
              "AutoShutdown": "disabled",
              "BackupSchedule": "weekly",
              "CostCenter": "data-infrastructure",
              "CreatedDate": "2025-09-03",
              "DataClassification": "internal",
              "EncryptionRequired": "true",
              "Environment": "dev",
              "LastModified": "2025-09-03T00:59:39Z",
              "ManagedBy": "Terraform",
              "Monitoring": "basic",
              "MonitoringEnabled": "false",
              "Name": "flight-data-pipeline-dev-lambda-execution-role",
              "Owner": "DataEngineering",
              "Project": "flight-data-pipeline",
              "Purpose": "Lambda function execution role",
              "ResourceType": "compute",
              "SecurityLevel": "Standard",
              "TerraformWorkspace": "default"
            },
            "tags_all": {
              "AutoShutdown": "disabled",
              "BackupSchedule": "weekly",
              "CostCenter": "data-infrastructure",
              "CreatedDate": "2025-09-03",
              "DataClassification": "internal",
              "EncryptionRequired": "true",
              "Environment": "dev",
              "LastModified": "2025-09-03T00:59:39Z",
              "ManagedBy": "Terraform",
              "Monitoring": "basic",
              "MonitoringEnabled": "false",
              "Name": "flight-data-pipeline-dev-lambda-execution-role",
              "Owner": "DataEngineering",
              "Project": "flight-data-pipeline",
              "Purpose": "Lambda function execution role",
              "ResourceType": "compute",
              "SecurityLevel": "Standard",
              "TerraformWorkspace": "default"
            },
            "unique_id": "AROAXDR4I2CFXTBC5QYG4"
          },
          "sensitive_attributes": [],
          "identity_schema_version": 0,
          "private": "bnVsbA=="
        }
      ]
    },
    {
      "module": "module.lambda_functions",
      "mode": "managed",
      "type": "aws_iam_role_policy_attachment",
      "name": "lambda_basic_execution",
      "provider": "provider[\"registry.terraform.io/hashicorp/aws\"]",
      "instances": [
        {
          "schema_version": 0,
          "attributes": {
            "id": "flight-data-pipeline-dev-lambda-execution-role-20250903002833810100000001",
            "policy_arn": "arn:aws:iam::aws:policy/service-role/AWSLambdaBasicExecutionRole",
            "role": "flight-data-pipeline-dev-lambda-execution-role"
          },
          "sensitive_attributes": [],
          "identity_schema_version": 0,
          "private": "bnVsbA==",
          "dependencies": [
            "module.lambda_functions.aws_iam_role.lambda_execution_role",
            "module.lambda_functions.data.aws_partition.current"
          ]
        }
      ]
    },
    {
      "module": "module.lambda_functions",
      "mode": "managed",
      "type": "aws_iam_role_policy_attachment",
      "name": "lambda_cloudwatch_sns_access",
      "provider": "provider[\"registry.terraform.io/hashicorp/aws\"]",
      "instances": [
        {
          "schema_version": 0,
          "attributes": {
            "id": "flight-data-pipeline-dev-lambda-execution-role-20250903002858461200000005",
            "policy_arn": "arn:aws:iam::488678936715:policy/flight-data-pipeline/flight-data-pipeline-dev-lambda-cloudwatch-sns-access",
            "role": "flight-data-pipeline-dev-lambda-execution-role"
          },
          "sensitive_attributes": [],
          "identity_schema_version": 0,
          "private": "bnVsbA==",
          "dependencies": [
            "data.aws_caller_identity.current",
            "data.aws_partition.current",
            "data.aws_region.current",
            "module.lambda_functions.aws_iam_policy.lambda_cloudwatch_sns_access",
            "module.lambda_functions.aws_iam_role.lambda_execution_role",
            "module.lambda_functions.aws_sqs_queue.ingestion_dlq",
            "module.lambda_functions.aws_sqs_queue.processing_dlq",
            "module.lambda_functions.aws_sqs_queue.validation_dlq",
            "module.lambda_functions.data.aws_caller_identity.current",
            "module.lambda_functions.data.aws_partition.current",
            "module.lambda_functions.data.aws_region.current",
            "random_string.suffix"
          ]
        }
      ]
    },
    {
      "module": "module.lambda_functions",
      "mode": "managed",
      "type": "aws_iam_role_policy_attachment",
      "name": "lambda_dynamodb_access",
      "provider": "provider[\"registry.terraform.io/hashicorp/aws\"]",
      "instances": [
        {
          "index_key": 0,
          "schema_version": 0,
          "attributes": {
            "id": "flight-data-pipeline-dev-lambda-execution-role-20250903002838169000000002",
            "policy_arn": "arn:aws:iam::488678936715:policy/flight-data-pipeline/flight-data-pipeline-dev-lambda-dynamodb-access",
            "role": "flight-data-pipeline-dev-lambda-execution-role"
          },
          "sensitive_attributes": [],
          "identity_schema_version": 0,
          "private": "bnVsbA==",
          "dependencies": [
            "data.aws_caller_identity.current",
            "data.aws_partition.current",
            "data.aws_region.current",
            "module.lambda_functions.aws_iam_policy.lambda_dynamodb_access",
            "module.lambda_functions.aws_iam_role.lambda_execution_role",
            "random_string.suffix"
          ]
        }
      ]
    },
    {
      "module": "module.lambda_functions",
      "mode": "managed",
      "type": "aws_iam_role_policy_attachment",
      "name": "lambda_insights_policy",
      "provider": "provider[\"registry.terraform.io/hashicorp/aws\"]",
      "instances": []
    },
    {
      "module": "module.lambda_functions",
      "mode": "managed",
      "type": "aws_iam_role_policy_attachment",
      "name": "lambda_s3_access",
      "provider": "provider[\"registry.terraform.io/hashicorp/aws\"]",
      "instances": [
        {
          "schema_version": 0,
          "attributes": {
            "id": "flight-data-pipeline-dev-lambda-execution-role-20250903002839733700000003",
            "policy_arn": "arn:aws:iam::488678936715:policy/flight-data-pipeline/flight-data-pipeline-dev-lambda-s3-access",
            "role": "flight-data-pipeline-dev-lambda-execution-role"
          },
          "sensitive_attributes": [],
          "identity_schema_version": 0,
          "private": "bnVsbA==",
          "dependencies": [
            "module.lambda_functions.aws_iam_policy.lambda_s3_access",
            "module.lambda_functions.aws_iam_role.lambda_execution_role",
            "module.lambda_functions.data.aws_caller_identity.current",
            "module.lambda_functions.data.aws_partition.current",
            "module.lambda_functions.data.aws_region.current",
            "module.s3_data_lake.aws_kms_alias.s3_data_lake_key_alias",
            "module.s3_data_lake.aws_kms_key.s3_data_lake_key",
            "module.s3_data_lake.aws_s3_bucket.access_logs",
            "module.s3_data_lake.aws_s3_bucket.athena_results",
            "module.s3_data_lake.aws_s3_bucket.processed_data",
            "module.s3_data_lake.aws_s3_bucket.raw_data",
            "module.s3_data_lake.data.aws_caller_identity.current",
            "module.s3_data_lake.data.aws_partition.current",
            "random_string.suffix"
          ]
        }
      ]
    },
    {
      "module": "module.lambda_functions",
      "mode": "managed",
      "type": "aws_iam_role_policy_attachment",
      "name": "lambda_vpc_execution",
      "provider": "provider[\"registry.terraform.io/hashicorp/aws\"]",
      "instances": []
    },
    {
      "module": "module.lambda_functions",
      "mode": "managed",
      "type": "aws_iam_role_policy_attachment",
      "name": "lambda_xray_execution",
      "provider": "provider[\"registry.terraform.io/hashicorp/aws\"]",
      "instances": []
    },
    {
      "module": "module.lambda_functions",
      "mode": "managed",
      "type": "aws_lambda_layer_version",
      "name": "common_utilities",
      "provider": "provider[\"registry.terraform.io/hashicorp/aws\"]",
      "instances": [
        {
          "schema_version": 0,
          "attributes": {
            "arn": "arn:aws:lambda:us-east-1:488678936715:layer:flight-data-pipeline-dev-common-utilities:1",
            "code_sha256": "B57UmDniw0EzltoSPYg25LLlYqNQ9h99AYR9ujPn0tA=",
            "compatible_architectures": [
              "x86_64"
            ],
            "compatible_runtimes": [
              "python3.11"
            ],
            "created_date": "2025-09-03T00:59:43.946+0000",
            "description": "Common utilities layer for flight data pipeline (shared code)",
            "filename": "./../layers/common-utilities.zip",
            "id": "arn:aws:lambda:us-east-1:488678936715:layer:flight-data-pipeline-dev-common-utilities:1",
            "layer_arn": "arn:aws:lambda:us-east-1:488678936715:layer:flight-data-pipeline-dev-common-utilities",
            "layer_name": "flight-data-pipeline-dev-common-utilities",
            "license_info": "",
            "s3_bucket": null,
            "s3_key": null,
            "s3_object_version": null,
            "signing_job_arn": "",
            "signing_profile_version_arn": "",
            "skip_destroy": false,
            "source_code_hash": "",
            "source_code_size": 188,
            "version": "1"
          },
          "sensitive_attributes": [],
          "identity_schema_version": 0,
          "private": "bnVsbA=="
        }
      ]
    },
    {
      "module": "module.lambda_functions",
      "mode": "managed",
      "type": "aws_lambda_layer_version",
      "name": "lambda_insights",
      "provider": "provider[\"registry.terraform.io/hashicorp/aws\"]",
      "instances": []
    },
    {
      "module": "module.lambda_functions",
      "mode": "managed",
      "type": "aws_lambda_layer_version",
      "name": "shared_dependencies",
      "provider": "provider[\"registry.terraform.io/hashicorp/aws\"]",
      "instances": [
        {
          "schema_version": 0,
          "attributes": {
            "arn": "arn:aws:lambda:us-east-1:488678936715:layer:flight-data-pipeline-dev-shared-dependencies:1",
            "code_sha256": "jpULSEiiOe0tD5/VvyBciIu/N1QINRzl2+cqoYXhltk=",
            "compatible_architectures": [
              "x86_64"
            ],
            "compatible_runtimes": [
              "python3.11"
            ],
            "created_date": "2025-09-03T00:59:49.363+0000",
            "description": "Shared dependencies layer for flight data pipeline (pandas, pyarrow, boto3)",
            "filename": "./../layers/shared-dependencies.zip",
            "id": "arn:aws:lambda:us-east-1:488678936715:layer:flight-data-pipeline-dev-shared-dependencies:1",
            "layer_arn": "arn:aws:lambda:us-east-1:488678936715:layer:flight-data-pipeline-dev-shared-dependencies",
            "layer_name": "flight-data-pipeline-dev-shared-dependencies",
            "license_info": "",
            "s3_bucket": null,
            "s3_key": null,
            "s3_object_version": null,
            "signing_job_arn": "",
            "signing_profile_version_arn": "",
            "skip_destroy": false,
            "source_code_hash": "",
            "source_code_size": 188,
            "version": "1"
          },
          "sensitive_attributes": [],
          "identity_schema_version": 0,
          "private": "bnVsbA=="
        }
      ]
    },
    {
      "module": "module.lambda_functions",
      "mode": "managed",
      "type": "aws_sns_topic",
      "name": "lambda_errors",
      "provider": "provider[\"registry.terraform.io/hashicorp/aws\"]",
      "instances": [
        {
          "index_key": 0,
          "schema_version": 0,
          "attributes": {
            "application_failure_feedback_role_arn": "",
            "application_success_feedback_role_arn": "",
            "application_success_feedback_sample_rate": 0,
            "archive_policy": "",
            "arn": "arn:aws:sns:us-east-1:488678936715:flight-data-pipeline-dev-lambda-errors",
            "beginning_archive_time": "",
            "content_based_deduplication": false,
            "delivery_policy": "",
            "display_name": "",
            "fifo_throughput_scope": "",
            "fifo_topic": false,
            "firehose_failure_feedback_role_arn": "",
            "firehose_success_feedback_role_arn": "",
            "firehose_success_feedback_sample_rate": 0,
            "http_failure_feedback_role_arn": "",
            "http_success_feedback_role_arn": "",
            "http_success_feedback_sample_rate": 0,
            "id": "arn:aws:sns:us-east-1:488678936715:flight-data-pipeline-dev-lambda-errors",
            "kms_master_key_id": "",
            "lambda_failure_feedback_role_arn": "",
            "lambda_success_feedback_role_arn": "",
            "lambda_success_feedback_sample_rate": 0,
            "name": "flight-data-pipeline-dev-lambda-errors",
            "name_prefix": "",
            "owner": "488678936715",
            "policy": "{\"Id\":\"__default_policy_ID\",\"Statement\":[{\"Action\":[\"SNS:GetTopicAttributes\",\"SNS:SetTopicAttributes\",\"SNS:AddPermission\",\"SNS:RemovePermission\",\"SNS:DeleteTopic\",\"SNS:Subscribe\",\"SNS:ListSubscriptionsByTopic\",\"SNS:Publish\"],\"Condition\":{\"StringEquals\":{\"AWS:SourceOwner\":\"488678936715\"}},\"Effect\":\"Allow\",\"Principal\":{\"AWS\":\"*\"},\"Resource\":\"arn:aws:sns:us-east-1:488678936715:flight-data-pipeline-dev-lambda-errors\",\"Sid\":\"__default_statement_ID\"}],\"Version\":\"2008-10-17\"}",
            "signature_version": 0,
            "sqs_failure_feedback_role_arn": "",
            "sqs_success_feedback_role_arn": "",
            "sqs_success_feedback_sample_rate": 0,
            "tags": {
              "AutoShutdown": "disabled",
              "BackupSchedule": "weekly",
              "CostCenter": "data-infrastructure",
              "CreatedDate": "2025-09-03",
              "DataClassification": "internal",
              "EncryptionRequired": "true",
              "Environment": "dev",
              "LastModified": "2025-09-03T00:59:39Z",
              "ManagedBy": "Terraform",
              "Monitoring": "basic",
              "MonitoringEnabled": "false",
              "Name": "flight-data-pipeline-dev-lambda-errors",
              "Owner": "DataEngineering",
              "Project": "flight-data-pipeline",
              "Purpose": "Lambda function error notifications",
              "ResourceType": "compute",
              "TerraformWorkspace": "default"
            },
            "tags_all": {
              "AutoShutdown": "disabled",
              "BackupSchedule": "weekly",
              "CostCenter": "data-infrastructure",
              "CreatedDate": "2025-09-03",
              "DataClassification": "internal",
              "EncryptionRequired": "true",
              "Environment": "dev",
              "LastModified": "2025-09-03T00:59:39Z",
              "ManagedBy": "Terraform",
              "Monitoring": "basic",
              "MonitoringEnabled": "false",
              "Name": "flight-data-pipeline-dev-lambda-errors",
              "Owner": "DataEngineering",
              "Project": "flight-data-pipeline",
              "Purpose": "Lambda function error notifications",
              "ResourceType": "compute",
              "TerraformWorkspace": "default"
            },
            "tracing_config": ""
          },
          "sensitive_attributes": [],
          "identity_schema_version": 0,
          "private": "bnVsbA=="
        }
      ]
    },
    {
      "module": "module.lambda_functions",
      "mode": "managed",
      "type": "aws_sns_topic_subscription",
      "name": "lambda_error_email",
      "provider": "provider[\"registry.terraform.io/hashicorp/aws\"]",
      "instances": [
        {
          "index_key": 0,
          "schema_version": 0,
          "attributes": {
            "arn": "arn:aws:sns:us-east-1:488678936715:flight-data-pipeline-dev-lambda-errors:6e874916-8c00-41b5-9061-1cb4748502bf",
            "confirmation_timeout_in_minutes": 1,
            "confirmation_was_authenticated": false,
            "delivery_policy": "",
            "endpoint": "chandra.r.dunn@gmail.com",
            "endpoint_auto_confirms": false,
            "filter_policy": "",
            "filter_policy_scope": "",
            "id": "arn:aws:sns:us-east-1:488678936715:flight-data-pipeline-dev-lambda-errors:6e874916-8c00-41b5-9061-1cb4748502bf",
            "owner_id": "488678936715",
            "pending_confirmation": true,
            "protocol": "email",
            "raw_message_delivery": false,
            "redrive_policy": "",
            "replay_policy": "",
            "subscription_role_arn": "",
            "topic_arn": "arn:aws:sns:us-east-1:488678936715:flight-data-pipeline-dev-lambda-errors"
          },
          "sensitive_attributes": [],
          "identity_schema_version": 0,
          "private": "bnVsbA==",
          "dependencies": [
            "module.lambda_functions.aws_sns_topic.lambda_errors"
          ]
        }
      ]
    },
    {
      "module": "module.lambda_functions",
      "mode": "managed",
      "type": "aws_sqs_queue",
      "name": "eventbridge_dlq",
      "provider": "provider[\"registry.terraform.io/hashicorp/aws\"]",
      "instances": [
        {
          "schema_version": 0,
          "attributes": {
            "arn": "arn:aws:sqs:us-east-1:488678936715:flight-data-pipeline-dev-eventbridge-dlq",
            "content_based_deduplication": false,
            "deduplication_scope": "",
            "delay_seconds": 0,
            "fifo_queue": false,
            "fifo_throughput_limit": "",
            "id": "https://sqs.us-east-1.amazonaws.com/488678936715/flight-data-pipeline-dev-eventbridge-dlq",
            "kms_data_key_reuse_period_seconds": 300,
            "kms_master_key_id": "alias/aws/sqs",
            "max_message_size": 262144,
            "message_retention_seconds": 1209600,
            "name": "flight-data-pipeline-dev-eventbridge-dlq",
            "name_prefix": "",
            "policy": "",
            "receive_wait_time_seconds": 0,
            "redrive_allow_policy": "",
            "redrive_policy": "",
            "sqs_managed_sse_enabled": false,
            "tags": {
              "AutoShutdown": "disabled",
              "BackupSchedule": "weekly",
              "CostCenter": "data-infrastructure",
              "CreatedDate": "2025-09-03",
              "DataClassification": "internal",
              "EncryptionRequired": "true",
              "Environment": "dev",
              "LastModified": "2025-09-03T00:59:39Z",
              "ManagedBy": "Terraform",
              "Monitoring": "basic",
              "MonitoringEnabled": "false",
              "Name": "flight-data-pipeline-dev-eventbridge-dlq",
              "Owner": "DataEngineering",
              "Project": "flight-data-pipeline",
              "Purpose": "Dead letter queue for EventBridge failed Lambda invocations",
              "ResourceType": "compute",
              "TerraformWorkspace": "default"
            },
            "tags_all": {
              "AutoShutdown": "disabled",
              "BackupSchedule": "weekly",
              "CostCenter": "data-infrastructure",
              "CreatedDate": "2025-09-03",
              "DataClassification": "internal",
              "EncryptionRequired": "true",
              "Environment": "dev",
              "LastModified": "2025-09-03T00:59:39Z",
              "ManagedBy": "Terraform",
              "Monitoring": "basic",
              "MonitoringEnabled": "false",
              "Name": "flight-data-pipeline-dev-eventbridge-dlq",
              "Owner": "DataEngineering",
              "Project": "flight-data-pipeline",
              "Purpose": "Dead letter queue for EventBridge failed Lambda invocations",
              "ResourceType": "compute",
              "TerraformWorkspace": "default"
            },
            "timeouts": null,
            "url": "https://sqs.us-east-1.amazonaws.com/488678936715/flight-data-pipeline-dev-eventbridge-dlq",
            "visibility_timeout_seconds": 60
          },
          "sensitive_attributes": [],
          "identity_schema_version": 0,
          "private": "eyJlMmJmYjczMC1lY2FhLTExZTYtOGY4OC0zNDM2M2JjN2M0YzAiOnsiY3JlYXRlIjoxODAwMDAwMDAwMDAsImRlbGV0ZSI6MTgwMDAwMDAwMDAwLCJ1cGRhdGUiOjE4MDAwMDAwMDAwMH19"
        }
      ]
    },
    {
      "module": "module.lambda_functions",
      "mode": "managed",
      "type": "aws_sqs_queue",
      "name": "ingestion_dlq",
      "provider": "provider[\"registry.terraform.io/hashicorp/aws\"]",
      "instances": [
        {
          "schema_version": 0,
          "attributes": {
            "arn": "arn:aws:sqs:us-east-1:488678936715:flight-data-pipeline-dev-ingestion-dlq",
            "content_based_deduplication": false,
            "deduplication_scope": "",
            "delay_seconds": 0,
            "fifo_queue": false,
            "fifo_throughput_limit": "",
            "id": "https://sqs.us-east-1.amazonaws.com/488678936715/flight-data-pipeline-dev-ingestion-dlq",
            "kms_data_key_reuse_period_seconds": 300,
            "kms_master_key_id": "alias/aws/sqs",
            "max_message_size": 262144,
            "message_retention_seconds": 1209600,
            "name": "flight-data-pipeline-dev-ingestion-dlq",
            "name_prefix": "",
            "policy": "",
            "receive_wait_time_seconds": 0,
            "redrive_allow_policy": "",
            "redrive_policy": "",
            "sqs_managed_sse_enabled": false,
            "tags": {
              "AutoShutdown": "disabled",
              "BackupSchedule": "weekly",
              "CostCenter": "data-infrastructure",
              "CreatedDate": "2025-09-03",
              "DataClassification": "internal",
              "EncryptionRequired": "true",
              "Environment": "dev",
              "LastModified": "2025-09-03T00:59:39Z",
              "ManagedBy": "Terraform",
              "Monitoring": "basic",
              "MonitoringEnabled": "false",
              "Name": "flight-data-pipeline-dev-ingestion-dlq",
              "Owner": "DataEngineering",
              "Project": "flight-data-pipeline",
              "Purpose": "Dead letter queue for ingestion Lambda function",
              "ResourceType": "compute",
              "TerraformWorkspace": "default"
            },
            "tags_all": {
              "AutoShutdown": "disabled",
              "BackupSchedule": "weekly",
              "CostCenter": "data-infrastructure",
              "CreatedDate": "2025-09-03",
              "DataClassification": "internal",
              "EncryptionRequired": "true",
              "Environment": "dev",
              "LastModified": "2025-09-03T00:59:39Z",
              "ManagedBy": "Terraform",
              "Monitoring": "basic",
              "MonitoringEnabled": "false",
              "Name": "flight-data-pipeline-dev-ingestion-dlq",
              "Owner": "DataEngineering",
              "Project": "flight-data-pipeline",
              "Purpose": "Dead letter queue for ingestion Lambda function",
              "ResourceType": "compute",
              "TerraformWorkspace": "default"
            },
            "timeouts": null,
            "url": "https://sqs.us-east-1.amazonaws.com/488678936715/flight-data-pipeline-dev-ingestion-dlq",
            "visibility_timeout_seconds": 310
          },
          "sensitive_attributes": [],
          "identity_schema_version": 0,
          "private": "eyJlMmJmYjczMC1lY2FhLTExZTYtOGY4OC0zNDM2M2JjN2M0YzAiOnsiY3JlYXRlIjoxODAwMDAwMDAwMDAsImRlbGV0ZSI6MTgwMDAwMDAwMDAwLCJ1cGRhdGUiOjE4MDAwMDAwMDAwMH19"
        }
      ]
    },
    {
      "module": "module.lambda_functions",
      "mode": "managed",
      "type": "aws_sqs_queue",
      "name": "processing_dlq",
      "provider": "provider[\"registry.terraform.io/hashicorp/aws\"]",
      "instances": [
        {
          "schema_version": 0,
          "attributes": {
            "arn": "arn:aws:sqs:us-east-1:488678936715:flight-data-pipeline-dev-processing-dlq",
            "content_based_deduplication": false,
            "deduplication_scope": "",
            "delay_seconds": 0,
            "fifo_queue": false,
            "fifo_throughput_limit": "",
            "id": "https://sqs.us-east-1.amazonaws.com/488678936715/flight-data-pipeline-dev-processing-dlq",
            "kms_data_key_reuse_period_seconds": 300,
            "kms_master_key_id": "alias/aws/sqs",
            "max_message_size": 262144,
            "message_retention_seconds": 1209600,
            "name": "flight-data-pipeline-dev-processing-dlq",
            "name_prefix": "",
            "policy": "",
            "receive_wait_time_seconds": 0,
            "redrive_allow_policy": "",
            "redrive_policy": "",
            "sqs_managed_sse_enabled": false,
            "tags": {
              "AutoShutdown": "disabled",
              "BackupSchedule": "weekly",
              "CostCenter": "data-infrastructure",
              "CreatedDate": "2025-09-03",
              "DataClassification": "internal",
              "EncryptionRequired": "true",
              "Environment": "dev",
              "LastModified": "2025-09-03T00:59:39Z",
              "ManagedBy": "Terraform",
              "Monitoring": "basic",
              "MonitoringEnabled": "false",
              "Name": "flight-data-pipeline-dev-processing-dlq",
              "Owner": "DataEngineering",
              "Project": "flight-data-pipeline",
              "Purpose": "Dead letter queue for processing Lambda function",
              "ResourceType": "compute",
              "TerraformWorkspace": "default"
            },
            "tags_all": {
              "AutoShutdown": "disabled",
              "BackupSchedule": "weekly",
              "CostCenter": "data-infrastructure",
              "CreatedDate": "2025-09-03",
              "DataClassification": "internal",
              "EncryptionRequired": "true",
              "Environment": "dev",
              "LastModified": "2025-09-03T00:59:39Z",
              "ManagedBy": "Terraform",
              "Monitoring": "basic",
              "MonitoringEnabled": "false",
              "Name": "flight-data-pipeline-dev-processing-dlq",
              "Owner": "DataEngineering",
              "Project": "flight-data-pipeline",
              "Purpose": "Dead letter queue for processing Lambda function",
              "ResourceType": "compute",
              "TerraformWorkspace": "default"
            },
            "timeouts": null,
            "url": "https://sqs.us-east-1.amazonaws.com/488678936715/flight-data-pipeline-dev-processing-dlq",
            "visibility_timeout_seconds": 910
          },
          "sensitive_attributes": [],
          "identity_schema_version": 0,
          "private": "eyJlMmJmYjczMC1lY2FhLTExZTYtOGY4OC0zNDM2M2JjN2M0YzAiOnsiY3JlYXRlIjoxODAwMDAwMDAwMDAsImRlbGV0ZSI6MTgwMDAwMDAwMDAwLCJ1cGRhdGUiOjE4MDAwMDAwMDAwMH19"
        }
      ]
    },
    {
      "module": "module.lambda_functions",
      "mode": "managed",
      "type": "aws_sqs_queue",
      "name": "validation_dlq",
      "provider": "provider[\"registry.terraform.io/hashicorp/aws\"]",
      "instances": [
        {
          "schema_version": 0,
          "attributes": {
            "arn": "arn:aws:sqs:us-east-1:488678936715:flight-data-pipeline-dev-validation-dlq",
            "content_based_deduplication": false,
            "deduplication_scope": "",
            "delay_seconds": 0,
            "fifo_queue": false,
            "fifo_throughput_limit": "",
            "id": "https://sqs.us-east-1.amazonaws.com/488678936715/flight-data-pipeline-dev-validation-dlq",
            "kms_data_key_reuse_period_seconds": 300,
            "kms_master_key_id": "alias/aws/sqs",
            "max_message_size": 262144,
            "message_retention_seconds": 1209600,
            "name": "flight-data-pipeline-dev-validation-dlq",
            "name_prefix": "",
            "policy": "",
            "receive_wait_time_seconds": 0,
            "redrive_allow_policy": "",
            "redrive_policy": "",
            "sqs_managed_sse_enabled": false,
            "tags": {
              "AutoShutdown": "disabled",
              "BackupSchedule": "weekly",
              "CostCenter": "data-infrastructure",
              "CreatedDate": "2025-09-03",
              "DataClassification": "internal",
              "EncryptionRequired": "true",
              "Environment": "dev",
              "LastModified": "2025-09-03T00:59:39Z",
              "ManagedBy": "Terraform",
              "Monitoring": "basic",
              "MonitoringEnabled": "false",
              "Name": "flight-data-pipeline-dev-validation-dlq",
              "Owner": "DataEngineering",
              "Project": "flight-data-pipeline",
              "Purpose": "Dead letter queue for validation Lambda function",
              "ResourceType": "compute",
              "TerraformWorkspace": "default"
            },
            "tags_all": {
              "AutoShutdown": "disabled",
              "BackupSchedule": "weekly",
              "CostCenter": "data-infrastructure",
              "CreatedDate": "2025-09-03",
              "DataClassification": "internal",
              "EncryptionRequired": "true",
              "Environment": "dev",
              "LastModified": "2025-09-03T00:59:39Z",
              "ManagedBy": "Terraform",
              "Monitoring": "basic",
              "MonitoringEnabled": "false",
              "Name": "flight-data-pipeline-dev-validation-dlq",
              "Owner": "DataEngineering",
              "Project": "flight-data-pipeline",
              "Purpose": "Dead letter queue for validation Lambda function",
              "ResourceType": "compute",
              "TerraformWorkspace": "default"
            },
            "timeouts": null,
            "url": "https://sqs.us-east-1.amazonaws.com/488678936715/flight-data-pipeline-dev-validation-dlq",
            "visibility_timeout_seconds": 610
          },
          "sensitive_attributes": [],
          "identity_schema_version": 0,
          "private": "eyJlMmJmYjczMC1lY2FhLTExZTYtOGY4OC0zNDM2M2JjN2M0YzAiOnsiY3JlYXRlIjoxODAwMDAwMDAwMDAsImRlbGV0ZSI6MTgwMDAwMDAwMDAwLCJ1cGRhdGUiOjE4MDAwMDAwMDAwMH19"
        }
      ]
    },
    {
      "module": "module.monitoring",
      "mode": "data",
      "type": "aws_caller_identity",
      "name": "current",
      "provider": "provider[\"registry.terraform.io/hashicorp/aws\"]",
      "instances": [
        {
          "schema_version": 0,
          "attributes": {
            "account_id": "488678936715",
            "arn": "arn:aws:iam::488678936715:user/User1",
            "id": "488678936715",
            "user_id": "AIDAXDR4I2CF3XY5T5TLD"
          },
          "sensitive_attributes": [],
          "identity_schema_version": 0
        }
      ]
    },
    {
      "module": "module.monitoring",
      "mode": "data",
      "type": "aws_partition",
      "name": "current",
      "provider": "provider[\"registry.terraform.io/hashicorp/aws\"]",
      "instances": [
        {
          "schema_version": 0,
          "attributes": {
            "dns_suffix": "amazonaws.com",
            "id": "aws",
            "partition": "aws",
            "reverse_dns_prefix": "com.amazonaws"
          },
          "sensitive_attributes": [],
          "identity_schema_version": 0
        }
      ]
    },
    {
      "module": "module.monitoring",
      "mode": "data",
      "type": "aws_region",
      "name": "current",
      "provider": "provider[\"registry.terraform.io/hashicorp/aws\"]",
      "instances": [
        {
          "schema_version": 0,
          "attributes": {
            "description": "US East (N. Virginia)",
            "endpoint": "ec2.us-east-1.amazonaws.com",
            "id": "us-east-1",
            "name": "us-east-1"
          },
          "sensitive_attributes": [],
          "identity_schema_version": 0
        }
      ]
    },
    {
      "module": "module.monitoring",
      "mode": "managed",
      "type": "aws_budgets_budget",
      "name": "monthly_budget",
      "provider": "provider[\"registry.terraform.io/hashicorp/aws\"]",
      "instances": [
        {
          "schema_version": 0,
          "attributes": {
            "account_id": "488678936715",
            "arn": "arn:aws:budgets::488678936715:budget/flight-data-pipeline-dev-monthly-budget",
            "auto_adjust_data": [],
            "budget_type": "COST",
            "cost_filter": [],
            "cost_types": [
              {
                "include_credit": true,
                "include_discount": true,
                "include_other_subscription": true,
                "include_recurring": true,
                "include_refund": true,
                "include_subscription": true,
                "include_support": true,
                "include_tax": true,
                "include_upfront": true,
                "use_amortized": false,
                "use_blended": false
              }
            ],
            "id": "488678936715:flight-data-pipeline-dev-monthly-budget",
            "limit_amount": "50.0",
            "limit_unit": "USD",
            "name": "flight-data-pipeline-dev-monthly-budget",
            "name_prefix": "",
            "notification": [
              {
                "comparison_operator": "GREATER_THAN",
                "notification_type": "ACTUAL",
                "subscriber_email_addresses": [
                  "chandra.r.dunn@gmail.com"
                ],
                "subscriber_sns_topic_arns": [
                  "arn:aws:sns:us-east-1:488678936715:flight-data-pipeline-dev-budget-alerts"
                ],
                "threshold": 0.8,
                "threshold_type": "PERCENTAGE"
              },
              {
                "comparison_operator": "GREATER_THAN",
                "notification_type": "ACTUAL",
                "subscriber_email_addresses": [
                  "chandra.r.dunn@gmail.com"
                ],
                "subscriber_sns_topic_arns": [],
                "threshold": 0.5,
                "threshold_type": "PERCENTAGE"
              },
              {
                "comparison_operator": "GREATER_THAN",
                "notification_type": "FORECASTED",
                "subscriber_email_addresses": [
                  "chandra.r.dunn@gmail.com"
                ],
                "subscriber_sns_topic_arns": [],
                "threshold": 1,
                "threshold_type": "PERCENTAGE"
              }
            ],
            "planned_limit": [],
            "tags": {
              "AutoShutdown": "disabled",
              "BackupSchedule": "weekly",
              "CostCenter": "data-infrastructure",
              "CreatedDate": "2025-09-03",
              "DataClassification": "internal",
              "EncryptionRequired": "true",
              "Environment": "dev",
              "LastModified": "2025-09-03T00:28:31Z",
              "ManagedBy": "Terraform",
              "MonitoringEnabled": "false",
              "Owner": "DataEngineering",
              "Project": "flight-data-pipeline",
              "TerraformWorkspace": "default"
            },
            "tags_all": {
              "AutoShutdown": "disabled",
              "BackupSchedule": "weekly",
              "CostCenter": "data-infrastructure",
              "CreatedDate": "2025-09-03",
              "DataClassification": "internal",
              "EncryptionRequired": "true",
              "Environment": "dev",
              "LastModified": "2025-09-03T00:28:31Z",
              "ManagedBy": "Terraform",
              "MonitoringEnabled": "false",
              "Owner": "DataEngineering",
              "Project": "flight-data-pipeline",
              "TerraformWorkspace": "default"
            },
            "time_period_end": "2087-06-15_00:00",
            "time_period_start": "2025-09-01_00:00",
            "time_unit": "MONTHLY"
          },
          "sensitive_attributes": [],
          "identity_schema_version": 0,
          "private": "bnVsbA==",
          "dependencies": [
            "module.monitoring.aws_sns_topic.budget_alerts",
            "module.s3_data_lake.aws_kms_alias.s3_data_lake_key_alias",
            "module.s3_data_lake.aws_kms_key.s3_data_lake_key",
            "module.s3_data_lake.data.aws_caller_identity.current",
            "module.s3_data_lake.data.aws_partition.current"
          ]
        }
      ]
    },
    {
      "module": "module.monitoring",
      "mode": "managed",
      "type": "aws_cloudwatch_dashboard",
      "name": "executive_summary",
      "provider": "provider[\"registry.terraform.io/hashicorp/aws\"]",
      "instances": []
    },
    {
      "module": "module.monitoring",
      "mode": "managed",
      "type": "aws_cloudwatch_metric_alarm",
      "name": "data_completeness",
      "provider": "provider[\"registry.terraform.io/hashicorp/aws\"]",
      "instances": [
        {
          "schema_version": 1,
          "attributes": {
            "actions_enabled": true,
            "alarm_actions": [
              "arn:aws:sns:us-east-1:488678936715:flight-data-pipeline-dev-email-alerts"
            ],
            "alarm_description": "Data completeness score below 0.7",
            "alarm_name": "flight-data-pipeline-dev-data-completeness",
            "arn": "arn:aws:cloudwatch:us-east-1:488678936715:alarm:flight-data-pipeline-dev-data-completeness",
            "comparison_operator": "LessThanThreshold",
            "datapoints_to_alarm": 0,
            "dimensions": {
              "Environment": "dev"
            },
            "evaluate_low_sample_count_percentiles": "",
            "evaluation_periods": 3,
            "extended_statistic": "",
            "id": "flight-data-pipeline-dev-data-completeness",
            "insufficient_data_actions": [],
            "metric_name": "CompletenessScore",
            "metric_query": [],
            "namespace": "FlightDataPipeline",
            "ok_actions": [],
            "period": 300,
            "statistic": "Average",
            "tags": {
              "AutoShutdown": "disabled",
              "BackupSchedule": "weekly",
              "Component": "monitoring",
              "CostCenter": "engineering",
              "CreatedDate": "2025-09-03",
              "DataClassification": "internal",
              "EncryptionRequired": "true",
              "Environment": "dev",
              "LastModified": "2025-09-03T00:59:39Z",
              "ManagedBy": "Terraform",
              "MonitoringEnabled": "false",
              "Name": "flight-data-pipeline-dev-data-completeness",
              "Owner": "DataEngineering",
              "Project": "flight-data-pipeline",
              "Purpose": "observability-and-alerting",
              "Severity": "Warning",
              "TerraformWorkspace": "default",
              "Type": "Data Quality"
            },
            "tags_all": {
              "AutoShutdown": "disabled",
              "BackupSchedule": "weekly",
              "Component": "monitoring",
              "CostCenter": "engineering",
              "CreatedDate": "2025-09-03",
              "DataClassification": "internal",
              "EncryptionRequired": "true",
              "Environment": "dev",
              "LastModified": "2025-09-03T00:59:39Z",
              "ManagedBy": "Terraform",
              "MonitoringEnabled": "false",
              "Name": "flight-data-pipeline-dev-data-completeness",
              "Owner": "DataEngineering",
              "Project": "flight-data-pipeline",
              "Purpose": "observability-and-alerting",
              "Severity": "Warning",
              "TerraformWorkspace": "default",
              "Type": "Data Quality"
            },
            "threshold": 0.7,
            "threshold_metric_id": "",
            "treat_missing_data": "missing",
            "unit": ""
          },
          "sensitive_attributes": [],
          "identity_schema_version": 0,
          "private": "eyJzY2hlbWFfdmVyc2lvbiI6IjEifQ==",
          "dependencies": [
            "module.monitoring.aws_sns_topic.email_alerts",
            "module.s3_data_lake.aws_kms_alias.s3_data_lake_key_alias",
            "module.s3_data_lake.aws_kms_key.s3_data_lake_key",
            "module.s3_data_lake.data.aws_caller_identity.current",
            "module.s3_data_lake.data.aws_partition.current"
          ]
        }
      ]
    },
    {
      "module": "module.monitoring",
      "mode": "managed",
      "type": "aws_cloudwatch_metric_alarm",
      "name": "data_validity",
      "provider": "provider[\"registry.terraform.io/hashicorp/aws\"]",
      "instances": [
        {
          "schema_version": 1,
          "attributes": {
            "actions_enabled": true,
            "alarm_actions": [
              "arn:aws:sns:us-east-1:488678936715:flight-data-pipeline-dev-email-alerts"
            ],
            "alarm_description": "Data validity score below 0.95",
            "alarm_name": "flight-data-pipeline-dev-data-validity",
            "arn": "arn:aws:cloudwatch:us-east-1:488678936715:alarm:flight-data-pipeline-dev-data-validity",
            "comparison_operator": "LessThanThreshold",
            "datapoints_to_alarm": 0,
            "dimensions": {
              "Environment": "dev"
            },
            "evaluate_low_sample_count_percentiles": "",
            "evaluation_periods": 2,
            "extended_statistic": "",
            "id": "flight-data-pipeline-dev-data-validity",
            "insufficient_data_actions": [],
            "metric_name": "ValidityScore",
            "metric_query": [],
            "namespace": "FlightDataPipeline",
            "ok_actions": [],
            "period": 300,
            "statistic": "Average",
            "tags": {
              "AutoShutdown": "disabled",
              "BackupSchedule": "weekly",
              "Component": "monitoring",
              "CostCenter": "engineering",
              "CreatedDate": "2025-09-03",
              "DataClassification": "internal",
              "EncryptionRequired": "true",
              "Environment": "dev",
              "LastModified": "2025-09-03T00:59:39Z",
              "ManagedBy": "Terraform",
              "MonitoringEnabled": "false",
              "Name": "flight-data-pipeline-dev-data-validity",
              "Owner": "DataEngineering",
              "Project": "flight-data-pipeline",
              "Purpose": "observability-and-alerting",
              "Severity": "Warning",
              "TerraformWorkspace": "default",
              "Type": "Data Quality"
            },
            "tags_all": {
              "AutoShutdown": "disabled",
              "BackupSchedule": "weekly",
              "Component": "monitoring",
              "CostCenter": "engineering",
              "CreatedDate": "2025-09-03",
              "DataClassification": "internal",
              "EncryptionRequired": "true",
              "Environment": "dev",
              "LastModified": "2025-09-03T00:59:39Z",
              "ManagedBy": "Terraform",
              "MonitoringEnabled": "false",
              "Name": "flight-data-pipeline-dev-data-validity",
              "Owner": "DataEngineering",
              "Project": "flight-data-pipeline",
              "Purpose": "observability-and-alerting",
              "Severity": "Warning",
              "TerraformWorkspace": "default",
              "Type": "Data Quality"
            },
            "threshold": 0.95,
            "threshold_metric_id": "",
            "treat_missing_data": "missing",
            "unit": ""
          },
          "sensitive_attributes": [],
          "identity_schema_version": 0,
          "private": "eyJzY2hlbWFfdmVyc2lvbiI6IjEifQ==",
          "dependencies": [
            "module.monitoring.aws_sns_topic.email_alerts",
            "module.s3_data_lake.aws_kms_alias.s3_data_lake_key_alias",
            "module.s3_data_lake.aws_kms_key.s3_data_lake_key",
            "module.s3_data_lake.data.aws_caller_identity.current",
            "module.s3_data_lake.data.aws_partition.current"
          ]
        }
      ]
    },
    {
      "module": "module.monitoring",
      "mode": "managed",
      "type": "aws_cloudwatch_metric_alarm",
      "name": "dlq_messages",
      "provider": "provider[\"registry.terraform.io/hashicorp/aws\"]",
      "instances": [
        {
          "index_key": "ingestion",
          "schema_version": 1,
          "attributes": {
            "actions_enabled": true,
            "alarm_actions": [
              "arn:aws:sns:us-east-1:488678936715:flight-data-pipeline-dev-email-alerts"
            ],
            "alarm_description": "Messages in ingestion dead letter queue",
            "alarm_name": "flight-data-pipeline-dev-ingestion-dlq-messages",
            "arn": "arn:aws:cloudwatch:us-east-1:488678936715:alarm:flight-data-pipeline-dev-ingestion-dlq-messages",
            "comparison_operator": "GreaterThanThreshold",
            "datapoints_to_alarm": 0,
            "dimensions": {
              "QueueName": "flight-data-pipeline-dev-ingestion-dlq"
            },
            "evaluate_low_sample_count_percentiles": "",
            "evaluation_periods": 1,
            "extended_statistic": "",
            "id": "flight-data-pipeline-dev-ingestion-dlq-messages",
            "insufficient_data_actions": [],
            "metric_name": "ApproximateNumberOfVisibleMessages",
            "metric_query": [],
            "namespace": "AWS/SQS",
            "ok_actions": [],
            "period": 300,
            "statistic": "Average",
            "tags": {
              "AutoShutdown": "disabled",
              "BackupSchedule": "weekly",
              "Component": "monitoring",
              "CostCenter": "engineering",
              "CreatedDate": "2025-09-03",
              "DataClassification": "internal",
              "EncryptionRequired": "true",
              "Environment": "dev",
              "LastModified": "2025-09-03T00:59:39Z",
              "ManagedBy": "Terraform",
              "MonitoringEnabled": "false",
              "Name": "flight-data-pipeline-dev-ingestion-dlq-messages",
              "Owner": "DataEngineering",
              "Project": "flight-data-pipeline",
              "Purpose": "observability-and-alerting",
              "QueueType": "DLQ",
              "Severity": "Critical",
              "TerraformWorkspace": "default"
            },
            "tags_all": {
              "AutoShutdown": "disabled",
              "BackupSchedule": "weekly",
              "Component": "monitoring",
              "CostCenter": "engineering",
              "CreatedDate": "2025-09-03",
              "DataClassification": "internal",
              "EncryptionRequired": "true",
              "Environment": "dev",
              "LastModified": "2025-09-03T00:59:39Z",
              "ManagedBy": "Terraform",
              "MonitoringEnabled": "false",
              "Name": "flight-data-pipeline-dev-ingestion-dlq-messages",
              "Owner": "DataEngineering",
              "Project": "flight-data-pipeline",
              "Purpose": "observability-and-alerting",
              "QueueType": "DLQ",
              "Severity": "Critical",
              "TerraformWorkspace": "default"
            },
            "threshold": 0,
            "threshold_metric_id": "",
            "treat_missing_data": "missing",
            "unit": ""
          },
          "sensitive_attributes": [],
          "identity_schema_version": 0,
          "private": "eyJzY2hlbWFfdmVyc2lvbiI6IjEifQ==",
          "dependencies": [
            "module.lambda_functions.aws_sqs_queue.eventbridge_dlq",
            "module.lambda_functions.aws_sqs_queue.ingestion_dlq",
            "module.lambda_functions.aws_sqs_queue.processing_dlq",
            "module.lambda_functions.aws_sqs_queue.validation_dlq",
            "module.monitoring.aws_sns_topic.critical_alerts",
            "module.monitoring.aws_sns_topic.email_alerts",
            "module.s3_data_lake.aws_kms_alias.s3_data_lake_key_alias",
            "module.s3_data_lake.aws_kms_key.s3_data_lake_key",
            "module.s3_data_lake.data.aws_caller_identity.current",
            "module.s3_data_lake.data.aws_partition.current"
          ]
        },
        {
          "index_key": "processing",
          "schema_version": 1,
          "attributes": {
            "actions_enabled": true,
            "alarm_actions": [
              "arn:aws:sns:us-east-1:488678936715:flight-data-pipeline-dev-email-alerts"
            ],
            "alarm_description": "Messages in processing dead letter queue",
            "alarm_name": "flight-data-pipeline-dev-processing-dlq-messages",
            "arn": "arn:aws:cloudwatch:us-east-1:488678936715:alarm:flight-data-pipeline-dev-processing-dlq-messages",
            "comparison_operator": "GreaterThanThreshold",
            "datapoints_to_alarm": 0,
            "dimensions": {
              "QueueName": "flight-data-pipeline-dev-processing-dlq"
            },
            "evaluate_low_sample_count_percentiles": "",
            "evaluation_periods": 1,
            "extended_statistic": "",
            "id": "flight-data-pipeline-dev-processing-dlq-messages",
            "insufficient_data_actions": [],
            "metric_name": "ApproximateNumberOfVisibleMessages",
            "metric_query": [],
            "namespace": "AWS/SQS",
            "ok_actions": [],
            "period": 300,
            "statistic": "Average",
            "tags": {
              "AutoShutdown": "disabled",
              "BackupSchedule": "weekly",
              "Component": "monitoring",
              "CostCenter": "engineering",
              "CreatedDate": "2025-09-03",
              "DataClassification": "internal",
              "EncryptionRequired": "true",
              "Environment": "dev",
              "LastModified": "2025-09-03T00:59:39Z",
              "ManagedBy": "Terraform",
              "MonitoringEnabled": "false",
              "Name": "flight-data-pipeline-dev-processing-dlq-messages",
              "Owner": "DataEngineering",
              "Project": "flight-data-pipeline",
              "Purpose": "observability-and-alerting",
              "QueueType": "DLQ",
              "Severity": "Critical",
              "TerraformWorkspace": "default"
            },
            "tags_all": {
              "AutoShutdown": "disabled",
              "BackupSchedule": "weekly",
              "Component": "monitoring",
              "CostCenter": "engineering",
              "CreatedDate": "2025-09-03",
              "DataClassification": "internal",
              "EncryptionRequired": "true",
              "Environment": "dev",
              "LastModified": "2025-09-03T00:59:39Z",
              "ManagedBy": "Terraform",
              "MonitoringEnabled": "false",
              "Name": "flight-data-pipeline-dev-processing-dlq-messages",
              "Owner": "DataEngineering",
              "Project": "flight-data-pipeline",
              "Purpose": "observability-and-alerting",
              "QueueType": "DLQ",
              "Severity": "Critical",
              "TerraformWorkspace": "default"
            },
            "threshold": 0,
            "threshold_metric_id": "",
            "treat_missing_data": "missing",
            "unit": ""
          },
          "sensitive_attributes": [],
          "identity_schema_version": 0,
          "private": "eyJzY2hlbWFfdmVyc2lvbiI6IjEifQ==",
          "dependencies": [
            "module.lambda_functions.aws_sqs_queue.eventbridge_dlq",
            "module.lambda_functions.aws_sqs_queue.ingestion_dlq",
            "module.lambda_functions.aws_sqs_queue.processing_dlq",
            "module.lambda_functions.aws_sqs_queue.validation_dlq",
            "module.monitoring.aws_sns_topic.critical_alerts",
            "module.monitoring.aws_sns_topic.email_alerts",
            "module.s3_data_lake.aws_kms_alias.s3_data_lake_key_alias",
            "module.s3_data_lake.aws_kms_key.s3_data_lake_key",
            "module.s3_data_lake.data.aws_caller_identity.current",
            "module.s3_data_lake.data.aws_partition.current"
          ]
        },
        {
          "index_key": "validation",
          "schema_version": 1,
          "attributes": {
            "actions_enabled": true,
            "alarm_actions": [
              "arn:aws:sns:us-east-1:488678936715:flight-data-pipeline-dev-email-alerts"
            ],
            "alarm_description": "Messages in validation dead letter queue",
            "alarm_name": "flight-data-pipeline-dev-validation-dlq-messages",
            "arn": "arn:aws:cloudwatch:us-east-1:488678936715:alarm:flight-data-pipeline-dev-validation-dlq-messages",
            "comparison_operator": "GreaterThanThreshold",
            "datapoints_to_alarm": 0,
            "dimensions": {
              "QueueName": "flight-data-pipeline-dev-validation-dlq"
            },
            "evaluate_low_sample_count_percentiles": "",
            "evaluation_periods": 1,
            "extended_statistic": "",
            "id": "flight-data-pipeline-dev-validation-dlq-messages",
            "insufficient_data_actions": [],
            "metric_name": "ApproximateNumberOfVisibleMessages",
            "metric_query": [],
            "namespace": "AWS/SQS",
            "ok_actions": [],
            "period": 300,
            "statistic": "Average",
            "tags": {
              "AutoShutdown": "disabled",
              "BackupSchedule": "weekly",
              "Component": "monitoring",
              "CostCenter": "engineering",
              "CreatedDate": "2025-09-03",
              "DataClassification": "internal",
              "EncryptionRequired": "true",
              "Environment": "dev",
              "LastModified": "2025-09-03T00:59:39Z",
              "ManagedBy": "Terraform",
              "MonitoringEnabled": "false",
              "Name": "flight-data-pipeline-dev-validation-dlq-messages",
              "Owner": "DataEngineering",
              "Project": "flight-data-pipeline",
              "Purpose": "observability-and-alerting",
              "QueueType": "DLQ",
              "Severity": "Critical",
              "TerraformWorkspace": "default"
            },
            "tags_all": {
              "AutoShutdown": "disabled",
              "BackupSchedule": "weekly",
              "Component": "monitoring",
              "CostCenter": "engineering",
              "CreatedDate": "2025-09-03",
              "DataClassification": "internal",
              "EncryptionRequired": "true",
              "Environment": "dev",
              "LastModified": "2025-09-03T00:59:39Z",
              "ManagedBy": "Terraform",
              "MonitoringEnabled": "false",
              "Name": "flight-data-pipeline-dev-validation-dlq-messages",
              "Owner": "DataEngineering",
              "Project": "flight-data-pipeline",
              "Purpose": "observability-and-alerting",
              "QueueType": "DLQ",
              "Severity": "Critical",
              "TerraformWorkspace": "default"
            },
            "threshold": 0,
            "threshold_metric_id": "",
            "treat_missing_data": "missing",
            "unit": ""
          },
          "sensitive_attributes": [],
          "identity_schema_version": 0,
          "private": "eyJzY2hlbWFfdmVyc2lvbiI6IjEifQ==",
          "dependencies": [
            "module.lambda_functions.aws_sqs_queue.eventbridge_dlq",
            "module.lambda_functions.aws_sqs_queue.ingestion_dlq",
            "module.lambda_functions.aws_sqs_queue.processing_dlq",
            "module.lambda_functions.aws_sqs_queue.validation_dlq",
            "module.monitoring.aws_sns_topic.critical_alerts",
            "module.monitoring.aws_sns_topic.email_alerts",
            "module.s3_data_lake.aws_kms_alias.s3_data_lake_key_alias",
            "module.s3_data_lake.aws_kms_key.s3_data_lake_key",
            "module.s3_data_lake.data.aws_caller_identity.current",
            "module.s3_data_lake.data.aws_partition.current"
          ]
        }
      ]
    },
    {
      "module": "module.monitoring",
      "mode": "managed",
      "type": "aws_cloudwatch_metric_alarm",
      "name": "dynamodb_billing",
      "provider": "provider[\"registry.terraform.io/hashicorp/aws\"].us-east-1",
      "instances": [
        {
          "schema_version": 1,
          "attributes": {
            "actions_enabled": true,
            "alarm_actions": [
              "arn:aws:sns:us-east-1:488678936715:flight-data-pipeline-dev-email-alerts"
            ],
            "alarm_description": "DynamoDB billing exceeded 10 USD",
            "alarm_name": "flight-data-pipeline-dev-dynamodb-billing",
            "arn": "arn:aws:cloudwatch:us-east-1:488678936715:alarm:flight-data-pipeline-dev-dynamodb-billing",
            "comparison_operator": "GreaterThanThreshold",
            "datapoints_to_alarm": 0,
            "dimensions": {
              "Currency": "USD",
              "ServiceName": "AmazonDynamoDB"
            },
            "evaluate_low_sample_count_percentiles": "",
            "evaluation_periods": 1,
            "extended_statistic": "",
            "id": "flight-data-pipeline-dev-dynamodb-billing",
            "insufficient_data_actions": [],
            "metric_name": "EstimatedCharges",
            "metric_query": [],
            "namespace": "AWS/Billing",
            "ok_actions": [],
            "period": 86400,
            "statistic": "Maximum",
            "tags": {
              "AutoShutdown": "disabled",
              "BackupSchedule": "weekly",
              "Component": "monitoring",
              "CostCenter": "engineering",
              "CreatedDate": "2025-09-03",
              "DataClassification": "internal",
              "EncryptionRequired": "true",
              "Environment": "dev",
              "LastModified": "2025-09-03T00:59:39Z",
              "ManagedBy": "Terraform",
              "MonitoringEnabled": "false",
              "Name": "flight-data-pipeline-dev-dynamodb-billing",
              "Owner": "DataEngineering",
              "Project": "flight-data-pipeline",
              "Purpose": "observability-and-alerting",
              "Service": "DynamoDB",
              "Severity": "Warning",
              "TerraformWorkspace": "default"
            },
            "tags_all": {
              "AutoShutdown": "disabled",
              "BackupSchedule": "weekly",
              "Component": "monitoring",
              "CostCenter": "engineering",
              "CreatedDate": "2025-09-03",
              "DataClassification": "internal",
              "EncryptionRequired": "true",
              "Environment": "dev",
              "LastModified": "2025-09-03T00:59:39Z",
              "ManagedBy": "Terraform",
              "MonitoringEnabled": "false",
              "Name": "flight-data-pipeline-dev-dynamodb-billing",
              "Owner": "DataEngineering",
              "Project": "flight-data-pipeline",
              "Purpose": "observability-and-alerting",
              "Service": "DynamoDB",
              "Severity": "Warning",
              "TerraformWorkspace": "default"
            },
            "threshold": 10,
            "threshold_metric_id": "",
            "treat_missing_data": "missing",
            "unit": ""
          },
          "sensitive_attributes": [],
          "identity_schema_version": 0,
          "private": "eyJzY2hlbWFfdmVyc2lvbiI6IjEifQ==",
          "dependencies": [
            "module.monitoring.aws_sns_topic.email_alerts",
            "module.s3_data_lake.aws_kms_alias.s3_data_lake_key_alias",
            "module.s3_data_lake.aws_kms_key.s3_data_lake_key",
            "module.s3_data_lake.data.aws_caller_identity.current",
            "module.s3_data_lake.data.aws_partition.current"
          ]
        }
      ]
    },
    {
      "module": "module.monitoring",
      "mode": "managed",
      "type": "aws_cloudwatch_metric_alarm",
      "name": "dynamodb_read_throttles",
      "provider": "provider[\"registry.terraform.io/hashicorp/aws\"]",
      "instances": [
        {
          "schema_version": 1,
          "attributes": {
            "actions_enabled": true,
            "alarm_actions": [
              "arn:aws:sns:us-east-1:488678936715:flight-data-pipeline-dev-email-alerts"
            ],
            "alarm_description": "DynamoDB read throttling detected",
            "alarm_name": "flight-data-pipeline-dev-dynamodb-read-throttles",
            "arn": "arn:aws:cloudwatch:us-east-1:488678936715:alarm:flight-data-pipeline-dev-dynamodb-read-throttles",
            "comparison_operator": "GreaterThanThreshold",
            "datapoints_to_alarm": 0,
            "dimensions": {
              "TableName": "flight-data-pipeline-dev-pipeline-tracking"
            },
            "evaluate_low_sample_count_percentiles": "",
            "evaluation_periods": 2,
            "extended_statistic": "",
            "id": "flight-data-pipeline-dev-dynamodb-read-throttles",
            "insufficient_data_actions": [],
            "metric_name": "ReadThrottles",
            "metric_query": [],
            "namespace": "AWS/DynamoDB",
            "ok_actions": [],
            "period": 300,
            "statistic": "Sum",
            "tags": {
              "AutoShutdown": "disabled",
              "BackupSchedule": "weekly",
              "Component": "monitoring",
              "CostCenter": "engineering",
              "CreatedDate": "2025-09-03",
              "DataClassification": "internal",
              "EncryptionRequired": "true",
              "Environment": "dev",
              "LastModified": "2025-09-03T00:59:39Z",
              "ManagedBy": "Terraform",
              "MonitoringEnabled": "false",
              "Name": "flight-data-pipeline-dev-dynamodb-read-throttles",
              "Owner": "DataEngineering",
              "Project": "flight-data-pipeline",
              "Purpose": "observability-and-alerting",
              "Service": "DynamoDB",
              "Severity": "Warning",
              "TerraformWorkspace": "default"
            },
            "tags_all": {
              "AutoShutdown": "disabled",
              "BackupSchedule": "weekly",
              "Component": "monitoring",
              "CostCenter": "engineering",
              "CreatedDate": "2025-09-03",
              "DataClassification": "internal",
              "EncryptionRequired": "true",
              "Environment": "dev",
              "LastModified": "2025-09-03T00:59:39Z",
              "ManagedBy": "Terraform",
              "MonitoringEnabled": "false",
              "Name": "flight-data-pipeline-dev-dynamodb-read-throttles",
              "Owner": "DataEngineering",
              "Project": "flight-data-pipeline",
              "Purpose": "observability-and-alerting",
              "Service": "DynamoDB",
              "Severity": "Warning",
              "TerraformWorkspace": "default"
            },
            "threshold": 0,
            "threshold_metric_id": "",
            "treat_missing_data": "missing",
            "unit": ""
          },
          "sensitive_attributes": [],
          "identity_schema_version": 0,
          "private": "eyJzY2hlbWFfdmVyc2lvbiI6IjEifQ==",
          "dependencies": [
            "module.monitoring.aws_dynamodb_table.pipeline_tracking",
            "module.monitoring.aws_sns_topic.email_alerts",
            "module.s3_data_lake.aws_kms_alias.s3_data_lake_key_alias",
            "module.s3_data_lake.aws_kms_key.s3_data_lake_key",
            "module.s3_data_lake.data.aws_caller_identity.current",
            "module.s3_data_lake.data.aws_partition.current"
          ]
        }
      ]
    },
    {
      "module": "module.monitoring",
      "mode": "managed",
      "type": "aws_cloudwatch_metric_alarm",
      "name": "dynamodb_throttling_cost",
      "provider": "provider[\"registry.terraform.io/hashicorp/aws\"]",
      "instances": [
        {
          "schema_version": 1,
          "attributes": {
            "actions_enabled": true,
            "alarm_actions": [
              "arn:aws:sns:us-east-1:488678936715:flight-data-pipeline-dev-email-alerts"
            ],
            "alarm_description": "DynamoDB throttling may indicate need for capacity adjustment",
            "alarm_name": "flight-data-pipeline-dev-dynamodb-throttling-cost",
            "arn": "arn:aws:cloudwatch:us-east-1:488678936715:alarm:flight-data-pipeline-dev-dynamodb-throttling-cost",
            "comparison_operator": "GreaterThanThreshold",
            "datapoints_to_alarm": 0,
            "dimensions": {},
            "evaluate_low_sample_count_percentiles": "",
            "evaluation_periods": 2,
            "extended_statistic": "",
            "id": "flight-data-pipeline-dev-dynamodb-throttling-cost",
            "insufficient_data_actions": [],
            "metric_name": "",
            "metric_query": [
              {
                "account_id": "",
                "expression": "",
                "id": "read_throttles",
                "label": "",
                "metric": [
                  {
                    "dimensions": {
                      "TableName": "flight-data-pipeline-dev-pipeline-tracking"
                    },
                    "metric_name": "ReadThrottles",
                    "namespace": "AWS/DynamoDB",
                    "period": 300,
                    "stat": "Sum",
                    "unit": ""
                  }
                ],
                "period": 0,
                "return_data": false
              },
              {
                "account_id": "",
                "expression": "",
                "id": "write_throttles",
                "label": "",
                "metric": [
                  {
                    "dimensions": {
                      "TableName": "flight-data-pipeline-dev-pipeline-tracking"
                    },
                    "metric_name": "WriteThrottles",
                    "namespace": "AWS/DynamoDB",
                    "period": 300,
                    "stat": "Sum",
                    "unit": ""
                  }
                ],
                "period": 0,
                "return_data": false
              },
              {
                "account_id": "",
                "expression": "read_throttles + write_throttles",
                "id": "total_throttles",
                "label": "Total Throttles",
                "metric": [],
                "period": 0,
                "return_data": true
              }
            ],
            "namespace": "",
            "ok_actions": [],
            "period": 0,
            "statistic": "",
            "tags": {
              "AutoShutdown": "disabled",
              "BackupSchedule": "weekly",
              "Component": "monitoring",
              "CostCenter": "engineering",
              "CreatedDate": "2025-09-03",
              "DataClassification": "internal",
              "EncryptionRequired": "true",
              "Environment": "dev",
              "LastModified": "2025-09-03T00:59:39Z",
              "ManagedBy": "Terraform",
              "MonitoringEnabled": "false",
              "Name": "flight-data-pipeline-dev-dynamodb-throttling-cost",
              "Owner": "DataEngineering",
              "Project": "flight-data-pipeline",
              "Purpose": "observability-and-alerting",
              "Severity": "Info",
              "TerraformWorkspace": "default",
              "Type": "Cost Optimization"
            },
            "tags_all": {
              "AutoShutdown": "disabled",
              "BackupSchedule": "weekly",
              "Component": "monitoring",
              "CostCenter": "engineering",
              "CreatedDate": "2025-09-03",
              "DataClassification": "internal",
              "EncryptionRequired": "true",
              "Environment": "dev",
              "LastModified": "2025-09-03T00:59:39Z",
              "ManagedBy": "Terraform",
              "MonitoringEnabled": "false",
              "Name": "flight-data-pipeline-dev-dynamodb-throttling-cost",
              "Owner": "DataEngineering",
              "Project": "flight-data-pipeline",
              "Purpose": "observability-and-alerting",
              "Severity": "Info",
              "TerraformWorkspace": "default",
              "Type": "Cost Optimization"
            },
            "threshold": 5,
            "threshold_metric_id": "",
            "treat_missing_data": "missing",
            "unit": ""
          },
          "sensitive_attributes": [],
          "identity_schema_version": 0,
          "private": "eyJzY2hlbWFfdmVyc2lvbiI6IjEifQ==",
          "dependencies": [
            "module.monitoring.aws_dynamodb_table.pipeline_tracking",
            "module.monitoring.aws_sns_topic.email_alerts",
            "module.s3_data_lake.aws_kms_alias.s3_data_lake_key_alias",
            "module.s3_data_lake.aws_kms_key.s3_data_lake_key",
            "module.s3_data_lake.data.aws_caller_identity.current",
            "module.s3_data_lake.data.aws_partition.current"
          ]
        }
      ]
    },
    {
      "module": "module.monitoring",
      "mode": "managed",
      "type": "aws_cloudwatch_metric_alarm",
      "name": "dynamodb_write_throttles",
      "provider": "provider[\"registry.terraform.io/hashicorp/aws\"]",
      "instances": [
        {
          "schema_version": 1,
          "attributes": {
            "actions_enabled": true,
            "alarm_actions": [
              "arn:aws:sns:us-east-1:488678936715:flight-data-pipeline-dev-email-alerts"
            ],
            "alarm_description": "DynamoDB write throttling detected",
            "alarm_name": "flight-data-pipeline-dev-dynamodb-write-throttles",
            "arn": "arn:aws:cloudwatch:us-east-1:488678936715:alarm:flight-data-pipeline-dev-dynamodb-write-throttles",
            "comparison_operator": "GreaterThanThreshold",
            "datapoints_to_alarm": 0,
            "dimensions": {
              "TableName": "flight-data-pipeline-dev-pipeline-tracking"
            },
            "evaluate_low_sample_count_percentiles": "",
            "evaluation_periods": 2,
            "extended_statistic": "",
            "id": "flight-data-pipeline-dev-dynamodb-write-throttles",
            "insufficient_data_actions": [],
            "metric_name": "WriteThrottles",
            "metric_query": [],
            "namespace": "AWS/DynamoDB",
            "ok_actions": [],
            "period": 300,
            "statistic": "Sum",
            "tags": {
              "AutoShutdown": "disabled",
              "BackupSchedule": "weekly",
              "Component": "monitoring",
              "CostCenter": "engineering",
              "CreatedDate": "2025-09-03",
              "DataClassification": "internal",
              "EncryptionRequired": "true",
              "Environment": "dev",
              "LastModified": "2025-09-03T00:59:39Z",
              "ManagedBy": "Terraform",
              "MonitoringEnabled": "false",
              "Name": "flight-data-pipeline-dev-dynamodb-write-throttles",
              "Owner": "DataEngineering",
              "Project": "flight-data-pipeline",
              "Purpose": "observability-and-alerting",
              "Service": "DynamoDB",
              "Severity": "Warning",
              "TerraformWorkspace": "default"
            },
            "tags_all": {
              "AutoShutdown": "disabled",
              "BackupSchedule": "weekly",
              "Component": "monitoring",
              "CostCenter": "engineering",
              "CreatedDate": "2025-09-03",
              "DataClassification": "internal",
              "EncryptionRequired": "true",
              "Environment": "dev",
              "LastModified": "2025-09-03T00:59:39Z",
              "ManagedBy": "Terraform",
              "MonitoringEnabled": "false",
              "Name": "flight-data-pipeline-dev-dynamodb-write-throttles",
              "Owner": "DataEngineering",
              "Project": "flight-data-pipeline",
              "Purpose": "observability-and-alerting",
              "Service": "DynamoDB",
              "Severity": "Warning",
              "TerraformWorkspace": "default"
            },
            "threshold": 0,
            "threshold_metric_id": "",
            "treat_missing_data": "missing",
            "unit": ""
          },
          "sensitive_attributes": [],
          "identity_schema_version": 0,
          "private": "eyJzY2hlbWFfdmVyc2lvbiI6IjEifQ==",
          "dependencies": [
            "module.monitoring.aws_dynamodb_table.pipeline_tracking",
            "module.monitoring.aws_sns_topic.email_alerts",
            "module.s3_data_lake.aws_kms_alias.s3_data_lake_key_alias",
            "module.s3_data_lake.aws_kms_key.s3_data_lake_key",
            "module.s3_data_lake.data.aws_caller_identity.current",
            "module.s3_data_lake.data.aws_partition.current"
          ]
        }
      ]
    },
    {
      "module": "module.monitoring",
      "mode": "managed",
      "type": "aws_cloudwatch_metric_alarm",
      "name": "low_data_quality",
      "provider": "provider[\"registry.terraform.io/hashicorp/aws\"]",
      "instances": [
        {
          "schema_version": 1,
          "attributes": {
            "actions_enabled": true,
            "alarm_actions": [
              "arn:aws:sns:us-east-1:488678936715:flight-data-pipeline-dev-email-alerts"
            ],
            "alarm_description": "Data quality score below 0.8",
            "alarm_name": "flight-data-pipeline-dev-low-data-quality",
            "arn": "arn:aws:cloudwatch:us-east-1:488678936715:alarm:flight-data-pipeline-dev-low-data-quality",
            "comparison_operator": "LessThanThreshold",
            "datapoints_to_alarm": 0,
            "dimensions": {
              "Environment": "dev"
            },
            "evaluate_low_sample_count_percentiles": "",
            "evaluation_periods": 3,
            "extended_statistic": "",
            "id": "flight-data-pipeline-dev-low-data-quality",
            "insufficient_data_actions": [],
            "metric_name": "DataQualityScore",
            "metric_query": [],
            "namespace": "FlightDataPipeline",
            "ok_actions": [
              "arn:aws:sns:us-east-1:488678936715:flight-data-pipeline-dev-email-alerts"
            ],
            "period": 300,
            "statistic": "Average",
            "tags": {
              "AutoShutdown": "disabled",
              "BackupSchedule": "weekly",
              "Component": "monitoring",
              "CostCenter": "engineering",
              "CreatedDate": "2025-09-03",
              "DataClassification": "internal",
              "EncryptionRequired": "true",
              "Environment": "dev",
              "LastModified": "2025-09-03T00:59:39Z",
              "ManagedBy": "Terraform",
              "MonitoringEnabled": "false",
              "Name": "flight-data-pipeline-dev-low-data-quality",
              "Owner": "DataEngineering",
              "Project": "flight-data-pipeline",
              "Purpose": "observability-and-alerting",
              "Severity": "Warning",
              "TerraformWorkspace": "default",
              "Type": "Data Quality"
            },
            "tags_all": {
              "AutoShutdown": "disabled",
              "BackupSchedule": "weekly",
              "Component": "monitoring",
              "CostCenter": "engineering",
              "CreatedDate": "2025-09-03",
              "DataClassification": "internal",
              "EncryptionRequired": "true",
              "Environment": "dev",
              "LastModified": "2025-09-03T00:59:39Z",
              "ManagedBy": "Terraform",
              "MonitoringEnabled": "false",
              "Name": "flight-data-pipeline-dev-low-data-quality",
              "Owner": "DataEngineering",
              "Project": "flight-data-pipeline",
              "Purpose": "observability-and-alerting",
              "Severity": "Warning",
              "TerraformWorkspace": "default",
              "Type": "Data Quality"
            },
            "threshold": 0.8,
            "threshold_metric_id": "",
            "treat_missing_data": "breaching",
            "unit": ""
          },
          "sensitive_attributes": [],
          "identity_schema_version": 0,
          "private": "eyJzY2hlbWFfdmVyc2lvbiI6IjEifQ==",
          "dependencies": [
            "module.monitoring.aws_sns_topic.email_alerts",
            "module.s3_data_lake.aws_kms_alias.s3_data_lake_key_alias",
            "module.s3_data_lake.aws_kms_key.s3_data_lake_key",
            "module.s3_data_lake.data.aws_caller_identity.current",
            "module.s3_data_lake.data.aws_partition.current"
          ]
        }
      ]
    },
    {
      "module": "module.monitoring",
      "mode": "managed",
      "type": "aws_cloudwatch_metric_alarm",
      "name": "pipeline_availability",
      "provider": "provider[\"registry.terraform.io/hashicorp/aws\"]",
      "instances": [
        {
          "schema_version": 1,
          "attributes": {
            "actions_enabled": true,
            "alarm_actions": [
              "arn:aws:sns:us-east-1:488678936715:flight-data-pipeline-dev-email-alerts"
            ],
            "alarm_description": "Pipeline availability below 99%",
            "alarm_name": "flight-data-pipeline-dev-pipeline-availability",
            "arn": "arn:aws:cloudwatch:us-east-1:488678936715:alarm:flight-data-pipeline-dev-pipeline-availability",
            "comparison_operator": "LessThanThreshold",
            "datapoints_to_alarm": 0,
            "dimensions": {
              "Environment": "dev"
            },
            "evaluate_low_sample_count_percentiles": "",
            "evaluation_periods": 3,
            "extended_statistic": "",
            "id": "flight-data-pipeline-dev-pipeline-availability",
            "insufficient_data_actions": [],
            "metric_name": "PipelineUptime",
            "metric_query": [],
            "namespace": "FlightDataPipeline",
            "ok_actions": [],
            "period": 300,
            "statistic": "Average",
            "tags": {
              "AutoShutdown": "disabled",
              "BackupSchedule": "weekly",
              "Component": "monitoring",
              "CostCenter": "engineering",
              "CreatedDate": "2025-09-03",
              "DataClassification": "internal",
              "EncryptionRequired": "true",
              "Environment": "dev",
              "LastModified": "2025-09-03T00:59:39Z",
              "ManagedBy": "Terraform",
              "MonitoringEnabled": "false",
              "Name": "flight-data-pipeline-dev-pipeline-availability",
              "Owner": "DataEngineering",
              "Project": "flight-data-pipeline",
              "Purpose": "observability-and-alerting",
              "Severity": "Critical",
              "TerraformWorkspace": "default",
              "Type": "Availability"
            },
            "tags_all": {
              "AutoShutdown": "disabled",
              "BackupSchedule": "weekly",
              "Component": "monitoring",
              "CostCenter": "engineering",
              "CreatedDate": "2025-09-03",
              "DataClassification": "internal",
              "EncryptionRequired": "true",
              "Environment": "dev",
              "LastModified": "2025-09-03T00:59:39Z",
              "ManagedBy": "Terraform",
              "MonitoringEnabled": "false",
              "Name": "flight-data-pipeline-dev-pipeline-availability",
              "Owner": "DataEngineering",
              "Project": "flight-data-pipeline",
              "Purpose": "observability-and-alerting",
              "Severity": "Critical",
              "TerraformWorkspace": "default",
              "Type": "Availability"
            },
            "threshold": 0.99,
            "threshold_metric_id": "",
            "treat_missing_data": "missing",
            "unit": ""
          },
          "sensitive_attributes": [],
          "identity_schema_version": 0,
          "private": "eyJzY2hlbWFfdmVyc2lvbiI6IjEifQ==",
          "dependencies": [
            "module.monitoring.aws_sns_topic.critical_alerts",
            "module.monitoring.aws_sns_topic.email_alerts",
            "module.s3_data_lake.aws_kms_alias.s3_data_lake_key_alias",
            "module.s3_data_lake.aws_kms_key.s3_data_lake_key",
            "module.s3_data_lake.data.aws_caller_identity.current",
            "module.s3_data_lake.data.aws_partition.current"
          ]
        }
      ]
    },
    {
      "module": "module.monitoring",
      "mode": "managed",
      "type": "aws_cloudwatch_metric_alarm",
      "name": "s3_billing",
      "provider": "provider[\"registry.terraform.io/hashicorp/aws\"].us-east-1",
      "instances": [
        {
          "schema_version": 1,
          "attributes": {
            "actions_enabled": true,
            "alarm_actions": [
              "arn:aws:sns:us-east-1:488678936715:flight-data-pipeline-dev-email-alerts"
            ],
            "alarm_description": "S3 billing exceeded 10 USD",
            "alarm_name": "flight-data-pipeline-dev-s3-billing",
            "arn": "arn:aws:cloudwatch:us-east-1:488678936715:alarm:flight-data-pipeline-dev-s3-billing",
            "comparison_operator": "GreaterThanThreshold",
            "datapoints_to_alarm": 0,
            "dimensions": {
              "Currency": "USD",
              "ServiceName": "AmazonS3"
            },
            "evaluate_low_sample_count_percentiles": "",
            "evaluation_periods": 1,
            "extended_statistic": "",
            "id": "flight-data-pipeline-dev-s3-billing",
            "insufficient_data_actions": [],
            "metric_name": "EstimatedCharges",
            "metric_query": [],
            "namespace": "AWS/Billing",
            "ok_actions": [],
            "period": 86400,
            "statistic": "Maximum",
            "tags": {
              "AutoShutdown": "disabled",
              "BackupSchedule": "weekly",
              "Component": "monitoring",
              "CostCenter": "engineering",
              "CreatedDate": "2025-09-03",
              "DataClassification": "internal",
              "EncryptionRequired": "true",
              "Environment": "dev",
              "LastModified": "2025-09-03T00:59:39Z",
              "ManagedBy": "Terraform",
              "MonitoringEnabled": "false",
              "Name": "flight-data-pipeline-dev-s3-billing",
              "Owner": "DataEngineering",
              "Project": "flight-data-pipeline",
              "Purpose": "observability-and-alerting",
              "Service": "S3",
              "Severity": "Warning",
              "TerraformWorkspace": "default"
            },
            "tags_all": {
              "AutoShutdown": "disabled",
              "BackupSchedule": "weekly",
              "Component": "monitoring",
              "CostCenter": "engineering",
              "CreatedDate": "2025-09-03",
              "DataClassification": "internal",
              "EncryptionRequired": "true",
              "Environment": "dev",
              "LastModified": "2025-09-03T00:59:39Z",
              "ManagedBy": "Terraform",
              "MonitoringEnabled": "false",
              "Name": "flight-data-pipeline-dev-s3-billing",
              "Owner": "DataEngineering",
              "Project": "flight-data-pipeline",
              "Purpose": "observability-and-alerting",
              "Service": "S3",
              "Severity": "Warning",
              "TerraformWorkspace": "default"
            },
            "threshold": 10,
            "threshold_metric_id": "",
            "treat_missing_data": "missing",
            "unit": ""
          },
          "sensitive_attributes": [],
          "identity_schema_version": 0,
          "private": "eyJzY2hlbWFfdmVyc2lvbiI6IjEifQ==",
          "dependencies": [
            "module.monitoring.aws_sns_topic.email_alerts",
            "module.s3_data_lake.aws_kms_alias.s3_data_lake_key_alias",
            "module.s3_data_lake.aws_kms_key.s3_data_lake_key",
            "module.s3_data_lake.data.aws_caller_identity.current",
            "module.s3_data_lake.data.aws_partition.current"
          ]
        }
      ]
    },
    {
      "module": "module.monitoring",
      "mode": "managed",
      "type": "aws_cloudwatch_metric_alarm",
      "name": "s3_storage_growth",
      "provider": "provider[\"registry.terraform.io/hashicorp/aws\"]",
      "instances": [
        {
          "index_key": "athena_results",
          "schema_version": 1,
          "attributes": {
            "actions_enabled": true,
            "alarm_actions": [
              "arn:aws:sns:us-east-1:488678936715:flight-data-pipeline-dev-email-alerts"
            ],
            "alarm_description": "S3 bucket athena_results size exceeded threshold",
            "alarm_name": "flight-data-pipeline-dev-athena_results-storage-growth",
            "arn": "arn:aws:cloudwatch:us-east-1:488678936715:alarm:flight-data-pipeline-dev-athena_results-storage-growth",
            "comparison_operator": "GreaterThanThreshold",
            "datapoints_to_alarm": 0,
            "dimensions": {
              "BucketName": "flight-data-pipeline-dev-athena-results-y10swyy3",
              "StorageType": "StandardStorage"
            },
            "evaluate_low_sample_count_percentiles": "",
            "evaluation_periods": 1,
            "extended_statistic": "",
            "id": "flight-data-pipeline-dev-athena_results-storage-growth",
            "insufficient_data_actions": [],
            "metric_name": "BucketSizeBytes",
            "metric_query": [],
            "namespace": "AWS/S3",
            "ok_actions": [],
            "period": 86400,
            "statistic": "Average",
            "tags": {
              "AutoShutdown": "disabled",
              "BackupSchedule": "weekly",
              "Bucket": "athena_results",
              "Component": "monitoring",
              "CostCenter": "engineering",
              "CreatedDate": "2025-09-03",
              "DataClassification": "internal",
              "EncryptionRequired": "true",
              "Environment": "dev",
              "LastModified": "2025-09-03T00:59:39Z",
              "ManagedBy": "Terraform",
              "MonitoringEnabled": "false",
              "Name": "flight-data-pipeline-dev-athena_results-storage-growth",
              "Owner": "DataEngineering",
              "Project": "flight-data-pipeline",
              "Purpose": "observability-and-alerting",
              "Severity": "Warning",
              "TerraformWorkspace": "default"
            },
            "tags_all": {
              "AutoShutdown": "disabled",
              "BackupSchedule": "weekly",
              "Bucket": "athena_results",
              "Component": "monitoring",
              "CostCenter": "engineering",
              "CreatedDate": "2025-09-03",
              "DataClassification": "internal",
              "EncryptionRequired": "true",
              "Environment": "dev",
              "LastModified": "2025-09-03T00:59:39Z",
              "ManagedBy": "Terraform",
              "MonitoringEnabled": "false",
              "Name": "flight-data-pipeline-dev-athena_results-storage-growth",
              "Owner": "DataEngineering",
              "Project": "flight-data-pipeline",
              "Purpose": "observability-and-alerting",
              "Severity": "Warning",
              "TerraformWorkspace": "default"
            },
            "threshold": 107374182400,
            "threshold_metric_id": "",
            "treat_missing_data": "missing",
            "unit": ""
          },
          "sensitive_attributes": [],
          "identity_schema_version": 0,
          "private": "eyJzY2hlbWFfdmVyc2lvbiI6IjEifQ==",
          "dependencies": [
            "module.monitoring.aws_sns_topic.email_alerts",
            "module.s3_data_lake.aws_kms_alias.s3_data_lake_key_alias",
            "module.s3_data_lake.aws_kms_key.s3_data_lake_key",
            "module.s3_data_lake.aws_s3_bucket.access_logs",
            "module.s3_data_lake.aws_s3_bucket.athena_results",
            "module.s3_data_lake.aws_s3_bucket.processed_data",
            "module.s3_data_lake.aws_s3_bucket.raw_data",
            "module.s3_data_lake.data.aws_caller_identity.current",
            "module.s3_data_lake.data.aws_partition.current",
            "random_string.suffix"
          ]
        },
        {
          "index_key": "processed_data",
          "schema_version": 1,
          "attributes": {
            "actions_enabled": true,
            "alarm_actions": [
              "arn:aws:sns:us-east-1:488678936715:flight-data-pipeline-dev-email-alerts"
            ],
            "alarm_description": "S3 bucket processed_data size exceeded threshold",
            "alarm_name": "flight-data-pipeline-dev-processed_data-storage-growth",
            "arn": "arn:aws:cloudwatch:us-east-1:488678936715:alarm:flight-data-pipeline-dev-processed_data-storage-growth",
            "comparison_operator": "GreaterThanThreshold",
            "datapoints_to_alarm": 0,
            "dimensions": {
              "BucketName": "flight-data-pipeline-dev-processed-data-y10swyy3",
              "StorageType": "StandardStorage"
            },
            "evaluate_low_sample_count_percentiles": "",
            "evaluation_periods": 1,
            "extended_statistic": "",
            "id": "flight-data-pipeline-dev-processed_data-storage-growth",
            "insufficient_data_actions": [],
            "metric_name": "BucketSizeBytes",
            "metric_query": [],
            "namespace": "AWS/S3",
            "ok_actions": [],
            "period": 86400,
            "statistic": "Average",
            "tags": {
              "AutoShutdown": "disabled",
              "BackupSchedule": "weekly",
              "Bucket": "processed_data",
              "Component": "monitoring",
              "CostCenter": "engineering",
              "CreatedDate": "2025-09-03",
              "DataClassification": "internal",
              "EncryptionRequired": "true",
              "Environment": "dev",
              "LastModified": "2025-09-03T00:59:39Z",
              "ManagedBy": "Terraform",
              "MonitoringEnabled": "false",
              "Name": "flight-data-pipeline-dev-processed_data-storage-growth",
              "Owner": "DataEngineering",
              "Project": "flight-data-pipeline",
              "Purpose": "observability-and-alerting",
              "Severity": "Warning",
              "TerraformWorkspace": "default"
            },
            "tags_all": {
              "AutoShutdown": "disabled",
              "BackupSchedule": "weekly",
              "Bucket": "processed_data",
              "Component": "monitoring",
              "CostCenter": "engineering",
              "CreatedDate": "2025-09-03",
              "DataClassification": "internal",
              "EncryptionRequired": "true",
              "Environment": "dev",
              "LastModified": "2025-09-03T00:59:39Z",
              "ManagedBy": "Terraform",
              "MonitoringEnabled": "false",
              "Name": "flight-data-pipeline-dev-processed_data-storage-growth",
              "Owner": "DataEngineering",
              "Project": "flight-data-pipeline",
              "Purpose": "observability-and-alerting",
              "Severity": "Warning",
              "TerraformWorkspace": "default"
            },
            "threshold": 107374182400,
            "threshold_metric_id": "",
            "treat_missing_data": "missing",
            "unit": ""
          },
          "sensitive_attributes": [],
          "identity_schema_version": 0,
          "private": "eyJzY2hlbWFfdmVyc2lvbiI6IjEifQ==",
          "dependencies": [
            "module.monitoring.aws_sns_topic.email_alerts",
            "module.s3_data_lake.aws_kms_alias.s3_data_lake_key_alias",
            "module.s3_data_lake.aws_kms_key.s3_data_lake_key",
            "module.s3_data_lake.aws_s3_bucket.access_logs",
            "module.s3_data_lake.aws_s3_bucket.athena_results",
            "module.s3_data_lake.aws_s3_bucket.processed_data",
            "module.s3_data_lake.aws_s3_bucket.raw_data",
            "module.s3_data_lake.data.aws_caller_identity.current",
            "module.s3_data_lake.data.aws_partition.current",
            "random_string.suffix"
          ]
        },
        {
          "index_key": "raw_data",
          "schema_version": 1,
          "attributes": {
            "actions_enabled": true,
            "alarm_actions": [
              "arn:aws:sns:us-east-1:488678936715:flight-data-pipeline-dev-email-alerts"
            ],
            "alarm_description": "S3 bucket raw_data size exceeded threshold",
            "alarm_name": "flight-data-pipeline-dev-raw_data-storage-growth",
            "arn": "arn:aws:cloudwatch:us-east-1:488678936715:alarm:flight-data-pipeline-dev-raw_data-storage-growth",
            "comparison_operator": "GreaterThanThreshold",
            "datapoints_to_alarm": 0,
            "dimensions": {
              "BucketName": "flight-data-pipeline-dev-raw-data-y10swyy3",
              "StorageType": "StandardStorage"
            },
            "evaluate_low_sample_count_percentiles": "",
            "evaluation_periods": 1,
            "extended_statistic": "",
            "id": "flight-data-pipeline-dev-raw_data-storage-growth",
            "insufficient_data_actions": [],
            "metric_name": "BucketSizeBytes",
            "metric_query": [],
            "namespace": "AWS/S3",
            "ok_actions": [],
            "period": 86400,
            "statistic": "Average",
            "tags": {
              "AutoShutdown": "disabled",
              "BackupSchedule": "weekly",
              "Bucket": "raw_data",
              "Component": "monitoring",
              "CostCenter": "engineering",
              "CreatedDate": "2025-09-03",
              "DataClassification": "internal",
              "EncryptionRequired": "true",
              "Environment": "dev",
              "LastModified": "2025-09-03T00:59:39Z",
              "ManagedBy": "Terraform",
              "MonitoringEnabled": "false",
              "Name": "flight-data-pipeline-dev-raw_data-storage-growth",
              "Owner": "DataEngineering",
              "Project": "flight-data-pipeline",
              "Purpose": "observability-and-alerting",
              "Severity": "Warning",
              "TerraformWorkspace": "default"
            },
            "tags_all": {
              "AutoShutdown": "disabled",
              "BackupSchedule": "weekly",
              "Bucket": "raw_data",
              "Component": "monitoring",
              "CostCenter": "engineering",
              "CreatedDate": "2025-09-03",
              "DataClassification": "internal",
              "EncryptionRequired": "true",
              "Environment": "dev",
              "LastModified": "2025-09-03T00:59:39Z",
              "ManagedBy": "Terraform",
              "MonitoringEnabled": "false",
              "Name": "flight-data-pipeline-dev-raw_data-storage-growth",
              "Owner": "DataEngineering",
              "Project": "flight-data-pipeline",
              "Purpose": "observability-and-alerting",
              "Severity": "Warning",
              "TerraformWorkspace": "default"
            },
            "threshold": 107374182400,
            "threshold_metric_id": "",
            "treat_missing_data": "missing",
            "unit": ""
          },
          "sensitive_attributes": [],
          "identity_schema_version": 0,
          "private": "eyJzY2hlbWFfdmVyc2lvbiI6IjEifQ==",
          "dependencies": [
            "module.monitoring.aws_sns_topic.email_alerts",
            "module.s3_data_lake.aws_kms_alias.s3_data_lake_key_alias",
            "module.s3_data_lake.aws_kms_key.s3_data_lake_key",
            "module.s3_data_lake.aws_s3_bucket.access_logs",
            "module.s3_data_lake.aws_s3_bucket.athena_results",
            "module.s3_data_lake.aws_s3_bucket.processed_data",
            "module.s3_data_lake.aws_s3_bucket.raw_data",
            "module.s3_data_lake.data.aws_caller_identity.current",
            "module.s3_data_lake.data.aws_partition.current",
            "random_string.suffix"
          ]
        }
      ]
    },
    {
      "module": "module.monitoring",
      "mode": "managed",
      "type": "aws_cloudwatch_metric_alarm",
      "name": "s3_storage_optimization",
      "provider": "provider[\"registry.terraform.io/hashicorp/aws\"]",
      "instances": [
        {
          "index_key": "athena_results",
          "schema_version": 1,
          "attributes": {
            "actions_enabled": true,
            "alarm_actions": [
              "arn:aws:sns:us-east-1:488678936715:flight-data-pipeline-dev-email-alerts"
            ],
            "alarm_description": "S3 bucket athena_results may benefit from lifecycle optimization",
            "alarm_name": "flight-data-pipeline-dev-athena_results-storage-optimization",
            "arn": "arn:aws:cloudwatch:us-east-1:488678936715:alarm:flight-data-pipeline-dev-athena_results-storage-optimization",
            "comparison_operator": "LessThanThreshold",
            "datapoints_to_alarm": 0,
            "dimensions": {},
            "evaluate_low_sample_count_percentiles": "",
            "evaluation_periods": 1,
            "extended_statistic": "",
            "id": "flight-data-pipeline-dev-athena_results-storage-optimization",
            "insufficient_data_actions": [],
            "metric_name": "",
            "metric_query": [
              {
                "account_id": "",
                "expression": "",
                "id": "ia_storage",
                "label": "",
                "metric": [
                  {
                    "dimensions": {
                      "BucketName": "flight-data-pipeline-dev-athena-results-y10swyy3",
                      "StorageType": "StandardIAStorage"
                    },
                    "metric_name": "BucketSizeBytes",
                    "namespace": "AWS/S3",
                    "period": 86400,
                    "stat": "Average",
                    "unit": ""
                  }
                ],
                "period": 0,
                "return_data": false
              },
              {
                "account_id": "",
                "expression": "",
                "id": "standard_storage",
                "label": "",
                "metric": [
                  {
                    "dimensions": {
                      "BucketName": "flight-data-pipeline-dev-athena-results-y10swyy3",
                      "StorageType": "StandardStorage"
                    },
                    "metric_name": "BucketSizeBytes",
                    "namespace": "AWS/S3",
                    "period": 86400,
                    "stat": "Average",
                    "unit": ""
                  }
                ],
                "period": 0,
                "return_data": false
              },
              {
                "account_id": "",
                "expression": "ia_storage/(standard_storage+ia_storage)",
                "id": "optimization_ratio",
                "label": "IA Storage Ratio",
                "metric": [],
                "period": 0,
                "return_data": true
              }
            ],
            "namespace": "",
            "ok_actions": [],
            "period": 0,
            "statistic": "",
            "tags": {
              "AutoShutdown": "disabled",
              "BackupSchedule": "weekly",
              "Component": "monitoring",
              "CostCenter": "engineering",
              "CreatedDate": "2025-09-03",
              "DataClassification": "internal",
              "EncryptionRequired": "true",
              "Environment": "dev",
              "LastModified": "2025-09-03T00:59:39Z",
              "ManagedBy": "Terraform",
              "MonitoringEnabled": "false",
              "Name": "flight-data-pipeline-dev-athena_results-storage-optimization",
              "Owner": "DataEngineering",
              "Project": "flight-data-pipeline",
              "Purpose": "observability-and-alerting",
              "Severity": "Info",
              "TerraformWorkspace": "default",
              "Type": "Cost Optimization"
            },
            "tags_all": {
              "AutoShutdown": "disabled",
              "BackupSchedule": "weekly",
              "Component": "monitoring",
              "CostCenter": "engineering",
              "CreatedDate": "2025-09-03",
              "DataClassification": "internal",
              "EncryptionRequired": "true",
              "Environment": "dev",
              "LastModified": "2025-09-03T00:59:39Z",
              "ManagedBy": "Terraform",
              "MonitoringEnabled": "false",
              "Name": "flight-data-pipeline-dev-athena_results-storage-optimization",
              "Owner": "DataEngineering",
              "Project": "flight-data-pipeline",
              "Purpose": "observability-and-alerting",
              "Severity": "Info",
              "TerraformWorkspace": "default",
              "Type": "Cost Optimization"
            },
            "threshold": 0.3,
            "threshold_metric_id": "",
            "treat_missing_data": "notBreaching",
            "unit": ""
          },
          "sensitive_attributes": [],
          "identity_schema_version": 0,
          "private": "eyJzY2hlbWFfdmVyc2lvbiI6IjEifQ==",
          "dependencies": [
            "module.monitoring.aws_sns_topic.email_alerts",
            "module.s3_data_lake.aws_kms_alias.s3_data_lake_key_alias",
            "module.s3_data_lake.aws_kms_key.s3_data_lake_key",
            "module.s3_data_lake.aws_s3_bucket.access_logs",
            "module.s3_data_lake.aws_s3_bucket.athena_results",
            "module.s3_data_lake.aws_s3_bucket.processed_data",
            "module.s3_data_lake.aws_s3_bucket.raw_data",
            "module.s3_data_lake.data.aws_caller_identity.current",
            "module.s3_data_lake.data.aws_partition.current",
            "random_string.suffix"
          ]
        },
        {
          "index_key": "processed_data",
          "schema_version": 1,
          "attributes": {
            "actions_enabled": true,
            "alarm_actions": [
              "arn:aws:sns:us-east-1:488678936715:flight-data-pipeline-dev-email-alerts"
            ],
            "alarm_description": "S3 bucket processed_data may benefit from lifecycle optimization",
            "alarm_name": "flight-data-pipeline-dev-processed_data-storage-optimization",
            "arn": "arn:aws:cloudwatch:us-east-1:488678936715:alarm:flight-data-pipeline-dev-processed_data-storage-optimization",
            "comparison_operator": "LessThanThreshold",
            "datapoints_to_alarm": 0,
            "dimensions": {},
            "evaluate_low_sample_count_percentiles": "",
            "evaluation_periods": 1,
            "extended_statistic": "",
            "id": "flight-data-pipeline-dev-processed_data-storage-optimization",
            "insufficient_data_actions": [],
            "metric_name": "",
            "metric_query": [
              {
                "account_id": "",
                "expression": "",
                "id": "ia_storage",
                "label": "",
                "metric": [
                  {
                    "dimensions": {
                      "BucketName": "flight-data-pipeline-dev-processed-data-y10swyy3",
                      "StorageType": "StandardIAStorage"
                    },
                    "metric_name": "BucketSizeBytes",
                    "namespace": "AWS/S3",
                    "period": 86400,
                    "stat": "Average",
                    "unit": ""
                  }
                ],
                "period": 0,
                "return_data": false
              },
              {
                "account_id": "",
                "expression": "",
                "id": "standard_storage",
                "label": "",
                "metric": [
                  {
                    "dimensions": {
                      "BucketName": "flight-data-pipeline-dev-processed-data-y10swyy3",
                      "StorageType": "StandardStorage"
                    },
                    "metric_name": "BucketSizeBytes",
                    "namespace": "AWS/S3",
                    "period": 86400,
                    "stat": "Average",
                    "unit": ""
                  }
                ],
                "period": 0,
                "return_data": false
              },
              {
                "account_id": "",
                "expression": "ia_storage/(standard_storage+ia_storage)",
                "id": "optimization_ratio",
                "label": "IA Storage Ratio",
                "metric": [],
                "period": 0,
                "return_data": true
              }
            ],
            "namespace": "",
            "ok_actions": [],
            "period": 0,
            "statistic": "",
            "tags": {
              "AutoShutdown": "disabled",
              "BackupSchedule": "weekly",
              "Component": "monitoring",
              "CostCenter": "engineering",
              "CreatedDate": "2025-09-03",
              "DataClassification": "internal",
              "EncryptionRequired": "true",
              "Environment": "dev",
              "LastModified": "2025-09-03T00:59:39Z",
              "ManagedBy": "Terraform",
              "MonitoringEnabled": "false",
              "Name": "flight-data-pipeline-dev-processed_data-storage-optimization",
              "Owner": "DataEngineering",
              "Project": "flight-data-pipeline",
              "Purpose": "observability-and-alerting",
              "Severity": "Info",
              "TerraformWorkspace": "default",
              "Type": "Cost Optimization"
            },
            "tags_all": {
              "AutoShutdown": "disabled",
              "BackupSchedule": "weekly",
              "Component": "monitoring",
              "CostCenter": "engineering",
              "CreatedDate": "2025-09-03",
              "DataClassification": "internal",
              "EncryptionRequired": "true",
              "Environment": "dev",
              "LastModified": "2025-09-03T00:59:39Z",
              "ManagedBy": "Terraform",
              "MonitoringEnabled": "false",
              "Name": "flight-data-pipeline-dev-processed_data-storage-optimization",
              "Owner": "DataEngineering",
              "Project": "flight-data-pipeline",
              "Purpose": "observability-and-alerting",
              "Severity": "Info",
              "TerraformWorkspace": "default",
              "Type": "Cost Optimization"
            },
            "threshold": 0.3,
            "threshold_metric_id": "",
            "treat_missing_data": "notBreaching",
            "unit": ""
          },
          "sensitive_attributes": [],
          "identity_schema_version": 0,
          "private": "eyJzY2hlbWFfdmVyc2lvbiI6IjEifQ==",
          "dependencies": [
            "module.monitoring.aws_sns_topic.email_alerts",
            "module.s3_data_lake.aws_kms_alias.s3_data_lake_key_alias",
            "module.s3_data_lake.aws_kms_key.s3_data_lake_key",
            "module.s3_data_lake.aws_s3_bucket.access_logs",
            "module.s3_data_lake.aws_s3_bucket.athena_results",
            "module.s3_data_lake.aws_s3_bucket.processed_data",
            "module.s3_data_lake.aws_s3_bucket.raw_data",
            "module.s3_data_lake.data.aws_caller_identity.current",
            "module.s3_data_lake.data.aws_partition.current",
            "random_string.suffix"
          ]
        },
        {
          "index_key": "raw_data",
          "schema_version": 1,
          "attributes": {
            "actions_enabled": true,
            "alarm_actions": [
              "arn:aws:sns:us-east-1:488678936715:flight-data-pipeline-dev-email-alerts"
            ],
            "alarm_description": "S3 bucket raw_data may benefit from lifecycle optimization",
            "alarm_name": "flight-data-pipeline-dev-raw_data-storage-optimization",
            "arn": "arn:aws:cloudwatch:us-east-1:488678936715:alarm:flight-data-pipeline-dev-raw_data-storage-optimization",
            "comparison_operator": "LessThanThreshold",
            "datapoints_to_alarm": 0,
            "dimensions": {},
            "evaluate_low_sample_count_percentiles": "",
            "evaluation_periods": 1,
            "extended_statistic": "",
            "id": "flight-data-pipeline-dev-raw_data-storage-optimization",
            "insufficient_data_actions": [],
            "metric_name": "",
            "metric_query": [
              {
                "account_id": "",
                "expression": "",
                "id": "ia_storage",
                "label": "",
                "metric": [
                  {
                    "dimensions": {
                      "BucketName": "flight-data-pipeline-dev-raw-data-y10swyy3",
                      "StorageType": "StandardIAStorage"
                    },
                    "metric_name": "BucketSizeBytes",
                    "namespace": "AWS/S3",
                    "period": 86400,
                    "stat": "Average",
                    "unit": ""
                  }
                ],
                "period": 0,
                "return_data": false
              },
              {
                "account_id": "",
                "expression": "",
                "id": "standard_storage",
                "label": "",
                "metric": [
                  {
                    "dimensions": {
                      "BucketName": "flight-data-pipeline-dev-raw-data-y10swyy3",
                      "StorageType": "StandardStorage"
                    },
                    "metric_name": "BucketSizeBytes",
                    "namespace": "AWS/S3",
                    "period": 86400,
                    "stat": "Average",
                    "unit": ""
                  }
                ],
                "period": 0,
                "return_data": false
              },
              {
                "account_id": "",
                "expression": "ia_storage/(standard_storage+ia_storage)",
                "id": "optimization_ratio",
                "label": "IA Storage Ratio",
                "metric": [],
                "period": 0,
                "return_data": true
              }
            ],
            "namespace": "",
            "ok_actions": [],
            "period": 0,
            "statistic": "",
            "tags": {
              "AutoShutdown": "disabled",
              "BackupSchedule": "weekly",
              "Component": "monitoring",
              "CostCenter": "engineering",
              "CreatedDate": "2025-09-03",
              "DataClassification": "internal",
              "EncryptionRequired": "true",
              "Environment": "dev",
              "LastModified": "2025-09-03T00:59:39Z",
              "ManagedBy": "Terraform",
              "MonitoringEnabled": "false",
              "Name": "flight-data-pipeline-dev-raw_data-storage-optimization",
              "Owner": "DataEngineering",
              "Project": "flight-data-pipeline",
              "Purpose": "observability-and-alerting",
              "Severity": "Info",
              "TerraformWorkspace": "default",
              "Type": "Cost Optimization"
            },
            "tags_all": {
              "AutoShutdown": "disabled",
              "BackupSchedule": "weekly",
              "Component": "monitoring",
              "CostCenter": "engineering",
              "CreatedDate": "2025-09-03",
              "DataClassification": "internal",
              "EncryptionRequired": "true",
              "Environment": "dev",
              "LastModified": "2025-09-03T00:59:39Z",
              "ManagedBy": "Terraform",
              "MonitoringEnabled": "false",
              "Name": "flight-data-pipeline-dev-raw_data-storage-optimization",
              "Owner": "DataEngineering",
              "Project": "flight-data-pipeline",
              "Purpose": "observability-and-alerting",
              "Severity": "Info",
              "TerraformWorkspace": "default",
              "Type": "Cost Optimization"
            },
            "threshold": 0.3,
            "threshold_metric_id": "",
            "treat_missing_data": "notBreaching",
            "unit": ""
          },
          "sensitive_attributes": [],
          "identity_schema_version": 0,
          "private": "eyJzY2hlbWFfdmVyc2lvbiI6IjEifQ==",
          "dependencies": [
            "module.monitoring.aws_sns_topic.email_alerts",
            "module.s3_data_lake.aws_kms_alias.s3_data_lake_key_alias",
            "module.s3_data_lake.aws_kms_key.s3_data_lake_key",
            "module.s3_data_lake.aws_s3_bucket.access_logs",
            "module.s3_data_lake.aws_s3_bucket.athena_results",
            "module.s3_data_lake.aws_s3_bucket.processed_data",
            "module.s3_data_lake.aws_s3_bucket.raw_data",
            "module.s3_data_lake.data.aws_caller_identity.current",
            "module.s3_data_lake.data.aws_partition.current",
            "random_string.suffix"
          ]
        }
      ]
    },
    {
      "module": "module.monitoring",
      "mode": "managed",
      "type": "aws_dynamodb_table",
      "name": "pipeline_tracking",
      "provider": "provider[\"registry.terraform.io/hashicorp/aws\"]",
      "instances": [
        {
          "schema_version": 1,
          "attributes": {
            "arn": "arn:aws:dynamodb:us-east-1:488678936715:table/flight-data-pipeline-dev-pipeline-tracking",
            "attribute": [
              {
                "name": "execution_date",
                "type": "S"
              },
              {
                "name": "status",
                "type": "S"
              },
              {
                "name": "tracking_id",
                "type": "S"
              }
            ],
            "billing_mode": "PAY_PER_REQUEST",
            "deletion_protection_enabled": false,
            "global_secondary_index": [
              {
                "hash_key": "execution_date",
                "name": "ExecutionDateIndex",
                "non_key_attributes": [],
                "on_demand_throughput": [],
                "projection_type": "ALL",
                "range_key": "tracking_id",
                "read_capacity": 0,
                "write_capacity": 0
              },
              {
                "hash_key": "status",
                "name": "StatusIndex",
                "non_key_attributes": [],
                "on_demand_throughput": [],
                "projection_type": "ALL",
                "range_key": "tracking_id",
                "read_capacity": 0,
                "write_capacity": 0
              }
            ],
            "hash_key": "tracking_id",
            "id": "flight-data-pipeline-dev-pipeline-tracking",
            "import_table": [],
            "local_secondary_index": [],
            "name": "flight-data-pipeline-dev-pipeline-tracking",
            "on_demand_throughput": [],
            "point_in_time_recovery": [
              {
                "enabled": false,
                "recovery_period_in_days": 0
              }
            ],
            "range_key": null,
            "read_capacity": 0,
            "replica": [],
            "restore_date_time": null,
            "restore_source_name": null,
            "restore_source_table_arn": null,
            "restore_to_latest_time": null,
            "server_side_encryption": [
              {
                "enabled": true,
                "kms_key_arn": ""
              }
            ],
            "stream_arn": "",
            "stream_enabled": false,
            "stream_label": "",
            "stream_view_type": "",
            "table_class": "STANDARD",
            "tags": {
              "AutoShutdown": "disabled",
              "BackupSchedule": "weekly",
              "Component": "monitoring",
              "CostCenter": "engineering",
              "CreatedDate": "2025-09-03",
              "DataClassification": "internal",
              "EncryptionRequired": "true",
              "Environment": "dev",
              "LastModified": "2025-09-03T00:59:39Z",
              "ManagedBy": "Terraform",
              "MonitoringEnabled": "false",
              "Name": "flight-data-pipeline-dev-pipeline-tracking",
              "Owner": "DataEngineering",
              "Project": "flight-data-pipeline",
              "Purpose": "Pipeline execution tracking and monitoring",
              "TerraformWorkspace": "default"
            },
            "tags_all": {
              "AutoShutdown": "disabled",
              "BackupSchedule": "weekly",
              "Component": "monitoring",
              "CostCenter": "engineering",
              "CreatedDate": "2025-09-03",
              "DataClassification": "internal",
              "EncryptionRequired": "true",
              "Environment": "dev",
              "LastModified": "2025-09-03T00:59:39Z",
              "ManagedBy": "Terraform",
              "MonitoringEnabled": "false",
              "Name": "flight-data-pipeline-dev-pipeline-tracking",
              "Owner": "DataEngineering",
              "Project": "flight-data-pipeline",
              "Purpose": "Pipeline execution tracking and monitoring",
              "TerraformWorkspace": "default"
            },
            "timeouts": null,
            "ttl": [
              {
                "attribute_name": "expires_at",
                "enabled": true
              }
            ],
            "write_capacity": 0
          },
          "sensitive_attributes": [],
          "identity_schema_version": 0,
          "private": "eyJlMmJmYjczMC1lY2FhLTExZTYtOGY4OC0zNDM2M2JjN2M0YzAiOnsiY3JlYXRlIjoxODAwMDAwMDAwMDAwLCJkZWxldGUiOjYwMDAwMDAwMDAwMCwidXBkYXRlIjozNjAwMDAwMDAwMDAwfSwic2NoZW1hX3ZlcnNpb24iOiIxIn0=",
          "dependencies": [
            "module.s3_data_lake.aws_kms_alias.s3_data_lake_key_alias",
            "module.s3_data_lake.aws_kms_key.s3_data_lake_key",
            "module.s3_data_lake.data.aws_caller_identity.current",
            "module.s3_data_lake.data.aws_partition.current"
          ]
        }
      ]
    },
    {
      "module": "module.monitoring",
      "mode": "managed",
      "type": "aws_iam_role",
      "name": "slack_lambda_role",
      "provider": "provider[\"registry.terraform.io/hashicorp/aws\"]",
      "instances": []
    },
    {
      "module": "module.monitoring",
      "mode": "managed",
      "type": "aws_iam_role_policy_attachment",
      "name": "slack_lambda_basic",
      "provider": "provider[\"registry.terraform.io/hashicorp/aws\"]",
      "instances": []
    },
    {
      "module": "module.monitoring",
      "mode": "managed",
      "type": "aws_lambda_function",
      "name": "slack_formatter",
      "provider": "provider[\"registry.terraform.io/hashicorp/aws\"]",
      "instances": []
    },
    {
      "module": "module.monitoring",
      "mode": "managed",
      "type": "aws_lambda_permission",
      "name": "allow_sns_slack",
      "provider": "provider[\"registry.terraform.io/hashicorp/aws\"]",
      "instances": []
    },
    {
      "module": "module.monitoring",
      "mode": "managed",
      "type": "aws_sns_topic",
      "name": "budget_alerts",
      "provider": "provider[\"registry.terraform.io/hashicorp/aws\"]",
      "instances": [
        {
          "schema_version": 0,
          "attributes": {
            "application_failure_feedback_role_arn": "",
            "application_success_feedback_role_arn": "",
            "application_success_feedback_sample_rate": 0,
            "archive_policy": "",
            "arn": "arn:aws:sns:us-east-1:488678936715:flight-data-pipeline-dev-budget-alerts",
            "beginning_archive_time": "",
            "content_based_deduplication": false,
            "delivery_policy": "",
            "display_name": "",
            "fifo_throughput_scope": "",
            "fifo_topic": false,
            "firehose_failure_feedback_role_arn": "",
            "firehose_success_feedback_role_arn": "",
            "firehose_success_feedback_sample_rate": 0,
            "http_failure_feedback_role_arn": "",
            "http_success_feedback_role_arn": "",
            "http_success_feedback_sample_rate": 0,
            "id": "arn:aws:sns:us-east-1:488678936715:flight-data-pipeline-dev-budget-alerts",
            "kms_master_key_id": "",
            "lambda_failure_feedback_role_arn": "",
            "lambda_success_feedback_role_arn": "",
            "lambda_success_feedback_sample_rate": 0,
            "name": "flight-data-pipeline-dev-budget-alerts",
            "name_prefix": "",
            "owner": "488678936715",
            "policy": "{\"Id\":\"__default_policy_ID\",\"Statement\":[{\"Action\":[\"SNS:GetTopicAttributes\",\"SNS:SetTopicAttributes\",\"SNS:AddPermission\",\"SNS:RemovePermission\",\"SNS:DeleteTopic\",\"SNS:Subscribe\",\"SNS:ListSubscriptionsByTopic\",\"SNS:Publish\"],\"Condition\":{\"StringEquals\":{\"AWS:SourceOwner\":\"488678936715\"}},\"Effect\":\"Allow\",\"Principal\":{\"AWS\":\"*\"},\"Resource\":\"arn:aws:sns:us-east-1:488678936715:flight-data-pipeline-dev-budget-alerts\",\"Sid\":\"__default_statement_ID\"}],\"Version\":\"2008-10-17\"}",
            "signature_version": 0,
            "sqs_failure_feedback_role_arn": "",
            "sqs_success_feedback_role_arn": "",
            "sqs_success_feedback_sample_rate": 0,
            "tags": {
              "AutoShutdown": "disabled",
              "BackupSchedule": "weekly",
              "Component": "monitoring",
              "CostCenter": "engineering",
              "CreatedDate": "2025-09-03",
              "DataClassification": "internal",
              "EncryptionRequired": "true",
              "Environment": "dev",
              "LastModified": "2025-09-03T00:59:39Z",
              "ManagedBy": "Terraform",
              "MonitoringEnabled": "false",
              "Name": "flight-data-pipeline-dev-budget-alerts",
              "Owner": "DataEngineering",
              "Project": "flight-data-pipeline",
              "Purpose": "Budget and cost alerts",
              "TerraformWorkspace": "default"
            },
            "tags_all": {
              "AutoShutdown": "disabled",
              "BackupSchedule": "weekly",
              "Component": "monitoring",
              "CostCenter": "engineering",
              "CreatedDate": "2025-09-03",
              "DataClassification": "internal",
              "EncryptionRequired": "true",
              "Environment": "dev",
              "LastModified": "2025-09-03T00:59:39Z",
              "ManagedBy": "Terraform",
              "MonitoringEnabled": "false",
              "Name": "flight-data-pipeline-dev-budget-alerts",
              "Owner": "DataEngineering",
              "Project": "flight-data-pipeline",
              "Purpose": "Budget and cost alerts",
              "TerraformWorkspace": "default"
            },
            "tracing_config": ""
          },
          "sensitive_attributes": [],
          "identity_schema_version": 0,
          "private": "bnVsbA==",
          "dependencies": [
            "module.s3_data_lake.aws_kms_alias.s3_data_lake_key_alias",
            "module.s3_data_lake.aws_kms_key.s3_data_lake_key",
            "module.s3_data_lake.data.aws_caller_identity.current",
            "module.s3_data_lake.data.aws_partition.current"
          ]
        }
      ]
    },
    {
      "module": "module.monitoring",
      "mode": "managed",
      "type": "aws_sns_topic",
      "name": "critical_alerts",
      "provider": "provider[\"registry.terraform.io/hashicorp/aws\"]",
      "instances": [
        {
          "schema_version": 0,
          "attributes": {
            "application_failure_feedback_role_arn": "",
            "application_success_feedback_role_arn": "",
            "application_success_feedback_sample_rate": 0,
            "archive_policy": "",
            "arn": "arn:aws:sns:us-east-1:488678936715:flight-data-pipeline-dev-critical-alerts",
            "beginning_archive_time": "",
            "content_based_deduplication": false,
            "delivery_policy": "",
            "display_name": "",
            "fifo_throughput_scope": "",
            "fifo_topic": false,
            "firehose_failure_feedback_role_arn": "",
            "firehose_success_feedback_role_arn": "",
            "firehose_success_feedback_sample_rate": 0,
            "http_failure_feedback_role_arn": "",
            "http_success_feedback_role_arn": "",
            "http_success_feedback_sample_rate": 0,
            "id": "arn:aws:sns:us-east-1:488678936715:flight-data-pipeline-dev-critical-alerts",
            "kms_master_key_id": "",
            "lambda_failure_feedback_role_arn": "",
            "lambda_success_feedback_role_arn": "",
            "lambda_success_feedback_sample_rate": 0,
            "name": "flight-data-pipeline-dev-critical-alerts",
            "name_prefix": "",
            "owner": "488678936715",
            "policy": "{\"Id\":\"__default_policy_ID\",\"Statement\":[{\"Action\":[\"SNS:GetTopicAttributes\",\"SNS:SetTopicAttributes\",\"SNS:AddPermission\",\"SNS:RemovePermission\",\"SNS:DeleteTopic\",\"SNS:Subscribe\",\"SNS:ListSubscriptionsByTopic\",\"SNS:Publish\"],\"Condition\":{\"StringEquals\":{\"AWS:SourceOwner\":\"488678936715\"}},\"Effect\":\"Allow\",\"Principal\":{\"AWS\":\"*\"},\"Resource\":\"arn:aws:sns:us-east-1:488678936715:flight-data-pipeline-dev-critical-alerts\",\"Sid\":\"__default_statement_ID\"}],\"Version\":\"2008-10-17\"}",
            "signature_version": 0,
            "sqs_failure_feedback_role_arn": "",
            "sqs_success_feedback_role_arn": "",
            "sqs_success_feedback_sample_rate": 0,
            "tags": {
              "AutoShutdown": "disabled",
              "BackupSchedule": "weekly",
              "Component": "monitoring",
              "CostCenter": "engineering",
              "CreatedDate": "2025-09-03",
              "DataClassification": "internal",
              "EncryptionRequired": "true",
              "Environment": "dev",
              "LastModified": "2025-09-03T00:59:39Z",
              "ManagedBy": "Terraform",
              "MonitoringEnabled": "false",
              "Name": "flight-data-pipeline-dev-critical-alerts",
              "Owner": "DataEngineering",
              "Project": "flight-data-pipeline",
              "Purpose": "Critical SMS and email notifications",
              "TerraformWorkspace": "default"
            },
            "tags_all": {
              "AutoShutdown": "disabled",
              "BackupSchedule": "weekly",
              "Component": "monitoring",
              "CostCenter": "engineering",
              "CreatedDate": "2025-09-03",
              "DataClassification": "internal",
              "EncryptionRequired": "true",
              "Environment": "dev",
              "LastModified": "2025-09-03T00:59:39Z",
              "ManagedBy": "Terraform",
              "MonitoringEnabled": "false",
              "Name": "flight-data-pipeline-dev-critical-alerts",
              "Owner": "DataEngineering",
              "Project": "flight-data-pipeline",
              "Purpose": "Critical SMS and email notifications",
              "TerraformWorkspace": "default"
            },
            "tracing_config": ""
          },
          "sensitive_attributes": [],
          "identity_schema_version": 0,
          "private": "bnVsbA==",
          "dependencies": [
            "module.s3_data_lake.aws_kms_alias.s3_data_lake_key_alias",
            "module.s3_data_lake.aws_kms_key.s3_data_lake_key",
            "module.s3_data_lake.data.aws_caller_identity.current",
            "module.s3_data_lake.data.aws_partition.current"
          ]
        }
      ]
    },
    {
      "module": "module.monitoring",
      "mode": "managed",
      "type": "aws_sns_topic",
      "name": "email_alerts",
      "provider": "provider[\"registry.terraform.io/hashicorp/aws\"]",
      "instances": [
        {
          "schema_version": 0,
          "attributes": {
            "application_failure_feedback_role_arn": "",
            "application_success_feedback_role_arn": "",
            "application_success_feedback_sample_rate": 0,
            "archive_policy": "",
            "arn": "arn:aws:sns:us-east-1:488678936715:flight-data-pipeline-dev-email-alerts",
            "beginning_archive_time": "",
            "content_based_deduplication": false,
            "delivery_policy": "",
            "display_name": "",
            "fifo_throughput_scope": "",
            "fifo_topic": false,
            "firehose_failure_feedback_role_arn": "",
            "firehose_success_feedback_role_arn": "",
            "firehose_success_feedback_sample_rate": 0,
            "http_failure_feedback_role_arn": "",
            "http_success_feedback_role_arn": "",
            "http_success_feedback_sample_rate": 0,
            "id": "arn:aws:sns:us-east-1:488678936715:flight-data-pipeline-dev-email-alerts",
            "kms_master_key_id": "",
            "lambda_failure_feedback_role_arn": "",
            "lambda_success_feedback_role_arn": "",
            "lambda_success_feedback_sample_rate": 0,
            "name": "flight-data-pipeline-dev-email-alerts",
            "name_prefix": "",
            "owner": "488678936715",
            "policy": "{\"Id\":\"__default_policy_ID\",\"Statement\":[{\"Action\":[\"SNS:GetTopicAttributes\",\"SNS:SetTopicAttributes\",\"SNS:AddPermission\",\"SNS:RemovePermission\",\"SNS:DeleteTopic\",\"SNS:Subscribe\",\"SNS:ListSubscriptionsByTopic\",\"SNS:Publish\"],\"Condition\":{\"StringEquals\":{\"AWS:SourceOwner\":\"488678936715\"}},\"Effect\":\"Allow\",\"Principal\":{\"AWS\":\"*\"},\"Resource\":\"arn:aws:sns:us-east-1:488678936715:flight-data-pipeline-dev-email-alerts\",\"Sid\":\"__default_statement_ID\"}],\"Version\":\"2008-10-17\"}",
            "signature_version": 0,
            "sqs_failure_feedback_role_arn": "",
            "sqs_success_feedback_role_arn": "",
            "sqs_success_feedback_sample_rate": 0,
            "tags": {
              "AutoShutdown": "disabled",
              "BackupSchedule": "weekly",
              "Component": "monitoring",
              "CostCenter": "engineering",
              "CreatedDate": "2025-09-03",
              "DataClassification": "internal",
              "EncryptionRequired": "true",
              "Environment": "dev",
              "LastModified": "2025-09-03T00:59:39Z",
              "ManagedBy": "Terraform",
              "MonitoringEnabled": "false",
              "Name": "flight-data-pipeline-dev-email-alerts",
              "Owner": "DataEngineering",
              "Project": "flight-data-pipeline",
              "Purpose": "Email notifications for pipeline alerts",
              "TerraformWorkspace": "default"
            },
            "tags_all": {
              "AutoShutdown": "disabled",
              "BackupSchedule": "weekly",
              "Component": "monitoring",
              "CostCenter": "engineering",
              "CreatedDate": "2025-09-03",
              "DataClassification": "internal",
              "EncryptionRequired": "true",
              "Environment": "dev",
              "LastModified": "2025-09-03T00:59:39Z",
              "ManagedBy": "Terraform",
              "MonitoringEnabled": "false",
              "Name": "flight-data-pipeline-dev-email-alerts",
              "Owner": "DataEngineering",
              "Project": "flight-data-pipeline",
              "Purpose": "Email notifications for pipeline alerts",
              "TerraformWorkspace": "default"
            },
            "tracing_config": ""
          },
          "sensitive_attributes": [],
          "identity_schema_version": 0,
          "private": "bnVsbA==",
          "dependencies": [
            "module.s3_data_lake.aws_kms_alias.s3_data_lake_key_alias",
            "module.s3_data_lake.aws_kms_key.s3_data_lake_key",
            "module.s3_data_lake.data.aws_caller_identity.current",
            "module.s3_data_lake.data.aws_partition.current"
          ]
        }
      ]
    },
    {
      "module": "module.monitoring",
      "mode": "managed",
      "type": "aws_sns_topic",
      "name": "slack_alerts",
      "provider": "provider[\"registry.terraform.io/hashicorp/aws\"]",
      "instances": []
    },
    {
      "module": "module.monitoring",
      "mode": "managed",
      "type": "aws_sns_topic_subscription",
      "name": "budget_email_alerts",
      "provider": "provider[\"registry.terraform.io/hashicorp/aws\"]",
      "instances": [
        {
          "index_key": "chandra.r.dunn@gmail.com",
          "schema_version": 0,
          "attributes": {
            "arn": "arn:aws:sns:us-east-1:488678936715:flight-data-pipeline-dev-budget-alerts:4ac7fd54-c0ec-4ebe-bfe2-ad5c91517d8b",
            "confirmation_timeout_in_minutes": 1,
            "confirmation_was_authenticated": false,
            "delivery_policy": "",
            "endpoint": "chandra.r.dunn@gmail.com",
            "endpoint_auto_confirms": false,
            "filter_policy": "",
            "filter_policy_scope": "",
            "id": "arn:aws:sns:us-east-1:488678936715:flight-data-pipeline-dev-budget-alerts:4ac7fd54-c0ec-4ebe-bfe2-ad5c91517d8b",
            "owner_id": "488678936715",
            "pending_confirmation": true,
            "protocol": "email",
            "raw_message_delivery": false,
            "redrive_policy": "",
            "replay_policy": "",
            "subscription_role_arn": "",
            "topic_arn": "arn:aws:sns:us-east-1:488678936715:flight-data-pipeline-dev-budget-alerts"
          },
          "sensitive_attributes": [],
          "identity_schema_version": 0,
          "private": "bnVsbA==",
          "dependencies": [
            "module.monitoring.aws_sns_topic.budget_alerts",
            "module.s3_data_lake.aws_kms_alias.s3_data_lake_key_alias",
            "module.s3_data_lake.aws_kms_key.s3_data_lake_key",
            "module.s3_data_lake.data.aws_caller_identity.current",
            "module.s3_data_lake.data.aws_partition.current"
          ]
        }
      ]
    },
    {
      "module": "module.monitoring",
      "mode": "managed",
      "type": "aws_sns_topic_subscription",
      "name": "critical_email_alerts",
      "provider": "provider[\"registry.terraform.io/hashicorp/aws\"]",
      "instances": [
        {
          "index_key": "chandra.r.dunn@gmail.com",
          "schema_version": 0,
          "attributes": {
            "arn": "arn:aws:sns:us-east-1:488678936715:flight-data-pipeline-dev-critical-alerts:1de0b711-cde0-4f8d-b294-8a5e58274889",
            "confirmation_timeout_in_minutes": 1,
            "confirmation_was_authenticated": false,
            "delivery_policy": "",
            "endpoint": "chandra.r.dunn@gmail.com",
            "endpoint_auto_confirms": false,
            "filter_policy": "",
            "filter_policy_scope": "",
            "id": "arn:aws:sns:us-east-1:488678936715:flight-data-pipeline-dev-critical-alerts:1de0b711-cde0-4f8d-b294-8a5e58274889",
            "owner_id": "488678936715",
            "pending_confirmation": true,
            "protocol": "email",
            "raw_message_delivery": false,
            "redrive_policy": "",
            "replay_policy": "",
            "subscription_role_arn": "",
            "topic_arn": "arn:aws:sns:us-east-1:488678936715:flight-data-pipeline-dev-critical-alerts"
          },
          "sensitive_attributes": [],
          "identity_schema_version": 0,
          "private": "bnVsbA==",
          "dependencies": [
            "module.monitoring.aws_sns_topic.critical_alerts",
            "module.s3_data_lake.aws_kms_alias.s3_data_lake_key_alias",
            "module.s3_data_lake.aws_kms_key.s3_data_lake_key",
            "module.s3_data_lake.data.aws_caller_identity.current",
            "module.s3_data_lake.data.aws_partition.current"
          ]
        }
      ]
    },
    {
      "module": "module.monitoring",
      "mode": "managed",
      "type": "aws_sns_topic_subscription",
      "name": "email_alerts",
      "provider": "provider[\"registry.terraform.io/hashicorp/aws\"]",
      "instances": [
        {
          "index_key": "chandra.r.dunn@gmail.com",
          "schema_version": 0,
          "attributes": {
            "arn": "arn:aws:sns:us-east-1:488678936715:flight-data-pipeline-dev-email-alerts:42de6885-eecb-4137-a896-9c7730a99126",
            "confirmation_timeout_in_minutes": 1,
            "confirmation_was_authenticated": false,
            "delivery_policy": "",
            "endpoint": "chandra.r.dunn@gmail.com",
            "endpoint_auto_confirms": false,
            "filter_policy": "",
            "filter_policy_scope": "",
            "id": "arn:aws:sns:us-east-1:488678936715:flight-data-pipeline-dev-email-alerts:42de6885-eecb-4137-a896-9c7730a99126",
            "owner_id": "488678936715",
            "pending_confirmation": false,
            "protocol": "email",
            "raw_message_delivery": false,
            "redrive_policy": "",
            "replay_policy": "",
            "subscription_role_arn": "",
            "topic_arn": "arn:aws:sns:us-east-1:488678936715:flight-data-pipeline-dev-email-alerts"
          },
          "sensitive_attributes": [],
          "identity_schema_version": 0,
          "private": "bnVsbA==",
          "dependencies": [
            "module.monitoring.aws_sns_topic.email_alerts",
            "module.s3_data_lake.aws_kms_alias.s3_data_lake_key_alias",
            "module.s3_data_lake.aws_kms_key.s3_data_lake_key",
            "module.s3_data_lake.data.aws_caller_identity.current",
            "module.s3_data_lake.data.aws_partition.current"
          ]
        }
      ]
    },
    {
      "module": "module.monitoring",
      "mode": "managed",
      "type": "aws_sns_topic_subscription",
      "name": "slack_lambda_trigger",
      "provider": "provider[\"registry.terraform.io/hashicorp/aws\"]",
      "instances": []
    },
    {
      "module": "module.monitoring",
      "mode": "managed",
      "type": "aws_sns_topic_subscription",
      "name": "slack_webhook",
      "provider": "provider[\"registry.terraform.io/hashicorp/aws\"]",
      "instances": []
    },
    {
      "module": "module.monitoring",
      "mode": "managed",
      "type": "aws_sns_topic_subscription",
      "name": "sms_alerts",
      "provider": "provider[\"registry.terraform.io/hashicorp/aws\"]",
      "instances": []
    },
    {
      "module": "module.s3_data_lake",
      "mode": "data",
      "type": "aws_caller_identity",
      "name": "current",
      "provider": "provider[\"registry.terraform.io/hashicorp/aws\"]",
      "instances": [
        {
          "schema_version": 0,
          "attributes": {
            "account_id": "488678936715",
            "arn": "arn:aws:iam::488678936715:user/User1",
            "id": "488678936715",
            "user_id": "AIDAXDR4I2CF3XY5T5TLD"
          },
          "sensitive_attributes": [],
          "identity_schema_version": 0
        }
      ]
    },
    {
      "module": "module.s3_data_lake",
      "mode": "data",
      "type": "aws_partition",
      "name": "current",
      "provider": "provider[\"registry.terraform.io/hashicorp/aws\"]",
      "instances": [
        {
          "schema_version": 0,
          "attributes": {
            "dns_suffix": "amazonaws.com",
            "id": "aws",
            "partition": "aws",
            "reverse_dns_prefix": "com.amazonaws"
          },
          "sensitive_attributes": [],
          "identity_schema_version": 0
        }
      ]
    },
    {
      "module": "module.s3_data_lake",
      "mode": "data",
      "type": "aws_region",
      "name": "current",
      "provider": "provider[\"registry.terraform.io/hashicorp/aws\"]",
      "instances": [
        {
          "schema_version": 0,
          "attributes": {
            "description": "US East (N. Virginia)",
            "endpoint": "ec2.us-east-1.amazonaws.com",
            "id": "us-east-1",
            "name": "us-east-1"
          },
          "sensitive_attributes": [],
          "identity_schema_version": 0
        }
      ]
    },
    {
      "module": "module.s3_data_lake",
      "mode": "managed",
      "type": "aws_iam_role",
      "name": "s3_replication_role",
      "provider": "provider[\"registry.terraform.io/hashicorp/aws\"]",
      "instances": []
    },
    {
      "module": "module.s3_data_lake",
      "mode": "managed",
      "type": "aws_iam_role_policy",
      "name": "s3_replication_policy",
      "provider": "provider[\"registry.terraform.io/hashicorp/aws\"]",
      "instances": []
    },
    {
      "module": "module.s3_data_lake",
      "mode": "managed",
      "type": "aws_kms_alias",
      "name": "s3_data_lake_key_alias",
      "provider": "provider[\"registry.terraform.io/hashicorp/aws\"]",
      "instances": []
    },
    {
      "module": "module.s3_data_lake",
      "mode": "managed",
      "type": "aws_kms_key",
      "name": "s3_data_lake_key",
      "provider": "provider[\"registry.terraform.io/hashicorp/aws\"]",
      "instances": []
    },
    {
      "module": "module.s3_data_lake",
      "mode": "managed",
      "type": "aws_s3_bucket",
      "name": "access_logs",
      "provider": "provider[\"registry.terraform.io/hashicorp/aws\"]",
      "instances": []
    },
    {
      "module": "module.s3_data_lake",
      "mode": "managed",
      "type": "aws_s3_bucket",
      "name": "athena_results",
      "provider": "provider[\"registry.terraform.io/hashicorp/aws\"]",
      "instances": [
        {
          "schema_version": 0,
          "attributes": {
            "acceleration_status": "",
            "acl": null,
            "arn": "arn:aws:s3:::flight-data-pipeline-dev-athena-results-y10swyy3",
            "bucket": "flight-data-pipeline-dev-athena-results-y10swyy3",
            "bucket_domain_name": "flight-data-pipeline-dev-athena-results-y10swyy3.s3.amazonaws.com",
            "bucket_prefix": "",
            "bucket_regional_domain_name": "flight-data-pipeline-dev-athena-results-y10swyy3.s3.us-east-1.amazonaws.com",
            "cors_rule": [],
            "force_destroy": false,
            "grant": [
              {
                "id": "c6bf528aa501db85a33dc53f672bcdbeefd192a83178e386b03be9a1dbff4b7c",
                "permissions": [
                  "FULL_CONTROL"
                ],
                "type": "CanonicalUser",
                "uri": ""
              }
            ],
            "hosted_zone_id": "Z3AQBSTGFYJSTF",
            "id": "flight-data-pipeline-dev-athena-results-y10swyy3",
            "lifecycle_rule": [],
            "logging": [],
            "object_lock_configuration": [],
            "object_lock_enabled": false,
            "policy": "{\"Id\":\"athena-results-bucket-policy\",\"Statement\":[{\"Action\":\"s3:*\",\"Condition\":{\"Bool\":{\"aws:SecureTransport\":\"false\"}},\"Effect\":\"Deny\",\"Principal\":\"*\",\"Resource\":[\"arn:aws:s3:::flight-data-pipeline-dev-athena-results-y10swyy3\",\"arn:aws:s3:::flight-data-pipeline-dev-athena-results-y10swyy3/*\"],\"Sid\":\"DenyNonSSLRequests\"},{\"Action\":[\"s3:GetBucketLocation\",\"s3:GetObject\",\"s3:ListBucket\",\"s3:PutObject\",\"s3:DeleteObject\"],\"Condition\":{\"StringEquals\":{\"aws:SourceAccount\":\"488678936715\"}},\"Effect\":\"Allow\",\"Principal\":{\"Service\":\"athena.amazonaws.com\"},\"Resource\":[\"arn:aws:s3:::flight-data-pipeline-dev-athena-results-y10swyy3\",\"arn:aws:s3:::flight-data-pipeline-dev-athena-results-y10swyy3/*\"],\"Sid\":\"AllowAthenaFullAccess\"}],\"Version\":\"2012-10-17\"}",
            "region": "us-east-1",
            "replication_configuration": [],
            "request_payer": "BucketOwner",
            "server_side_encryption_configuration": [
              {
                "rule": [
                  {
                    "apply_server_side_encryption_by_default": [
                      {
                        "kms_master_key_id": "arn:aws:kms:*:*:alias/aws/s3",
                        "sse_algorithm": "aws:kms"
                      }
                    ],
                    "bucket_key_enabled": true
                  }
                ]
              }
            ],
            "tags": {
              "AccessPattern": "Temporary query results",
              "AutoShutdown": "disabled",
              "BackupPolicy": "delete",
              "BackupSchedule": "weekly",
              "CostCenter": "data-infrastructure",
              "CreatedDate": "2025-09-03",
              "DataClassification": "internal",
              "DataType": "QueryResults",
              "EncryptionRequired": "true",
              "Environment": "dev",
              "LastModified": "2025-09-03T00:59:39Z",
              "Layer": "Gold",
              "ManagedBy": "Terraform",
              "MonitoringEnabled": "false",
              "Name": "flight-data-pipeline-dev-athena-results-y10swyy3",
              "Owner": "DataEngineering",
              "Project": "flight-data-pipeline",
              "Purpose": "Athena query results and curated datasets",
              "ResourceType": "storage",
              "Retention": "Short-term",
              "TerraformWorkspace": "default"
            },
            "tags_all": {
              "AccessPattern": "Temporary query results",
              "AutoShutdown": "disabled",
              "BackupPolicy": "delete",
              "BackupSchedule": "weekly",
              "CostCenter": "data-infrastructure",
              "CreatedDate": "2025-09-03",
              "DataClassification": "internal",
              "DataType": "QueryResults",
              "EncryptionRequired": "true",
              "Environment": "dev",
              "LastModified": "2025-09-03T00:59:39Z",
              "Layer": "Gold",
              "ManagedBy": "Terraform",
              "MonitoringEnabled": "false",
              "Name": "flight-data-pipeline-dev-athena-results-y10swyy3",
              "Owner": "DataEngineering",
              "Project": "flight-data-pipeline",
              "Purpose": "Athena query results and curated datasets",
              "ResourceType": "storage",
              "Retention": "Short-term",
              "TerraformWorkspace": "default"
            },
            "timeouts": null,
            "versioning": [
              {
                "enabled": false,
                "mfa_delete": false
              }
            ],
            "website": [],
            "website_domain": null,
            "website_endpoint": null
          },
          "sensitive_attributes": [],
          "identity_schema_version": 0,
          "private": "eyJlMmJmYjczMC1lY2FhLTExZTYtOGY4OC0zNDM2M2JjN2M0YzAiOnsiY3JlYXRlIjoxMjAwMDAwMDAwMDAwLCJkZWxldGUiOjM2MDAwMDAwMDAwMDAsInJlYWQiOjEyMDAwMDAwMDAwMDAsInVwZGF0ZSI6MTIwMDAwMDAwMDAwMH19",
          "dependencies": [
            "random_string.suffix"
          ]
        }
      ]
    },
    {
      "module": "module.s3_data_lake",
      "mode": "managed",
      "type": "aws_s3_bucket",
      "name": "processed_data",
      "provider": "provider[\"registry.terraform.io/hashicorp/aws\"]",
      "instances": [
        {
          "schema_version": 0,
          "attributes": {
            "acceleration_status": "",
            "acl": null,
            "arn": "arn:aws:s3:::flight-data-pipeline-dev-processed-data-y10swyy3",
            "bucket": "flight-data-pipeline-dev-processed-data-y10swyy3",
            "bucket_domain_name": "flight-data-pipeline-dev-processed-data-y10swyy3.s3.amazonaws.com",
            "bucket_prefix": "",
            "bucket_regional_domain_name": "flight-data-pipeline-dev-processed-data-y10swyy3.s3.us-east-1.amazonaws.com",
            "cors_rule": [],
            "force_destroy": false,
            "grant": [
              {
                "id": "c6bf528aa501db85a33dc53f672bcdbeefd192a83178e386b03be9a1dbff4b7c",
                "permissions": [
                  "FULL_CONTROL"
                ],
                "type": "CanonicalUser",
                "uri": ""
              }
            ],
            "hosted_zone_id": "Z3AQBSTGFYJSTF",
            "id": "flight-data-pipeline-dev-processed-data-y10swyy3",
            "lifecycle_rule": [],
            "logging": [],
            "object_lock_configuration": [],
            "object_lock_enabled": false,
            "policy": "{\"Id\":\"processed-data-bucket-policy\",\"Statement\":[{\"Action\":\"s3:PutObject\",\"Condition\":{\"StringNotEquals\":{\"s3:x-amz-server-side-encryption\":\"aws:kms\"}},\"Effect\":\"Deny\",\"Principal\":\"*\",\"Resource\":\"arn:aws:s3:::flight-data-pipeline-dev-processed-data-y10swyy3/*\",\"Sid\":\"DenyUnencryptedUploads\"},{\"Action\":\"s3:*\",\"Condition\":{\"Bool\":{\"aws:SecureTransport\":\"false\"}},\"Effect\":\"Deny\",\"Principal\":\"*\",\"Resource\":[\"arn:aws:s3:::flight-data-pipeline-dev-processed-data-y10swyy3\",\"arn:aws:s3:::flight-data-pipeline-dev-processed-data-y10swyy3/*\"],\"Sid\":\"DenyNonSSLRequests\"},{\"Action\":[\"s3:GetObject\",\"s3:ListBucket\",\"s3:GetBucketLocation\"],\"Condition\":{\"StringEquals\":{\"aws:SourceAccount\":\"488678936715\"}},\"Effect\":\"Allow\",\"Principal\":{\"Service\":\"athena.amazonaws.com\"},\"Resource\":[\"arn:aws:s3:::flight-data-pipeline-dev-processed-data-y10swyy3\",\"arn:aws:s3:::flight-data-pipeline-dev-processed-data-y10swyy3/*\"],\"Sid\":\"AllowAthenaAccess\"},{\"Action\":[\"s3:GetObject\",\"s3:ListBucket\",\"s3:GetBucketLocation\"],\"Condition\":{\"StringEquals\":{\"aws:SourceAccount\":\"488678936715\"}},\"Effect\":\"Allow\",\"Principal\":{\"Service\":\"glue.amazonaws.com\"},\"Resource\":[\"arn:aws:s3:::flight-data-pipeline-dev-processed-data-y10swyy3\",\"arn:aws:s3:::flight-data-pipeline-dev-processed-data-y10swyy3/*\"],\"Sid\":\"AllowGlueAccess\"}],\"Version\":\"2012-10-17\"}",
            "region": "us-east-1",
            "replication_configuration": [],
            "request_payer": "BucketOwner",
            "server_side_encryption_configuration": [
              {
                "rule": [
                  {
                    "apply_server_side_encryption_by_default": [
                      {
                        "kms_master_key_id": "arn:aws:kms:*:*:alias/aws/s3",
                        "sse_algorithm": "aws:kms"
                      }
                    ],
                    "bucket_key_enabled": true
                  }
                ]
              }
            ],
            "tags": {
              "AccessPattern": "Read-heavy for analytics",
              "AutoShutdown": "disabled",
              "BackupPolicy": "delete",
              "BackupSchedule": "weekly",
              "CostCenter": "data-infrastructure",
              "CreatedDate": "2025-09-03",
              "DataClassification": "internal",
              "DataType": "Processed",
              "EncryptionRequired": "true",
              "Environment": "dev",
              "LastModified": "2025-09-03T00:59:39Z",
              "Layer": "Silver",
              "ManagedBy": "Terraform",
              "MonitoringEnabled": "false",
              "Name": "flight-data-pipeline-dev-processed-data-y10swyy3",
              "Owner": "DataEngineering",
              "Project": "flight-data-pipeline",
              "Purpose": "Cleaned and transformed flight data",
              "ResourceType": "storage",
              "Retention": "Medium-term",
              "TerraformWorkspace": "default"
            },
            "tags_all": {
              "AccessPattern": "Read-heavy for analytics",
              "AutoShutdown": "disabled",
              "BackupPolicy": "delete",
              "BackupSchedule": "weekly",
              "CostCenter": "data-infrastructure",
              "CreatedDate": "2025-09-03",
              "DataClassification": "internal",
              "DataType": "Processed",
              "EncryptionRequired": "true",
              "Environment": "dev",
              "LastModified": "2025-09-03T00:59:39Z",
              "Layer": "Silver",
              "ManagedBy": "Terraform",
              "MonitoringEnabled": "false",
              "Name": "flight-data-pipeline-dev-processed-data-y10swyy3",
              "Owner": "DataEngineering",
              "Project": "flight-data-pipeline",
              "Purpose": "Cleaned and transformed flight data",
              "ResourceType": "storage",
              "Retention": "Medium-term",
              "TerraformWorkspace": "default"
            },
            "timeouts": null,
            "versioning": [
              {
                "enabled": true,
                "mfa_delete": false
              }
            ],
            "website": [],
            "website_domain": null,
            "website_endpoint": null
          },
          "sensitive_attributes": [],
          "identity_schema_version": 0,
          "private": "eyJlMmJmYjczMC1lY2FhLTExZTYtOGY4OC0zNDM2M2JjN2M0YzAiOnsiY3JlYXRlIjoxMjAwMDAwMDAwMDAwLCJkZWxldGUiOjM2MDAwMDAwMDAwMDAsInJlYWQiOjEyMDAwMDAwMDAwMDAsInVwZGF0ZSI6MTIwMDAwMDAwMDAwMH19",
          "dependencies": [
            "random_string.suffix"
          ]
        }
      ]
    },
    {
      "module": "module.s3_data_lake",
      "mode": "managed",
      "type": "aws_s3_bucket",
      "name": "raw_data",
      "provider": "provider[\"registry.terraform.io/hashicorp/aws\"]",
      "instances": [
        {
          "schema_version": 0,
          "attributes": {
            "acceleration_status": "",
            "acl": null,
            "arn": "arn:aws:s3:::flight-data-pipeline-dev-raw-data-y10swyy3",
            "bucket": "flight-data-pipeline-dev-raw-data-y10swyy3",
            "bucket_domain_name": "flight-data-pipeline-dev-raw-data-y10swyy3.s3.amazonaws.com",
            "bucket_prefix": "",
            "bucket_regional_domain_name": "flight-data-pipeline-dev-raw-data-y10swyy3.s3.us-east-1.amazonaws.com",
            "cors_rule": [],
            "force_destroy": false,
            "grant": [
              {
                "id": "c6bf528aa501db85a33dc53f672bcdbeefd192a83178e386b03be9a1dbff4b7c",
                "permissions": [
                  "FULL_CONTROL"
                ],
                "type": "CanonicalUser",
                "uri": ""
              }
            ],
            "hosted_zone_id": "Z3AQBSTGFYJSTF",
            "id": "flight-data-pipeline-dev-raw-data-y10swyy3",
            "lifecycle_rule": [],
            "logging": [],
            "object_lock_configuration": [],
            "object_lock_enabled": false,
            "policy": "{\"Id\":\"raw-data-bucket-policy\",\"Statement\":[{\"Action\":\"s3:PutObject\",\"Condition\":{\"StringNotEquals\":{\"s3:x-amz-server-side-encryption\":\"aws:kms\"}},\"Effect\":\"Deny\",\"Principal\":\"*\",\"Resource\":\"arn:aws:s3:::flight-data-pipeline-dev-raw-data-y10swyy3/*\",\"Sid\":\"DenyUnencryptedUploads\"},{\"Action\":\"s3:PutObject\",\"Condition\":{\"StringNotLikeIfExists\":{\"s3:x-amz-server-side-encryption-aws-kms-key-id\":\"arn:aws:kms:*:*:alias/aws/s3\"}},\"Effect\":\"Deny\",\"Principal\":\"*\",\"Resource\":\"arn:aws:s3:::flight-data-pipeline-dev-raw-data-y10swyy3/*\",\"Sid\":\"DenyWrongEncryptionKey\"},{\"Action\":\"s3:*\",\"Condition\":{\"Bool\":{\"aws:SecureTransport\":\"false\"}},\"Effect\":\"Deny\",\"Principal\":\"*\",\"Resource\":[\"arn:aws:s3:::flight-data-pipeline-dev-raw-data-y10swyy3\",\"arn:aws:s3:::flight-data-pipeline-dev-raw-data-y10swyy3/*\"],\"Sid\":\"DenyNonSSLRequests\"},{\"Action\":[\"s3:GetObject\",\"s3:GetObjectVersion\",\"s3:PutObject\",\"s3:PutObjectAcl\"],\"Condition\":{\"StringEquals\":{\"aws:SourceAccount\":\"488678936715\"}},\"Effect\":\"Allow\",\"Principal\":{\"Service\":\"lambda.amazonaws.com\"},\"Resource\":\"arn:aws:s3:::flight-data-pipeline-dev-raw-data-y10swyy3/*\",\"Sid\":\"AllowLambdaAccess\"}],\"Version\":\"2012-10-17\"}",
            "region": "us-east-1",
            "replication_configuration": [],
            "request_payer": "BucketOwner",
            "server_side_encryption_configuration": [
              {
                "rule": [
                  {
                    "apply_server_side_encryption_by_default": [
                      {
                        "kms_master_key_id": "arn:aws:kms:*:*:alias/aws/s3",
                        "sse_algorithm": "aws:kms"
                      }
                    ],
                    "bucket_key_enabled": true
                  }
                ]
              }
            ],
            "tags": {
              "AccessPattern": "Write-heavy with occasional reads",
              "AutoShutdown": "disabled",
              "BackupPolicy": "delete",
              "BackupSchedule": "weekly",
              "CostCenter": "data-infrastructure",
              "CreatedDate": "2025-09-03",
              "DataClassification": "internal",
              "DataType": "Raw",
              "EncryptionRequired": "true",
              "Environment": "dev",
              "LastModified": "2025-09-03T00:59:39Z",
              "Layer": "Bronze",
              "ManagedBy": "Terraform",
              "MonitoringEnabled": "false",
              "Name": "flight-data-pipeline-dev-raw-data-y10swyy3",
              "Owner": "DataEngineering",
              "Project": "flight-data-pipeline",
              "Purpose": "Flight data ingestion and raw storage",
              "ResourceType": "storage",
              "Retention": "Short-term",
              "TerraformWorkspace": "default"
            },
            "tags_all": {
              "AccessPattern": "Write-heavy with occasional reads",
              "AutoShutdown": "disabled",
              "BackupPolicy": "delete",
              "BackupSchedule": "weekly",
              "CostCenter": "data-infrastructure",
              "CreatedDate": "2025-09-03",
              "DataClassification": "internal",
              "DataType": "Raw",
              "EncryptionRequired": "true",
              "Environment": "dev",
              "LastModified": "2025-09-03T00:59:39Z",
              "Layer": "Bronze",
              "ManagedBy": "Terraform",
              "MonitoringEnabled": "false",
              "Name": "flight-data-pipeline-dev-raw-data-y10swyy3",
              "Owner": "DataEngineering",
              "Project": "flight-data-pipeline",
              "Purpose": "Flight data ingestion and raw storage",
              "ResourceType": "storage",
              "Retention": "Short-term",
              "TerraformWorkspace": "default"
            },
            "timeouts": null,
            "versioning": [
              {
                "enabled": true,
                "mfa_delete": false
              }
            ],
            "website": [],
            "website_domain": null,
            "website_endpoint": null
          },
          "sensitive_attributes": [],
          "identity_schema_version": 0,
          "private": "eyJlMmJmYjczMC1lY2FhLTExZTYtOGY4OC0zNDM2M2JjN2M0YzAiOnsiY3JlYXRlIjoxMjAwMDAwMDAwMDAwLCJkZWxldGUiOjM2MDAwMDAwMDAwMDAsInJlYWQiOjEyMDAwMDAwMDAwMDAsInVwZGF0ZSI6MTIwMDAwMDAwMDAwMH19",
          "dependencies": [
            "random_string.suffix"
          ]
        }
      ]
    },
    {
      "module": "module.s3_data_lake",
      "mode": "managed",
      "type": "aws_s3_bucket_accelerate_configuration",
      "name": "raw_data_acceleration",
      "provider": "provider[\"registry.terraform.io/hashicorp/aws\"]",
      "instances": []
    },
    {
      "module": "module.s3_data_lake",
      "mode": "managed",
      "type": "aws_s3_bucket_analytics_configuration",
      "name": "processed_data_analytics",
      "provider": "provider[\"registry.terraform.io/hashicorp/aws\"]",
      "instances": []
    },
    {
      "module": "module.s3_data_lake",
      "mode": "managed",
      "type": "aws_s3_bucket_analytics_configuration",
      "name": "raw_data_analytics",
      "provider": "provider[\"registry.terraform.io/hashicorp/aws\"]",
      "instances": []
    },
    {
      "module": "module.s3_data_lake",
      "mode": "managed",
      "type": "aws_s3_bucket_cors_configuration",
      "name": "athena_results_cors",
      "provider": "provider[\"registry.terraform.io/hashicorp/aws\"]",
      "instances": []
    },
    {
      "module": "module.s3_data_lake",
      "mode": "managed",
      "type": "aws_s3_bucket_cors_configuration",
      "name": "processed_data_cors",
      "provider": "provider[\"registry.terraform.io/hashicorp/aws\"]",
      "instances": []
    },
    {
      "module": "module.s3_data_lake",
      "mode": "managed",
      "type": "aws_s3_bucket_intelligent_tiering_configuration",
      "name": "processed_data",
      "provider": "provider[\"registry.terraform.io/hashicorp/aws\"]",
      "instances": [
        {
          "index_key": 0,
          "schema_version": 0,
          "attributes": {
            "bucket": "flight-data-pipeline-dev-processed-data-y10swyy3",
            "filter": [],
            "id": "flight-data-pipeline-dev-processed-data-y10swyy3:processed-data-intelligent-tiering",
            "name": "processed-data-intelligent-tiering",
            "status": "Enabled",
            "tiering": [
              {
                "access_tier": "ARCHIVE_ACCESS",
                "days": 90
              },
              {
                "access_tier": "DEEP_ARCHIVE_ACCESS",
                "days": 180
              }
            ]
          },
          "sensitive_attributes": [],
          "identity_schema_version": 0,
          "private": "bnVsbA==",
          "dependencies": [
            "module.s3_data_lake.aws_s3_bucket.processed_data",
            "random_string.suffix"
          ]
        }
      ]
    },
    {
      "module": "module.s3_data_lake",
      "mode": "managed",
      "type": "aws_s3_bucket_intelligent_tiering_configuration",
      "name": "raw_data",
      "provider": "provider[\"registry.terraform.io/hashicorp/aws\"]",
      "instances": [
        {
          "index_key": 0,
          "schema_version": 0,
          "attributes": {
            "bucket": "flight-data-pipeline-dev-raw-data-y10swyy3",
            "filter": [
              {
                "prefix": "year=",
                "tags": {}
              }
            ],
            "id": "flight-data-pipeline-dev-raw-data-y10swyy3:raw-data-intelligent-tiering",
            "name": "raw-data-intelligent-tiering",
            "status": "Enabled",
            "tiering": [
              {
                "access_tier": "ARCHIVE_ACCESS",
                "days": 90
              },
              {
                "access_tier": "DEEP_ARCHIVE_ACCESS",
                "days": 180
              }
            ]
          },
          "sensitive_attributes": [],
          "identity_schema_version": 0,
          "private": "bnVsbA==",
          "dependencies": [
            "module.s3_data_lake.aws_s3_bucket.raw_data",
            "random_string.suffix"
          ]
        }
      ]
    },
    {
      "module": "module.s3_data_lake",
      "mode": "managed",
      "type": "aws_s3_bucket_inventory",
      "name": "processed_data_inventory",
      "provider": "provider[\"registry.terraform.io/hashicorp/aws\"]",
      "instances": []
    },
    {
      "module": "module.s3_data_lake",
      "mode": "managed",
      "type": "aws_s3_bucket_inventory",
      "name": "raw_data_inventory",
      "provider": "provider[\"registry.terraform.io/hashicorp/aws\"]",
      "instances": []
    },
    {
      "module": "module.s3_data_lake",
      "mode": "managed",
      "type": "aws_s3_bucket_lifecycle_configuration",
      "name": "access_logs",
      "provider": "provider[\"registry.terraform.io/hashicorp/aws\"]",
      "instances": []
    },
    {
      "module": "module.s3_data_lake",
      "mode": "managed",
      "type": "aws_s3_bucket_logging",
      "name": "processed_data_logging",
      "provider": "provider[\"registry.terraform.io/hashicorp/aws\"]",
      "instances": []
    },
    {
      "module": "module.s3_data_lake",
      "mode": "managed",
      "type": "aws_s3_bucket_logging",
      "name": "raw_data_logging",
      "provider": "provider[\"registry.terraform.io/hashicorp/aws\"]",
      "instances": []
    },
    {
      "module": "module.s3_data_lake",
      "mode": "managed",
      "type": "aws_s3_bucket_metric",
      "name": "athena_results_metrics",
      "provider": "provider[\"registry.terraform.io/hashicorp/aws\"]",
      "instances": []
    },
    {
      "module": "module.s3_data_lake",
      "mode": "managed",
      "type": "aws_s3_bucket_metric",
      "name": "processed_data_metrics",
      "provider": "provider[\"registry.terraform.io/hashicorp/aws\"]",
      "instances": []
    },
    {
      "module": "module.s3_data_lake",
      "mode": "managed",
      "type": "aws_s3_bucket_metric",
      "name": "raw_data_metrics",
      "provider": "provider[\"registry.terraform.io/hashicorp/aws\"]",
      "instances": []
    },
    {
      "module": "module.s3_data_lake",
      "mode": "managed",
      "type": "aws_s3_bucket_object_lock_configuration",
      "name": "processed_data_object_lock",
      "provider": "provider[\"registry.terraform.io/hashicorp/aws\"]",
      "instances": []
    },
    {
      "module": "module.s3_data_lake",
      "mode": "managed",
      "type": "aws_s3_bucket_ownership_controls",
      "name": "athena_results_ownership",
      "provider": "provider[\"registry.terraform.io/hashicorp/aws\"]",
      "instances": [
        {
          "schema_version": 0,
          "attributes": {
            "bucket": "flight-data-pipeline-dev-athena-results-y10swyy3",
            "id": "flight-data-pipeline-dev-athena-results-y10swyy3",
            "rule": [
              {
                "object_ownership": "BucketOwnerEnforced"
              }
            ]
          },
          "sensitive_attributes": [],
          "identity_schema_version": 0,
          "private": "bnVsbA==",
          "dependencies": [
            "module.s3_data_lake.aws_s3_bucket.athena_results",
            "random_string.suffix"
          ]
        }
      ]
    },
    {
      "module": "module.s3_data_lake",
      "mode": "managed",
      "type": "aws_s3_bucket_ownership_controls",
      "name": "processed_data_ownership",
      "provider": "provider[\"registry.terraform.io/hashicorp/aws\"]",
      "instances": [
        {
          "schema_version": 0,
          "attributes": {
            "bucket": "flight-data-pipeline-dev-processed-data-y10swyy3",
            "id": "flight-data-pipeline-dev-processed-data-y10swyy3",
            "rule": [
              {
                "object_ownership": "BucketOwnerEnforced"
              }
            ]
          },
          "sensitive_attributes": [],
          "identity_schema_version": 0,
          "private": "bnVsbA==",
          "dependencies": [
            "module.s3_data_lake.aws_s3_bucket.processed_data",
            "random_string.suffix"
          ]
        }
      ]
    },
    {
      "module": "module.s3_data_lake",
      "mode": "managed",
      "type": "aws_s3_bucket_ownership_controls",
      "name": "raw_data_ownership",
      "provider": "provider[\"registry.terraform.io/hashicorp/aws\"]",
      "instances": [
        {
          "schema_version": 0,
          "attributes": {
            "bucket": "flight-data-pipeline-dev-raw-data-y10swyy3",
            "id": "flight-data-pipeline-dev-raw-data-y10swyy3",
            "rule": [
              {
                "object_ownership": "BucketOwnerEnforced"
              }
            ]
          },
          "sensitive_attributes": [],
          "identity_schema_version": 0,
          "private": "bnVsbA==",
          "dependencies": [
            "module.s3_data_lake.aws_s3_bucket.raw_data",
            "random_string.suffix"
          ]
        }
      ]
    },
    {
      "module": "module.s3_data_lake",
      "mode": "managed",
      "type": "aws_s3_bucket_policy",
      "name": "athena_results_policy",
      "provider": "provider[\"registry.terraform.io/hashicorp/aws\"]",
      "instances": [
        {
          "schema_version": 0,
          "attributes": {
            "bucket": "flight-data-pipeline-dev-athena-results-y10swyy3",
            "id": "flight-data-pipeline-dev-athena-results-y10swyy3",
            "policy": "{\"Id\":\"athena-results-bucket-policy\",\"Statement\":[{\"Action\":\"s3:*\",\"Condition\":{\"Bool\":{\"aws:SecureTransport\":\"false\"}},\"Effect\":\"Deny\",\"Principal\":\"*\",\"Resource\":[\"arn:aws:s3:::flight-data-pipeline-dev-athena-results-y10swyy3\",\"arn:aws:s3:::flight-data-pipeline-dev-athena-results-y10swyy3/*\"],\"Sid\":\"DenyNonSSLRequests\"},{\"Action\":[\"s3:GetBucketLocation\",\"s3:GetObject\",\"s3:ListBucket\",\"s3:PutObject\",\"s3:DeleteObject\"],\"Condition\":{\"StringEquals\":{\"aws:SourceAccount\":\"488678936715\"}},\"Effect\":\"Allow\",\"Principal\":{\"Service\":\"athena.amazonaws.com\"},\"Resource\":[\"arn:aws:s3:::flight-data-pipeline-dev-athena-results-y10swyy3\",\"arn:aws:s3:::flight-data-pipeline-dev-athena-results-y10swyy3/*\"],\"Sid\":\"AllowAthenaFullAccess\"}],\"Version\":\"2012-10-17\"}"
          },
          "sensitive_attributes": [],
          "identity_schema_version": 0,
          "private": "bnVsbA==",
          "dependencies": [
            "module.s3_data_lake.aws_s3_bucket.athena_results",
            "module.s3_data_lake.data.aws_caller_identity.current",
            "random_string.suffix"
          ]
        }
      ]
    },
    {
      "module": "module.s3_data_lake",
      "mode": "managed",
      "type": "aws_s3_bucket_policy",
      "name": "processed_data_policy",
      "provider": "provider[\"registry.terraform.io/hashicorp/aws\"]",
      "instances": [
        {
          "schema_version": 0,
          "attributes": {
            "bucket": "flight-data-pipeline-dev-processed-data-y10swyy3",
            "id": "flight-data-pipeline-dev-processed-data-y10swyy3",
            "policy": "{\"Id\":\"processed-data-bucket-policy\",\"Statement\":[{\"Action\":\"s3:PutObject\",\"Condition\":{\"StringNotEquals\":{\"s3:x-amz-server-side-encryption\":\"aws:kms\"}},\"Effect\":\"Deny\",\"Principal\":\"*\",\"Resource\":\"arn:aws:s3:::flight-data-pipeline-dev-processed-data-y10swyy3/*\",\"Sid\":\"DenyUnencryptedUploads\"},{\"Action\":\"s3:*\",\"Condition\":{\"Bool\":{\"aws:SecureTransport\":\"false\"}},\"Effect\":\"Deny\",\"Principal\":\"*\",\"Resource\":[\"arn:aws:s3:::flight-data-pipeline-dev-processed-data-y10swyy3\",\"arn:aws:s3:::flight-data-pipeline-dev-processed-data-y10swyy3/*\"],\"Sid\":\"DenyNonSSLRequests\"},{\"Action\":[\"s3:GetObject\",\"s3:ListBucket\",\"s3:GetBucketLocation\"],\"Condition\":{\"StringEquals\":{\"aws:SourceAccount\":\"488678936715\"}},\"Effect\":\"Allow\",\"Principal\":{\"Service\":\"athena.amazonaws.com\"},\"Resource\":[\"arn:aws:s3:::flight-data-pipeline-dev-processed-data-y10swyy3\",\"arn:aws:s3:::flight-data-pipeline-dev-processed-data-y10swyy3/*\"],\"Sid\":\"AllowAthenaAccess\"},{\"Action\":[\"s3:GetObject\",\"s3:ListBucket\",\"s3:GetBucketLocation\"],\"Condition\":{\"StringEquals\":{\"aws:SourceAccount\":\"488678936715\"}},\"Effect\":\"Allow\",\"Principal\":{\"Service\":\"glue.amazonaws.com\"},\"Resource\":[\"arn:aws:s3:::flight-data-pipeline-dev-processed-data-y10swyy3\",\"arn:aws:s3:::flight-data-pipeline-dev-processed-data-y10swyy3/*\"],\"Sid\":\"AllowGlueAccess\"}],\"Version\":\"2012-10-17\"}"
          },
          "sensitive_attributes": [],
          "identity_schema_version": 0,
          "private": "bnVsbA==",
          "dependencies": [
            "module.s3_data_lake.aws_s3_bucket.processed_data",
            "module.s3_data_lake.data.aws_caller_identity.current",
            "random_string.suffix"
          ]
        }
      ]
    },
    {
      "module": "module.s3_data_lake",
      "mode": "managed",
      "type": "aws_s3_bucket_policy",
      "name": "raw_data_policy",
      "provider": "provider[\"registry.terraform.io/hashicorp/aws\"]",
      "instances": [
        {
          "schema_version": 0,
          "attributes": {
            "bucket": "flight-data-pipeline-dev-raw-data-y10swyy3",
            "id": "flight-data-pipeline-dev-raw-data-y10swyy3",
            "policy": "{\"Id\":\"raw-data-bucket-policy\",\"Statement\":[{\"Action\":\"s3:PutObject\",\"Condition\":{\"StringNotEquals\":{\"s3:x-amz-server-side-encryption\":\"aws:kms\"}},\"Effect\":\"Deny\",\"Principal\":\"*\",\"Resource\":\"arn:aws:s3:::flight-data-pipeline-dev-raw-data-y10swyy3/*\",\"Sid\":\"DenyUnencryptedUploads\"},{\"Action\":\"s3:PutObject\",\"Condition\":{\"StringNotLikeIfExists\":{\"s3:x-amz-server-side-encryption-aws-kms-key-id\":\"arn:aws:kms:*:*:alias/aws/s3\"}},\"Effect\":\"Deny\",\"Principal\":\"*\",\"Resource\":\"arn:aws:s3:::flight-data-pipeline-dev-raw-data-y10swyy3/*\",\"Sid\":\"DenyWrongEncryptionKey\"},{\"Action\":\"s3:*\",\"Condition\":{\"Bool\":{\"aws:SecureTransport\":\"false\"}},\"Effect\":\"Deny\",\"Principal\":\"*\",\"Resource\":[\"arn:aws:s3:::flight-data-pipeline-dev-raw-data-y10swyy3\",\"arn:aws:s3:::flight-data-pipeline-dev-raw-data-y10swyy3/*\"],\"Sid\":\"DenyNonSSLRequests\"},{\"Action\":[\"s3:GetObject\",\"s3:GetObjectVersion\",\"s3:PutObject\",\"s3:PutObjectAcl\"],\"Condition\":{\"StringEquals\":{\"aws:SourceAccount\":\"488678936715\"}},\"Effect\":\"Allow\",\"Principal\":{\"Service\":\"lambda.amazonaws.com\"},\"Resource\":\"arn:aws:s3:::flight-data-pipeline-dev-raw-data-y10swyy3/*\",\"Sid\":\"AllowLambdaAccess\"}],\"Version\":\"2012-10-17\"}"
          },
          "sensitive_attributes": [],
          "identity_schema_version": 0,
          "private": "bnVsbA==",
          "dependencies": [
            "module.s3_data_lake.aws_kms_key.s3_data_lake_key",
            "module.s3_data_lake.aws_s3_bucket.raw_data",
            "module.s3_data_lake.data.aws_caller_identity.current",
            "module.s3_data_lake.data.aws_partition.current",
            "random_string.suffix"
          ]
        }
      ]
    },
    {
      "module": "module.s3_data_lake",
      "mode": "managed",
      "type": "aws_s3_bucket_public_access_block",
      "name": "access_logs",
      "provider": "provider[\"registry.terraform.io/hashicorp/aws\"]",
      "instances": []
    },
    {
      "module": "module.s3_data_lake",
      "mode": "managed",
      "type": "aws_s3_bucket_public_access_block",
      "name": "athena_results",
      "provider": "provider[\"registry.terraform.io/hashicorp/aws\"]",
      "instances": [
        {
          "schema_version": 0,
          "attributes": {
            "block_public_acls": true,
            "block_public_policy": true,
            "bucket": "flight-data-pipeline-dev-athena-results-y10swyy3",
            "id": "flight-data-pipeline-dev-athena-results-y10swyy3",
            "ignore_public_acls": true,
            "restrict_public_buckets": true
          },
          "sensitive_attributes": [],
          "identity_schema_version": 0,
          "private": "bnVsbA==",
          "dependencies": [
            "module.s3_data_lake.aws_s3_bucket.athena_results",
            "random_string.suffix"
          ]
        }
      ]
    },
    {
      "module": "module.s3_data_lake",
      "mode": "managed",
      "type": "aws_s3_bucket_public_access_block",
      "name": "processed_data",
      "provider": "provider[\"registry.terraform.io/hashicorp/aws\"]",
      "instances": [
        {
          "schema_version": 0,
          "attributes": {
            "block_public_acls": true,
            "block_public_policy": true,
            "bucket": "flight-data-pipeline-dev-processed-data-y10swyy3",
            "id": "flight-data-pipeline-dev-processed-data-y10swyy3",
            "ignore_public_acls": true,
            "restrict_public_buckets": true
          },
          "sensitive_attributes": [],
          "identity_schema_version": 0,
          "private": "bnVsbA==",
          "dependencies": [
            "module.s3_data_lake.aws_s3_bucket.processed_data",
            "random_string.suffix"
          ]
        }
      ]
    },
    {
      "module": "module.s3_data_lake",
      "mode": "managed",
      "type": "aws_s3_bucket_public_access_block",
      "name": "raw_data",
      "provider": "provider[\"registry.terraform.io/hashicorp/aws\"]",
      "instances": [
        {
          "schema_version": 0,
          "attributes": {
            "block_public_acls": true,
            "block_public_policy": true,
            "bucket": "flight-data-pipeline-dev-raw-data-y10swyy3",
            "id": "flight-data-pipeline-dev-raw-data-y10swyy3",
            "ignore_public_acls": true,
            "restrict_public_buckets": true
          },
          "sensitive_attributes": [],
          "identity_schema_version": 0,
          "private": "bnVsbA==",
          "dependencies": [
            "module.s3_data_lake.aws_s3_bucket.raw_data",
            "random_string.suffix"
          ]
        }
      ]
    },
    {
      "module": "module.s3_data_lake",
      "mode": "managed",
      "type": "aws_s3_bucket_replication_configuration",
      "name": "processed_data_replication",
      "provider": "provider[\"registry.terraform.io/hashicorp/aws\"]",
      "instances": []
    },
    {
      "module": "module.s3_data_lake",
      "mode": "managed",
      "type": "aws_s3_bucket_request_payment_configuration",
      "name": "processed_data_requester_pays",
      "provider": "provider[\"registry.terraform.io/hashicorp/aws\"]",
      "instances": []
    },
    {
      "module": "module.s3_data_lake",
      "mode": "managed",
      "type": "aws_s3_bucket_server_side_encryption_configuration",
      "name": "athena_results",
      "provider": "provider[\"registry.terraform.io/hashicorp/aws\"]",
      "instances": [
        {
          "schema_version": 0,
          "attributes": {
            "bucket": "flight-data-pipeline-dev-athena-results-y10swyy3",
            "expected_bucket_owner": "",
            "id": "flight-data-pipeline-dev-athena-results-y10swyy3",
            "rule": [
              {
                "apply_server_side_encryption_by_default": [
                  {
                    "kms_master_key_id": "arn:aws:kms:*:*:alias/aws/s3",
                    "sse_algorithm": "aws:kms"
                  }
                ],
                "bucket_key_enabled": true
              }
            ]
          },
          "sensitive_attributes": [],
          "identity_schema_version": 0,
          "private": "bnVsbA==",
          "dependencies": [
            "module.s3_data_lake.aws_kms_key.s3_data_lake_key",
            "module.s3_data_lake.aws_s3_bucket.athena_results",
            "module.s3_data_lake.data.aws_caller_identity.current",
            "module.s3_data_lake.data.aws_partition.current",
            "random_string.suffix"
          ]
        }
      ]
    },
    {
      "module": "module.s3_data_lake",
      "mode": "managed",
      "type": "aws_s3_bucket_server_side_encryption_configuration",
      "name": "processed_data",
      "provider": "provider[\"registry.terraform.io/hashicorp/aws\"]",
      "instances": [
        {
          "schema_version": 0,
          "attributes": {
            "bucket": "flight-data-pipeline-dev-processed-data-y10swyy3",
            "expected_bucket_owner": "",
            "id": "flight-data-pipeline-dev-processed-data-y10swyy3",
            "rule": [
              {
                "apply_server_side_encryption_by_default": [
                  {
                    "kms_master_key_id": "arn:aws:kms:*:*:alias/aws/s3",
                    "sse_algorithm": "aws:kms"
                  }
                ],
                "bucket_key_enabled": true
              }
            ]
          },
          "sensitive_attributes": [],
          "identity_schema_version": 0,
          "private": "bnVsbA==",
          "dependencies": [
            "module.s3_data_lake.aws_kms_key.s3_data_lake_key",
            "module.s3_data_lake.aws_s3_bucket.processed_data",
            "module.s3_data_lake.data.aws_caller_identity.current",
            "module.s3_data_lake.data.aws_partition.current",
            "random_string.suffix"
          ]
        }
      ]
    },
    {
      "module": "module.s3_data_lake",
      "mode": "managed",
      "type": "aws_s3_bucket_server_side_encryption_configuration",
      "name": "raw_data",
      "provider": "provider[\"registry.terraform.io/hashicorp/aws\"]",
      "instances": [
        {
          "schema_version": 0,
          "attributes": {
            "bucket": "flight-data-pipeline-dev-raw-data-y10swyy3",
            "expected_bucket_owner": "",
            "id": "flight-data-pipeline-dev-raw-data-y10swyy3",
            "rule": [
              {
                "apply_server_side_encryption_by_default": [
                  {
                    "kms_master_key_id": "arn:aws:kms:*:*:alias/aws/s3",
                    "sse_algorithm": "aws:kms"
                  }
                ],
                "bucket_key_enabled": true
              }
            ]
          },
          "sensitive_attributes": [],
          "identity_schema_version": 0,
          "private": "bnVsbA==",
          "dependencies": [
            "module.s3_data_lake.aws_kms_key.s3_data_lake_key",
            "module.s3_data_lake.aws_s3_bucket.raw_data",
            "module.s3_data_lake.data.aws_caller_identity.current",
            "module.s3_data_lake.data.aws_partition.current",
            "random_string.suffix"
          ]
        }
      ]
    },
    {
      "module": "module.s3_data_lake",
      "mode": "managed",
      "type": "aws_s3_bucket_versioning",
      "name": "athena_results",
      "provider": "provider[\"registry.terraform.io/hashicorp/aws\"]",
      "instances": [
        {
          "schema_version": 0,
          "attributes": {
            "bucket": "flight-data-pipeline-dev-athena-results-y10swyy3",
            "expected_bucket_owner": "",
            "id": "flight-data-pipeline-dev-athena-results-y10swyy3",
            "mfa": null,
            "versioning_configuration": [
              {
                "mfa_delete": "",
                "status": "Suspended"
              }
            ]
          },
          "sensitive_attributes": [],
          "identity_schema_version": 0,
          "private": "bnVsbA==",
          "dependencies": [
            "module.s3_data_lake.aws_s3_bucket.athena_results",
            "random_string.suffix"
          ]
        }
      ]
    },
    {
      "module": "module.s3_data_lake",
      "mode": "managed",
      "type": "aws_s3_bucket_versioning",
      "name": "processed_data",
      "provider": "provider[\"registry.terraform.io/hashicorp/aws\"]",
      "instances": [
        {
          "schema_version": 0,
          "attributes": {
            "bucket": "flight-data-pipeline-dev-processed-data-y10swyy3",
            "expected_bucket_owner": "",
            "id": "flight-data-pipeline-dev-processed-data-y10swyy3",
            "mfa": null,
            "versioning_configuration": [
              {
                "mfa_delete": "",
                "status": "Enabled"
              }
            ]
          },
          "sensitive_attributes": [],
          "identity_schema_version": 0,
          "private": "bnVsbA==",
          "dependencies": [
            "module.s3_data_lake.aws_s3_bucket.processed_data",
            "random_string.suffix"
          ]
        }
      ]
    },
    {
      "module": "module.s3_data_lake",
      "mode": "managed",
      "type": "aws_s3_bucket_versioning",
      "name": "raw_data",
      "provider": "provider[\"registry.terraform.io/hashicorp/aws\"]",
      "instances": [
        {
          "schema_version": 0,
          "attributes": {
            "bucket": "flight-data-pipeline-dev-raw-data-y10swyy3",
            "expected_bucket_owner": "",
            "id": "flight-data-pipeline-dev-raw-data-y10swyy3",
            "mfa": null,
            "versioning_configuration": [
              {
                "mfa_delete": "",
                "status": "Enabled"
              }
            ]
          },
          "sensitive_attributes": [],
          "identity_schema_version": 0,
          "private": "bnVsbA==",
          "dependencies": [
            "module.s3_data_lake.aws_s3_bucket.raw_data",
            "random_string.suffix"
          ]
        }
      ]
    },
    {
      "module": "module.s3_data_lake",
      "mode": "managed",
      "type": "aws_s3_bucket_website_configuration",
      "name": "athena_results_website",
      "provider": "provider[\"registry.terraform.io/hashicorp/aws\"]",
      "instances": []
    },
    {
      "module": "module.s3_data_lake",
      "mode": "managed",
      "type": "aws_sns_topic",
      "name": "s3_events",
      "provider": "provider[\"registry.terraform.io/hashicorp/aws\"]",
      "instances": []
    },
    {
      "module": "module.s3_data_lake",
      "mode": "managed",
      "type": "aws_sns_topic_policy",
      "name": "s3_events_policy",
      "provider": "provider[\"registry.terraform.io/hashicorp/aws\"]",
      "instances": []
    }
  ],
  "check_results": [
    {
      "object_kind": "var",
      "config_addr": "module.lambda_functions.var.log_retention_days",
      "status": "pass",
      "objects": [
        {
          "object_addr": "module.lambda_functions.var.log_retention_days",
          "status": "pass"
        }
      ]
    },
    {
      "object_kind": "var",
      "config_addr": "module.lambda_functions.var.ingestion_schedule_expression",
      "status": "pass",
      "objects": [
        {
          "object_addr": "module.lambda_functions.var.ingestion_schedule_expression",
          "status": "pass"
        }
      ]
    },
    {
      "object_kind": "var",
      "config_addr": "module.lambda_functions.var.lambda_runtime",
      "status": "pass",
      "objects": [
        {
          "object_addr": "module.lambda_functions.var.lambda_runtime",
          "status": "pass"
        }
      ]
    },
    {
      "object_kind": "var",
      "config_addr": "module.lambda_functions.var.environment",
      "status": "pass",
      "objects": [
        {
          "object_addr": "module.lambda_functions.var.environment",
          "status": "pass"
        }
      ]
    },
    {
      "object_kind": "var",
      "config_addr": "module.lambda_functions.var.lambda_config",
      "status": "pass",
      "objects": [
        {
          "object_addr": "module.lambda_functions.var.lambda_config",
          "status": "pass"
        }
      ]
    },
    {
      "object_kind": "var",
      "config_addr": "module.s3_data_lake.var.environment",
      "status": "pass",
      "objects": [
        {
          "object_addr": "module.s3_data_lake.var.environment",
          "status": "pass"
        }
      ]
    },
    {
      "object_kind": "var",
      "config_addr": "module.lambda_functions.var.data_quality_config",
      "status": "pass",
      "objects": [
        {
          "object_addr": "module.lambda_functions.var.data_quality_config",
          "status": "pass"
        }
      ]
    },
    {
      "object_kind": "var",
      "config_addr": "var.notification_config",
      "status": "pass",
      "objects": [
        {
          "object_addr": "var.notification_config",
          "status": "pass"
        }
      ]
    },
    {
      "object_kind": "var",
      "config_addr": "module.monitoring.var.budget_notification_emails",
      "status": "pass",
      "objects": [
        {
          "object_addr": "module.monitoring.var.budget_notification_emails",
          "status": "pass"
        }
      ]
    },
    {
      "object_kind": "var",
      "config_addr": "module.lambda_functions.var.error_notification_email",
      "status": "pass",
      "objects": [
        {
          "object_addr": "module.lambda_functions.var.error_notification_email",
          "status": "pass"
        }
      ]
    },
    {
      "object_kind": "var",
      "config_addr": "var.aws_region",
      "status": "pass",
      "objects": [
        {
          "object_addr": "var.aws_region",
          "status": "pass"
        }
      ]
    },
    {
      "object_kind": "var",
      "config_addr": "var.alert_email",
      "status": "pass",
      "objects": [
        {
          "object_addr": "var.alert_email",
          "status": "pass"
        }
      ]
    },
    {
      "object_kind": "var",
      "config_addr": "module.s3_data_lake.var.intelligent_tiering_config",
      "status": "pass",
      "objects": [
        {
          "object_addr": "module.s3_data_lake.var.intelligent_tiering_config",
          "status": "pass"
        }
      ]
    },
    {
      "object_kind": "var",
      "config_addr": "module.s3_data_lake.var.lifecycle_policies",
      "status": "pass",
      "objects": [
        {
          "object_addr": "module.s3_data_lake.var.lifecycle_policies",
          "status": "pass"
        }
      ]
    },
    {
      "object_kind": "var",
      "config_addr": "module.lambda_functions.var.dlq_retention_seconds",
      "status": "pass",
      "objects": [
        {
          "object_addr": "module.lambda_functions.var.dlq_retention_seconds",
          "status": "pass"
        }
      ]
    },
    {
      "object_kind": "var",
      "config_addr": "var.project_name",
      "status": "pass",
      "objects": [
        {
          "object_addr": "var.project_name",
          "status": "pass"
        }
      ]
    },
    {
      "object_kind": "var",
      "config_addr": "module.monitoring.var.budget_thresholds",
      "status": "pass",
      "objects": [
        {
          "object_addr": "module.monitoring.var.budget_thresholds",
          "status": "pass"
        }
      ]
    },
    {
      "object_kind": "var",
      "config_addr": "module.s3_data_lake.var.project_name",
      "status": "pass",
      "objects": [
        {
          "object_addr": "module.s3_data_lake.var.project_name",
          "status": "pass"
        }
      ]
    },
    {
      "object_kind": "var",
      "config_addr": "module.s3_data_lake.var.access_log_retention_days",
      "status": "pass",
      "objects": [
        {
          "object_addr": "module.s3_data_lake.var.access_log_retention_days",
          "status": "pass"
        }
      ]
    },
    {
      "object_kind": "var",
      "config_addr": "var.dynamodb_config",
      "status": "pass",
      "objects": [
        {
          "object_addr": "var.dynamodb_config",
          "status": "pass"
        }
      ]
    },
    {
      "object_kind": "var",
      "config_addr": "var.alert_phone_number",
      "status": "pass",
      "objects": [
        {
          "object_addr": "var.alert_phone_number",
          "status": "pass"
        }
      ]
    },
    {
      "object_kind": "var",
      "config_addr": "module.monitoring.var.alert_email_addresses",
      "status": "pass",
      "objects": [
        {
          "object_addr": "module.monitoring.var.alert_email_addresses",
          "status": "pass"
        }
      ]
    },
    {
      "object_kind": "var",
      "config_addr": "module.monitoring.var.sms_phone_numbers",
      "status": "pass",
      "objects": [
        {
          "object_addr": "module.monitoring.var.sms_phone_numbers",
          "status": "pass"
        }
      ]
    },
    {
      "object_kind": "var",
      "config_addr": "module.monitoring.var.environment",
      "status": "pass",
      "objects": [
        {
          "object_addr": "module.monitoring.var.environment",
          "status": "pass"
        }
      ]
    },
    {
      "object_kind": "var",
      "config_addr": "var.budget_config",
      "status": "pass",
      "objects": [
        {
          "object_addr": "var.budget_config",
          "status": "pass"
        }
      ]
    },
    {
      "object_kind": "var",
      "config_addr": "var.data_processing_config",
      "status": "pass",
      "objects": [
        {
          "object_addr": "var.data_processing_config",
          "status": "pass"
        }
      ]
    },
    {
      "object_kind": "var",
      "config_addr": "module.lambda_functions.var.project_name",
      "status": "pass",
      "objects": [
        {
          "object_addr": "module.lambda_functions.var.project_name",
          "status": "pass"
        }
      ]
    },
    {
      "object_kind": "var",
      "config_addr": "module.s3_data_lake.var.kms_key_deletion_window",
      "status": "pass",
      "objects": [
        {
          "object_addr": "module.s3_data_lake.var.kms_key_deletion_window",
          "status": "pass"
        }
      ]
    },
    {
      "object_kind": "var",
      "config_addr": "module.monitoring.var.project_name",
      "status": "pass",
      "objects": [
        {
          "object_addr": "module.monitoring.var.project_name",
          "status": "pass"
        }
      ]
    },
    {
      "object_kind": "var",
      "config_addr": "var.lambda_config",
      "status": "pass",
      "objects": [
        {
          "object_addr": "var.lambda_config",
          "status": "pass"
        }
      ]
    },
    {
      "object_kind": "var",
      "config_addr": "module.lambda_functions.var.lambda_architecture",
      "status": "pass",
      "objects": [
        {
          "object_addr": "module.lambda_functions.var.lambda_architecture",
          "status": "pass"
        }
      ]
    },
    {
      "object_kind": "var",
      "config_addr": "module.monitoring.var.alarm_thresholds",
      "status": "pass",
      "objects": [
        {
          "object_addr": "module.monitoring.var.alarm_thresholds",
          "status": "pass"
        }
      ]
    },
    {
      "object_kind": "var",
      "config_addr": "module.monitoring.var.budget_limits",
      "status": "pass",
      "objects": [
        {
          "object_addr": "module.monitoring.var.budget_limits",
          "status": "pass"
        }
      ]
    },
    {
      "object_kind": "var",
      "config_addr": "module.monitoring.var.critical_alert_email_addresses",
      "status": "pass",
      "objects": [
        {
          "object_addr": "module.monitoring.var.critical_alert_email_addresses",
          "status": "pass"
        }
      ]
    },
    {
      "object_kind": "var",
      "config_addr": "module.lambda_functions.var.log_level",
      "status": "pass",
      "objects": [
        {
          "object_addr": "module.lambda_functions.var.log_level",
          "status": "pass"
        }
      ]
    },
    {
      "object_kind": "var",
      "config_addr": "var.lambda_architecture",
      "status": "pass",
      "objects": [
        {
          "object_addr": "var.lambda_architecture",
          "status": "pass"
        }
      ]
    },
    {
      "object_kind": "var",
      "config_addr": "var.environment",
      "status": "pass",
      "objects": [
        {
          "object_addr": "var.environment",
          "status": "pass"
        }
      ]
    }
  ]
}
